// !$*UTF8*$!
{
	archiveVersion = 1;
	classes = {
	};
	objectVersion = 46;
	objects = {

/* Begin PBXBuildFile section */
		64342B7A1EAEED6E00800195 /* AppDelegate.swift in Sources */ = {isa = PBXBuildFile; fileRef = 64342B791EAEED6E00800195 /* AppDelegate.swift */; };
		64342B7C1EAEED6E00800195 /* ViewController.swift in Sources */ = {isa = PBXBuildFile; fileRef = 64342B7B1EAEED6E00800195 /* ViewController.swift */; };
		64342B7F1EAEED6E00800195 /* Main.storyboard in Resources */ = {isa = PBXBuildFile; fileRef = 64342B7D1EAEED6E00800195 /* Main.storyboard */; };
		64342B811EAEED6E00800195 /* Assets.xcassets in Resources */ = {isa = PBXBuildFile; fileRef = 64342B801EAEED6E00800195 /* Assets.xcassets */; };
		64342B841EAEED6E00800195 /* LaunchScreen.storyboard in Resources */ = {isa = PBXBuildFile; fileRef = 64342B821EAEED6E00800195 /* LaunchScreen.storyboard */; };
		64342B8C1EAEEDD800800195 /* UIKitExtension.swift in Sources */ = {isa = PBXBuildFile; fileRef = 64342B8B1EAEEDD800800195 /* UIKitExtension.swift */; };
/* End PBXBuildFile section */

/* Begin PBXFileReference section */
		64342B761EAEED6E00800195 /* FacialRecognitionDemo.app */ = {isa = PBXFileReference; explicitFileType = wrapper.application; includeInIndex = 0; path = FacialRecognitionDemo.app; sourceTree = BUILT_PRODUCTS_DIR; };
		64342B791EAEED6E00800195 /* AppDelegate.swift */ = {isa = PBXFileReference; lastKnownFileType = sourcecode.swift; path = AppDelegate.swift; sourceTree = "<group>"; };
		64342B7B1EAEED6E00800195 /* ViewController.swift */ = {isa = PBXFileReference; lastKnownFileType = sourcecode.swift; path = ViewController.swift; sourceTree = "<group>"; };
		64342B7E1EAEED6E00800195 /* Base */ = {isa = PBXFileReference; lastKnownFileType = file.storyboard; name = Base; path = Base.lproj/Main.storyboard; sourceTree = "<group>"; };
		64342B801EAEED6E00800195 /* Assets.xcassets */ = {isa = PBXFileReference; lastKnownFileType = folder.assetcatalog; path = Assets.xcassets; sourceTree = "<group>"; };
		64342B831EAEED6E00800195 /* Base */ = {isa = PBXFileReference; lastKnownFileType = file.storyboard; name = Base; path = Base.lproj/LaunchScreen.storyboard; sourceTree = "<group>"; };
		64342B851EAEED6E00800195 /* Info.plist */ = {isa = PBXFileReference; lastKnownFileType = text.plist.xml; path = Info.plist; sourceTree = "<group>"; };
		64342B8B1EAEEDD800800195 /* UIKitExtension.swift */ = {isa = PBXFileReference; fileEncoding = 4; lastKnownFileType = sourcecode.swift; path = UIKitExtension.swift; sourceTree = "<group>"; };
/* End PBXFileReference section */

/* Begin PBXFrameworksBuildPhase section */
		64342B731EAEED6E00800195 /* Frameworks */ = {
			isa = PBXFrameworksBuildPhase;
			buildActionMask = 2147483647;
			files = (
			);
			runOnlyForDeploymentPostprocessing = 0;
		};
/* End PBXFrameworksBuildPhase section */

/* Begin PBXGroup section */
		64342B6D1EAEED6E00800195 = {
			isa = PBXGroup;
			children = (
				64342B781EAEED6E00800195 /* FacialRecognitionDemo */,
				64342B771EAEED6E00800195 /* Products */,
			);
			sourceTree = "<group>";
		};
		64342B771EAEED6E00800195 /* Products */ = {
			isa = PBXGroup;
			children = (
				64342B761EAEED6E00800195 /* FacialRecognitionDemo.app */,
			);
			name = Products;
			sourceTree = "<group>";
		};
		64342B781EAEED6E00800195 /* FacialRecognitionDemo */ = {
			isa = PBXGroup;
			children = (
				64342B791EAEED6E00800195 /* AppDelegate.swift */,
				64342B7B1EAEED6E00800195 /* ViewController.swift */,
				64342B8B1EAEEDD800800195 /* UIKitExtension.swift */,
				64342B7D1EAEED6E00800195 /* Main.storyboard */,
				64342B801EAEED6E00800195 /* Assets.xcassets */,
				64342B821EAEED6E00800195 /* LaunchScreen.storyboard */,
				64342B851EAEED6E00800195 /* Info.plist */,
			);
			path = FacialRecognitionDemo;
			sourceTree = "<group>";
		};
/* End PBXGroup section */

/* Begin PBXNativeTarget section */
		64342B751EAEED6E00800195 /* FacialRecognitionDemo */ = {
			isa = PBXNativeTarget;
			buildConfigurationList = 64342B881EAEED6E00800195 /* Build configuration list for PBXNativeTarget "FacialRecognitionDemo" */;
			buildPhases = (
				64342B721EAEED6E00800195 /* Sources */,
				64342B731EAEED6E00800195 /* Frameworks */,
				64342B741EAEED6E00800195 /* Resources */,
			);
			buildRules = (
			);
			dependencies = (
			);
			name = FacialRecognitionDemo;
			productName = FacialRecognitionDemo;
			productReference = 64342B761EAEED6E00800195 /* FacialRecognitionDemo.app */;
			productType = "com.apple.product-type.application";
		};
/* End PBXNativeTarget section */

/* Begin PBXProject section */
		64342B6E1EAEED6E00800195 /* Project object */ = {
			isa = PBXProject;
			attributes = {
				LastSwiftUpdateCheck = 0820;
				LastUpgradeCheck = 0820;
				ORGANIZATIONNAME = Mazy;
				TargetAttributes = {
					64342B751EAEED6E00800195 = {
						CreatedOnToolsVersion = 8.2.1;
						ProvisioningStyle = Automatic;
					};
				};
			};
			buildConfigurationList = 64342B711EAEED6E00800195 /* Build configuration list for PBXProject "FacialRecognitionDemo" */;
			compatibilityVersion = "Xcode 3.2";
			developmentRegion = English;
			hasScannedForEncodings = 0;
			knownRegions = (
				en,
				Base,
			);
			mainGroup = 64342B6D1EAEED6E00800195;
			productRefGroup = 64342B771EAEED6E00800195 /* Products */;
			projectDirPath = "";
			projectRoot = "";
			targets = (
				64342B751EAEED6E00800195 /* FacialRecognitionDemo */,
			);
		};
/* End PBXProject section */

/* Begin PBXResourcesBuildPhase section */
		64342B741EAEED6E00800195 /* Resources */ = {
			isa = PBXResourcesBuildPhase;
			buildActionMask = 2147483647;
			files = (
				64342B841EAEED6E00800195 /* LaunchScreen.storyboard in Resources */,
				64342B811EAEED6E00800195 /* Assets.xcassets in Resources */,
				64342B7F1EAEED6E00800195 /* Main.storyboard in Resources */,
			);
			runOnlyForDeploymentPostprocessing = 0;
		};
/* End PBXResourcesBuildPhase section */

/* Begin PBXSourcesBuildPhase section */
		64342B721EAEED6E00800195 /* Sources */ = {
			isa = PBXSourcesBuildPhase;
			buildActionMask = 2147483647;
			files = (
				64342B8C1EAEEDD800800195 /* UIKitExtension.swift in Sources */,
				64342B7C1EAEED6E00800195 /* ViewController.swift in Sources */,
				64342B7A1EAEED6E00800195 /* AppDelegate.swift in Sources */,
			);
			runOnlyForDeploymentPostprocessing = 0;
		};
/* End PBXSourcesBuildPhase section */

/* Begin PBXVariantGroup section */
		64342B7D1EAEED6E00800195 /* Main.storyboard */ = {
			isa = PBXVariantGroup;
			children = (
				64342B7E1EAEED6E00800195 /* Base */,
			);
			name = Main.storyboard;
			sourceTree = "<group>";
		};
		64342B821EAEED6E00800195 /* LaunchScreen.storyboard */ = {
			isa = PBXVariantGroup;
			children = (
				64342B831EAEED6E00800195 /* Base */,
			);
			name = LaunchScreen.storyboard;
			sourceTree = "<group>";
		};
/* End PBXVariantGroup section */

/* Begin XCBuildConfiguration section */
		64342B861EAEED6E00800195 /* Debug */ = {
			isa = XCBuildConfiguration;
			buildSettings = {
				ALWAYS_SEARCH_USER_PATHS = NO;
				CLANG_ANALYZER_NONNULL = YES;
				CLANG_CXX_LANGUAGE_STANDARD = "gnu++0x";
				CLANG_CXX_LIBRARY = "libc++";
				CLANG_ENABLE_MODULES = YES;
				CLANG_ENABLE_OBJC_ARC = YES;
				CLANG_WARN_BOOL_CONVERSION = YES;
				CLANG_WARN_CONSTANT_CONVERSION = YES;
				CLANG_WARN_DIRECT_OBJC_ISA_USAGE = YES_ERROR;
				CLANG_WARN_DOCUMENTATION_COMMENTS = YES;
				CLANG_WARN_EMPTY_BODY = YES;
				CLANG_WARN_ENUM_CONVERSION = YES;
				CLANG_WARN_INFINITE_RECURSION = YES;
				CLANG_WARN_INT_CONVERSION = YES;
				CLANG_WARN_OBJC_ROOT_CLASS = YES_ERROR;
				CLANG_WARN_SUSPICIOUS_MOVE = YES;
				CLANG_WARN_UNREACHABLE_CODE = YES;
				CLANG_WARN__DUPLICATE_METHOD_MATCH = YES;
				"CODE_SIGN_IDENTITY[sdk=iphoneos*]" = "iPhone Developer";
				COPY_PHASE_STRIP = NO;
				DEBUG_INFORMATION_FORMAT = dwarf;
				ENABLE_STRICT_OBJC_MSGSEND = YES;
				ENABLE_TESTABILITY = YES;
				GCC_C_LANGUAGE_STANDARD = gnu99;
				GCC_DYNAMIC_NO_PIC = NO;
				GCC_NO_COMMON_BLOCKS = YES;
				GCC_OPTIMIZATION_LEVEL = 0;
				GCC_PREPROCESSOR_DEFINITIONS = (
					"DEBUG=1",
					"$(inherited)",
				);
				GCC_WARN_64_TO_32_BIT_CONVERSION = YES;
				GCC_WARN_ABOUT_RETURN_TYPE = YES_ERROR;
				GCC_WARN_UNDECLARED_SELECTOR = YES;
				GCC_WARN_UNINITIALIZED_AUTOS = YES_AGGRESSIVE;
				GCC_WARN_UNUSED_FUNCTION = YES;
				GCC_WARN_UNUSED_VARIABLE = YES;
				IPHONEOS_DEPLOYMENT_TARGET = 10.2;
				MTL_ENABLE_DEBUG_INFO = YES;
				ONLY_ACTIVE_ARCH = YES;
				SDKROOT = iphoneos;
				SWIFT_ACTIVE_COMPILATION_CONDITIONS = DEBUG;
				SWIFT_OPTIMIZATION_LEVEL = "-Onone";
			};
			name = Debug;
		};
		64342B871EAEED6E00800195 /* Release */ = {
			isa = XCBuildConfiguration;
			buildSettings = {
				ALWAYS_SEARCH_USER_PATHS = NO;
				CLANG_ANALYZER_NONNULL = YES;
				CLANG_CXX_LANGUAGE_STANDARD = "gnu++0x";
				CLANG_CXX_LIBRARY = "libc++";
				CLANG_ENABLE_MODULES = YES;
				CLANG_ENABLE_OBJC_ARC = YES;
				CLANG_WARN_BOOL_CONVERSION = YES;
				CLANG_WARN_CONSTANT_CONVERSION = YES;
				CLANG_WARN_DIRECT_OBJC_ISA_USAGE = YES_ERROR;
				CLANG_WARN_DOCUMENTATION_COMMENTS = YES;
				CLANG_WARN_EMPTY_BODY = YES;
				CLANG_WARN_ENUM_CONVERSION = YES;
				CLANG_WARN_INFINITE_RECURSION = YES;
				CLANG_WARN_INT_CONVERSION = YES;
				CLANG_WARN_OBJC_ROOT_CLASS = YES_ERROR;
				CLANG_WARN_SUSPICIOUS_MOVE = YES;
				CLANG_WARN_UNREACHABLE_CODE = YES;
				CLANG_WARN__DUPLICATE_METHOD_MATCH = YES;
				"CODE_SIGN_IDENTITY[sdk=iphoneos*]" = "iPhone Developer";
				COPY_PHASE_STRIP = NO;
				DEBUG_INFORMATION_FORMAT = "dwarf-with-dsym";
				ENABLE_NS_ASSERTIONS = NO;
				ENABLE_STRICT_OBJC_MSGSEND = YES;
				GCC_C_LANGUAGE_STANDARD = gnu99;
				GCC_NO_COMMON_BLOCKS = YES;
				GCC_WARN_64_TO_32_BIT_CONVERSION = YES;
				GCC_WARN_ABOUT_RETURN_TYPE = YES_ERROR;
				GCC_WARN_UNDECLARED_SELECTOR = YES;
				GCC_WARN_UNINITIALIZED_AUTOS = YES_AGGRESSIVE;
				GCC_WARN_UNUSED_FUNCTION = YES;
				GCC_WARN_UNUSED_VARIABLE = YES;
				IPHONEOS_DEPLOYMENT_TARGET = 10.2;
				MTL_ENABLE_DEBUG_INFO = NO;
				SDKROOT = iphoneos;
				SWIFT_OPTIMIZATION_LEVEL = "-Owholemodule";
				VALIDATE_PRODUCT = YES;
			};
			name = Release;
		};
		64342B891EAEED6E00800195 /* Debug */ = {
			isa = XCBuildConfiguration;
			buildSettings = {
				ASSETCATALOG_COMPILER_APPICON_NAME = AppIcon;
				INFOPLIST_FILE = FacialRecognitionDemo/Info.plist;
				IPHONEOS_DEPLOYMENT_TARGET = 9.1;
				LD_RUNPATH_SEARCH_PATHS = "$(inherited) @executable_path/Frameworks";
				PRODUCT_BUNDLE_IDENTIFIER = Mazy.FacialRecognitionDemo;
				PRODUCT_NAME = "$(TARGET_NAME)";
				SWIFT_VERSION = 3.0;
			};
			name = Debug;
		};
		64342B8A1EAEED6E00800195 /* Release */ = {
			isa = XCBuildConfiguration;
			buildSettings = {
				ASSETCATALOG_COMPILER_APPICON_NAME = AppIcon;
				INFOPLIST_FILE = FacialRecognitionDemo/Info.plist;
				IPHONEOS_DEPLOYMENT_TARGET = 9.1;
				LD_RUNPATH_SEARCH_PATHS = "$(inherited) @executable_path/Frameworks";
				PRODUCT_BUNDLE_IDENTIFIER = Mazy.FacialRecognitionDemo;
				PRODUCT_NAME = "$(TARGET_NAME)";
				SWIFT_VERSION = 3.0;
			};
			name = Release;
		};
/* End XCBuildConfiguration section */

/* Begin XCConfigurationList section */
		64342B711EAEED6E00800195 /* Build configuration list for PBXProject "FacialRecognitionDemo" */ = {
			isa = XCConfigurationList;
			buildConfigurations = (
				64342B861EAEED6E00800195 /* Debug */,
				64342B871EAEED6E00800195 /* Release */,
			);
			defaultConfigurationIsVisible = 0;
			defaultConfigurationName = Release;
		};
		64342B881EAEED6E00800195 /* Build configuration list for PBXNativeTarget "FacialRecognitionDemo" */ = {
			isa = XCConfigurationList;
			buildConfigurations = (
				64342B891EAEED6E00800195 /* Debug */,
				64342B8A1EAEED6E00800195 /* Release */,
			);
			defaultConfigurationIsVisible = 0;
			defaultConfigurationName = Release;
		};
/* End XCConfigurationList section */
	};
	rootObject = 64342B6E1EAEED6E00800195 /* Project object */;
}
