// !$*UTF8*$!
{
	archiveVersion = 1;
	classes = {
	};
	objectVersion = 48;
	objects = {

/* Begin PBXBuildFile section */
		2128E3101FEBBA46000CB752 /* AppDelegate.swift in Sources */ = {isa = PBXBuildFile; fileRef = 2128E30F1FEBBA46000CB752 /* AppDelegate.swift */; };
		2128E3151FEBBA46000CB752 /* Main.storyboard in Resources */ = {isa = PBXBuildFile; fileRef = 2128E3131FEBBA46000CB752 /* Main.storyboard */; };
		2128E3171FEBBA46000CB752 /* Assets.xcassets in Resources */ = {isa = PBXBuildFile; fileRef = 2128E3161FEBBA46000CB752 /* Assets.xcassets */; };
		2128E31A1FEBBA46000CB752 /* LaunchScreen.storyboard in Resources */ = {isa = PBXBuildFile; fileRef = 2128E3181FEBBA46000CB752 /* LaunchScreen.storyboard */; };
		2128E3221FEBBB99000CB752 /* HomeViewController.swift in Sources */ = {isa = PBXBuildFile; fileRef = 2128E3211FEBBB99000CB752 /* HomeViewController.swift */; };
		2128E3241FEBBC85000CB752 /* InteractiveViewController.swift in Sources */ = {isa = PBXBuildFile; fileRef = 2128E3231FEBBC85000CB752 /* InteractiveViewController.swift */; };
		2128E3261FEBBCB8000CB752 /* CustomCollectionViewController.swift in Sources */ = {isa = PBXBuildFile; fileRef = 2128E3251FEBBCB8000CB752 /* CustomCollectionViewController.swift */; };
		2128E3291FEC9477000CB752 /* CustomCollectionViewCell.swift in Sources */ = {isa = PBXBuildFile; fileRef = 2128E3271FEC9477000CB752 /* CustomCollectionViewCell.swift */; };
		2128E32A1FEC9477000CB752 /* CustomCollectionViewCell.xib in Resources */ = {isa = PBXBuildFile; fileRef = 2128E3281FEC9477000CB752 /* CustomCollectionViewCell.xib */; };
		2149588F1FF38E6C003365D2 /* CustomNavAnimation.swift in Sources */ = {isa = PBXBuildFile; fileRef = 2149588E1FF38E6C003365D2 /* CustomNavAnimation.swift */; };
		214958911FF38E87003365D2 /* MainNavigationController.swift in Sources */ = {isa = PBXBuildFile; fileRef = 214958901FF38E86003365D2 /* MainNavigationController.swift */; };
		214958941FF3923A003365D2 /* TransitioningDelegate.swift in Sources */ = {isa = PBXBuildFile; fileRef = 214958931FF3923A003365D2 /* TransitioningDelegate.swift */; };
		214958961FF39262003365D2 /* XMPresentationController.swift in Sources */ = {isa = PBXBuildFile; fileRef = 214958951FF39262003365D2 /* XMPresentationController.swift */; };
		214958981FF39274003365D2 /* XMAnimatedTransitioning.swift in Sources */ = {isa = PBXBuildFile; fileRef = 214958971FF39274003365D2 /* XMAnimatedTransitioning.swift */; };
		216958EE1FECFCA0000E09D7 /* DetailViewController.swift in Sources */ = {isa = PBXBuildFile; fileRef = 216958EC1FECFCA0000E09D7 /* DetailViewController.swift */; };
		216958EF1FECFCA0000E09D7 /* DetailViewController.xib in Resources */ = {isa = PBXBuildFile; fileRef = 216958ED1FECFCA0000E09D7 /* DetailViewController.xib */; };
		DF91E78796AF640C8F71599B /* Pods_CollectionViewTransitions.framework in Frameworks */ = {isa = PBXBuildFile; fileRef = 215A58FCF0514AF83F220BF3 /* Pods_CollectionViewTransitions.framework */; };
/* End PBXBuildFile section */

/* Begin PBXFileReference section */
		105F7FD5046F23F136319E94 /* Pods-CollectionViewTransitions.debug.xcconfig */ = {isa = PBXFileReference; includeInIndex = 1; lastKnownFileType = text.xcconfig; name = "Pods-CollectionViewTransitions.debug.xcconfig"; path = "Pods/Target Support Files/Pods-CollectionViewTransitions/Pods-CollectionViewTransitions.debug.xcconfig"; sourceTree = "<group>"; };
		15FEA727D33950D66AF1EECD /* Pods-CollectionViewTransitions.release.xcconfig */ = {isa = PBXFileReference; includeInIndex = 1; lastKnownFileType = text.xcconfig; name = "Pods-CollectionViewTransitions.release.xcconfig"; path = "Pods/Target Support Files/Pods-CollectionViewTransitions/Pods-CollectionViewTransitions.release.xcconfig"; sourceTree = "<group>"; };
		2128E30C1FEBBA46000CB752 /* CollectionViewTransitions.app */ = {isa = PBXFileReference; explicitFileType = wrapper.application; includeInIndex = 0; path = CollectionViewTransitions.app; sourceTree = BUILT_PRODUCTS_DIR; };
		2128E30F1FEBBA46000CB752 /* AppDelegate.swift */ = {isa = PBXFileReference; lastKnownFileType = sourcecode.swift; path = AppDelegate.swift; sourceTree = "<group>"; };
		2128E3141FEBBA46000CB752 /* Base */ = {isa = PBXFileReference; lastKnownFileType = file.storyboard; name = Base; path = Base.lproj/Main.storyboard; sourceTree = "<group>"; };
		2128E3161FEBBA46000CB752 /* Assets.xcassets */ = {isa = PBXFileReference; lastKnownFileType = folder.assetcatalog; path = Assets.xcassets; sourceTree = "<group>"; };
		2128E3191FEBBA46000CB752 /* Base */ = {isa = PBXFileReference; lastKnownFileType = file.storyboard; name = Base; path = Base.lproj/LaunchScreen.storyboard; sourceTree = "<group>"; };
		2128E31B1FEBBA46000CB752 /* Info.plist */ = {isa = PBXFileReference; lastKnownFileType = text.plist.xml; path = Info.plist; sourceTree = "<group>"; };
		2128E3211FEBBB99000CB752 /* HomeViewController.swift */ = {isa = PBXFileReference; lastKnownFileType = sourcecode.swift; path = HomeViewController.swift; sourceTree = "<group>"; };
		2128E3231FEBBC85000CB752 /* InteractiveViewController.swift */ = {isa = PBXFileReference; lastKnownFileType = sourcecode.swift; path = InteractiveViewController.swift; sourceTree = "<group>"; };
		2128E3251FEBBCB8000CB752 /* CustomCollectionViewController.swift */ = {isa = PBXFileReference; lastKnownFileType = sourcecode.swift; path = CustomCollectionViewController.swift; sourceTree = "<group>"; };
		2128E3271FEC9477000CB752 /* CustomCollectionViewCell.swift */ = {isa = PBXFileReference; lastKnownFileType = sourcecode.swift; path = CustomCollectionViewCell.swift; sourceTree = "<group>"; };
		2128E3281FEC9477000CB752 /* CustomCollectionViewCell.xib */ = {isa = PBXFileReference; lastKnownFileType = file.xib; path = CustomCollectionViewCell.xib; sourceTree = "<group>"; };
		2149588E1FF38E6C003365D2 /* CustomNavAnimation.swift */ = {isa = PBXFileReference; fileEncoding = 4; lastKnownFileType = sourcecode.swift; name = CustomNavAnimation.swift; path = ../../CustomAnimationForNavigationPush/CustomAnimationForNavigationPush/CustomNavAnimation.swift; sourceTree = "<group>"; };
		214958901FF38E86003365D2 /* MainNavigationController.swift */ = {isa = PBXFileReference; fileEncoding = 4; lastKnownFileType = sourcecode.swift; name = MainNavigationController.swift; path = ../../CustomAnimationForNavigationPush/CustomAnimationForNavigationPush/MainNavigationController.swift; sourceTree = "<group>"; };
		214958931FF3923A003365D2 /* TransitioningDelegate.swift */ = {isa = PBXFileReference; lastKnownFileType = sourcecode.swift; path = TransitioningDelegate.swift; sourceTree = "<group>"; };
		214958951FF39262003365D2 /* XMPresentationController.swift */ = {isa = PBXFileReference; lastKnownFileType = sourcecode.swift; path = XMPresentationController.swift; sourceTree = "<group>"; };
		214958971FF39274003365D2 /* XMAnimatedTransitioning.swift */ = {isa = PBXFileReference; lastKnownFileType = sourcecode.swift; path = XMAnimatedTransitioning.swift; sourceTree = "<group>"; };
		215A58FCF0514AF83F220BF3 /* Pods_CollectionViewTransitions.framework */ = {isa = PBXFileReference; explicitFileType = wrapper.framework; includeInIndex = 0; path = Pods_CollectionViewTransitions.framework; sourceTree = BUILT_PRODUCTS_DIR; };
		216958EC1FECFCA0000E09D7 /* DetailViewController.swift */ = {isa = PBXFileReference; lastKnownFileType = sourcecode.swift; path = DetailViewController.swift; sourceTree = "<group>"; };
		216958ED1FECFCA0000E09D7 /* DetailViewController.xib */ = {isa = PBXFileReference; lastKnownFileType = file.xib; path = DetailViewController.xib; sourceTree = "<group>"; };
/* End PBXFileReference section */

/* Begin PBXFrameworksBuildPhase section */
		2128E3091FEBBA46000CB752 /* Frameworks */ = {
			isa = PBXFrameworksBuildPhase;
			buildActionMask = 2147483647;
			files = (
				DF91E78796AF640C8F71599B /* Pods_CollectionViewTransitions.framework in Frameworks */,
			);
			runOnlyForDeploymentPostprocessing = 0;
		};
/* End PBXFrameworksBuildPhase section */

/* Begin PBXGroup section */
		2128E3031FEBBA46000CB752 = {
			isa = PBXGroup;
			children = (
				2128E30E1FEBBA46000CB752 /* CollectionViewTransitions */,
				2128E30D1FEBBA46000CB752 /* Products */,
				3772BDEF8C08B4AE42931C1F /* Pods */,
				3AC8A819285C159065FF6F71 /* Frameworks */,
			);
			sourceTree = "<group>";
		};
		2128E30D1FEBBA46000CB752 /* Products */ = {
			isa = PBXGroup;
			children = (
				2128E30C1FEBBA46000CB752 /* CollectionViewTransitions.app */,
			);
			name = Products;
			sourceTree = "<group>";
		};
		2128E30E1FEBBA46000CB752 /* CollectionViewTransitions */ = {
			isa = PBXGroup;
			children = (
				2128E30F1FEBBA46000CB752 /* AppDelegate.swift */,
				2128E3211FEBBB99000CB752 /* HomeViewController.swift */,
				2128E3231FEBBC85000CB752 /* InteractiveViewController.swift */,
				216958EC1FECFCA0000E09D7 /* DetailViewController.swift */,
				2149588E1FF38E6C003365D2 /* CustomNavAnimation.swift */,
				214958901FF38E86003365D2 /* MainNavigationController.swift */,
				214958921FF39202003365D2 /* ModalAnimationPush */,
				2128E3251FEBBCB8000CB752 /* CustomCollectionViewController.swift */,
				216958ED1FECFCA0000E09D7 /* DetailViewController.xib */,
				2128E3271FEC9477000CB752 /* CustomCollectionViewCell.swift */,
				2128E3281FEC9477000CB752 /* CustomCollectionViewCell.xib */,
				2128E3131FEBBA46000CB752 /* Main.storyboard */,
				2128E3161FEBBA46000CB752 /* Assets.xcassets */,
				2128E3181FEBBA46000CB752 /* LaunchScreen.storyboard */,
				2128E31B1FEBBA46000CB752 /* Info.plist */,
			);
			path = CollectionViewTransitions;
			sourceTree = "<group>";
		};
		214958921FF39202003365D2 /* ModalAnimationPush */ = {
			isa = PBXGroup;
			children = (
				214958931FF3923A003365D2 /* TransitioningDelegate.swift */,
				214958951FF39262003365D2 /* XMPresentationController.swift */,
				214958971FF39274003365D2 /* XMAnimatedTransitioning.swift */,
			);
			path = ModalAnimationPush;
			sourceTree = "<group>";
		};
		3772BDEF8C08B4AE42931C1F /* Pods */ = {
			isa = PBXGroup;
			children = (
				105F7FD5046F23F136319E94 /* Pods-CollectionViewTransitions.debug.xcconfig */,
				15FEA727D33950D66AF1EECD /* Pods-CollectionViewTransitions.release.xcconfig */,
			);
			name = Pods;
			sourceTree = "<group>";
		};
		3AC8A819285C159065FF6F71 /* Frameworks */ = {
			isa = PBXGroup;
			children = (
				215A58FCF0514AF83F220BF3 /* Pods_CollectionViewTransitions.framework */,
			);
			name = Frameworks;
			sourceTree = "<group>";
		};
/* End PBXGroup section */

/* Begin PBXNativeTarget section */
		2128E30B1FEBBA46000CB752 /* CollectionViewTransitions */ = {
			isa = PBXNativeTarget;
			buildConfigurationList = 2128E31E1FEBBA46000CB752 /* Build configuration list for PBXNativeTarget "CollectionViewTransitions" */;
			buildPhases = (
				A39B04A028F71E7B0A6B2F7D /* [CP] Check Pods Manifest.lock */,
				2128E3081FEBBA46000CB752 /* Sources */,
				2128E3091FEBBA46000CB752 /* Frameworks */,
				2128E30A1FEBBA46000CB752 /* Resources */,
				02B49E29E5E0E0356D704E02 /* [CP] Embed Pods Frameworks */,
				72400F961A5F9C1B2096CAD0 /* [CP] Copy Pods Resources */,
			);
			buildRules = (
			);
			dependencies = (
			);
			name = CollectionViewTransitions;
			productName = CollectionViewTransitions;
			productReference = 2128E30C1FEBBA46000CB752 /* CollectionViewTransitions.app */;
			productType = "com.apple.product-type.application";
		};
/* End PBXNativeTarget section */

/* Begin PBXProject section */
		2128E3041FEBBA46000CB752 /* Project object */ = {
			isa = PBXProject;
			attributes = {
				LastSwiftUpdateCheck = 0910;
				LastUpgradeCheck = 0910;
				ORGANIZATIONNAME = Mazy;
				TargetAttributes = {
					2128E30B1FEBBA46000CB752 = {
						CreatedOnToolsVersion = 9.1;
						ProvisioningStyle = Manual;
					};
				};
			};
			buildConfigurationList = 2128E3071FEBBA46000CB752 /* Build configuration list for PBXProject "CollectionViewTransitions" */;
			compatibilityVersion = "Xcode 8.0";
			developmentRegion = en;
			hasScannedForEncodings = 0;
			knownRegions = (
				en,
				Base,
			);
			mainGroup = 2128E3031FEBBA46000CB752;
			productRefGroup = 2128E30D1FEBBA46000CB752 /* Products */;
			projectDirPath = "";
			projectRoot = "";
			targets = (
				2128E30B1FEBBA46000CB752 /* CollectionViewTransitions */,
			);
		};
/* End PBXProject section */

/* Begin PBXResourcesBuildPhase section */
		2128E30A1FEBBA46000CB752 /* Resources */ = {
			isa = PBXResourcesBuildPhase;
			buildActionMask = 2147483647;
			files = (
				2128E31A1FEBBA46000CB752 /* LaunchScreen.storyboard in Resources */,
				2128E3171FEBBA46000CB752 /* Assets.xcassets in Resources */,
				216958EF1FECFCA0000E09D7 /* DetailViewController.xib in Resources */,
				2128E3151FEBBA46000CB752 /* Main.storyboard in Resources */,
				2128E32A1FEC9477000CB752 /* CustomCollectionViewCell.xib in Resources */,
			);
			runOnlyForDeploymentPostprocessing = 0;
		};
/* End PBXResourcesBuildPhase section */

/* Begin PBXShellScriptBuildPhase section */
		02B49E29E5E0E0356D704E02 /* [CP] Embed Pods Frameworks */ = {
			isa = PBXShellScriptBuildPhase;
			buildActionMask = 2147483647;
			files = (
			);
			inputPaths = (
				"${SRCROOT}/Pods/Target Support Files/Pods-CollectionViewTransitions/Pods-CollectionViewTransitions-frameworks.sh",
				"${BUILT_PRODUCTS_DIR}/YYCache/YYCache.framework",
				"${BUILT_PRODUCTS_DIR}/YYImage/YYImage.framework",
				"${BUILT_PRODUCTS_DIR}/YYWebImage/YYWebImage.framework",
			);
			name = "[CP] Embed Pods Frameworks";
			outputPaths = (
				"${TARGET_BUILD_DIR}/${FRAMEWORKS_FOLDER_PATH}/YYCache.framework",
				"${TARGET_BUILD_DIR}/${FRAMEWORKS_FOLDER_PATH}/YYImage.framework",
				"${TARGET_BUILD_DIR}/${FRAMEWORKS_FOLDER_PATH}/YYWebImage.framework",
			);
			runOnlyForDeploymentPostprocessing = 0;
			shellPath = /bin/sh;
			shellScript = "\"${SRCROOT}/Pods/Target Support Files/Pods-CollectionViewTransitions/Pods-CollectionViewTransitions-frameworks.sh\"\n";
			showEnvVarsInLog = 0;
		};
		72400F961A5F9C1B2096CAD0 /* [CP] Copy Pods Resources */ = {
			isa = PBXShellScriptBuildPhase;
			buildActionMask = 2147483647;
			files = (
			);
			inputPaths = (
			);
			name = "[CP] Copy Pods Resources";
			outputPaths = (
			);
			runOnlyForDeploymentPostprocessing = 0;
			shellPath = /bin/sh;
			shellScript = "\"${SRCROOT}/Pods/Target Support Files/Pods-CollectionViewTransitions/Pods-CollectionViewTransitions-resources.sh\"\n";
			showEnvVarsInLog = 0;
		};
		A39B04A028F71E7B0A6B2F7D /* [CP] Check Pods Manifest.lock */ = {
			isa = PBXShellScriptBuildPhase;
			buildActionMask = 2147483647;
			files = (
			);
			inputPaths = (
				"${PODS_PODFILE_DIR_PATH}/Podfile.lock",
				"${PODS_ROOT}/Manifest.lock",
			);
			name = "[CP] Check Pods Manifest.lock";
			outputPaths = (
				"$(DERIVED_FILE_DIR)/Pods-CollectionViewTransitions-checkManifestLockResult.txt",
			);
			runOnlyForDeploymentPostprocessing = 0;
			shellPath = /bin/sh;
			shellScript = "diff \"${PODS_PODFILE_DIR_PATH}/Podfile.lock\" \"${PODS_ROOT}/Manifest.lock\" > /dev/null\nif [ $? != 0 ] ; then\n    # print error to STDERR\n    echo \"error: The sandbox is not in sync with the Podfile.lock. Run 'pod install' or update your CocoaPods installation.\" >&2\n    exit 1\nfi\n# This output is used by Xcode 'outputs' to avoid re-running this script phase.\necho \"SUCCESS\" > \"${SCRIPT_OUTPUT_FILE_0}\"\n";
			showEnvVarsInLog = 0;
		};
/* End PBXShellScriptBuildPhase section */

/* Begin PBXSourcesBuildPhase section */
		2128E3081FEBBA46000CB752 /* Sources */ = {
			isa = PBXSourcesBuildPhase;
			buildActionMask = 2147483647;
			files = (
				2128E3241FEBBC85000CB752 /* InteractiveViewController.swift in Sources */,
				2149588F1FF38E6C003365D2 /* CustomNavAnimation.swift in Sources */,
				214958941FF3923A003365D2 /* TransitioningDelegate.swift in Sources */,
				214958911FF38E87003365D2 /* MainNavigationController.swift in Sources */,
				214958961FF39262003365D2 /* XMPresentationController.swift in Sources */,
				2128E3291FEC9477000CB752 /* CustomCollectionViewCell.swift in Sources */,
				2128E3261FEBBCB8000CB752 /* CustomCollectionViewController.swift in Sources */,
				216958EE1FECFCA0000E09D7 /* DetailViewController.swift in Sources */,
				2128E3101FEBBA46000CB752 /* AppDelegate.swift in Sources */,
				214958981FF39274003365D2 /* XMAnimatedTransitioning.swift in Sources */,
				2128E3221FEBBB99000CB752 /* HomeViewController.swift in Sources */,
			);
			runOnlyForDeploymentPostprocessing = 0;
		};
/* End PBXSourcesBuildPhase section */

/* Begin PBXVariantGroup section */
		2128E3131FEBBA46000CB752 /* Main.storyboard */ = {
			isa = PBXVariantGroup;
			children = (
				2128E3141FEBBA46000CB752 /* Base */,
			);
			name = Main.storyboard;
			sourceTree = "<group>";
		};
		2128E3181FEBBA46000CB752 /* LaunchScreen.storyboard */ = {
			isa = PBXVariantGroup;
			children = (
				2128E3191FEBBA46000CB752 /* Base */,
			);
			name = LaunchScreen.storyboard;
			sourceTree = "<group>";
		};
/* End PBXVariantGroup section */

/* Begin XCBuildConfiguration section */
		2128E31C1FEBBA46000CB752 /* Debug */ = {
			isa = XCBuildConfiguration;
			buildSettings = {
				ALWAYS_SEARCH_USER_PATHS = NO;
				CLANG_ANALYZER_NONNULL = YES;
				CLANG_ANALYZER_NUMBER_OBJECT_CONVERSION = YES_AGGRESSIVE;
				CLANG_CXX_LANGUAGE_STANDARD = "gnu++14";
				CLANG_CXX_LIBRARY = "libc++";
				CLANG_ENABLE_MODULES = YES;
				CLANG_ENABLE_OBJC_ARC = YES;
				CLANG_WARN_BLOCK_CAPTURE_AUTORELEASING = YES;
				CLANG_WARN_BOOL_CONVERSION = YES;
				CLANG_WARN_COMMA = YES;
				CLANG_WARN_CONSTANT_CONVERSION = YES;
				CLANG_WARN_DIRECT_OBJC_ISA_USAGE = YES_ERROR;
				CLANG_WARN_DOCUMENTATION_COMMENTS = YES;
				CLANG_WARN_EMPTY_BODY = YES;
				CLANG_WARN_ENUM_CONVERSION = YES;
				CLANG_WARN_INFINITE_RECURSION = YES;
				CLANG_WARN_INT_CONVERSION = YES;
				CLANG_WARN_NON_LITERAL_NULL_CONVERSION = YES;
				CLANG_WARN_OBJC_LITERAL_CONVERSION = YES;
				CLANG_WARN_OBJC_ROOT_CLASS = YES_ERROR;
				CLANG_WARN_RANGE_LOOP_ANALYSIS = YES;
				CLANG_WARN_STRICT_PROTOTYPES = YES;
				CLANG_WARN_SUSPICIOUS_MOVE = YES;
				CLANG_WARN_UNGUARDED_AVAILABILITY = YES_AGGRESSIVE;
				CLANG_WARN_UNREACHABLE_CODE = YES;
				CLANG_WARN__DUPLICATE_METHOD_MATCH = YES;
				CODE_SIGN_IDENTITY = "iPhone Developer";
				COPY_PHASE_STRIP = NO;
				DEBUG_INFORMATION_FORMAT = dwarf;
				ENABLE_STRICT_OBJC_MSGSEND = YES;
				ENABLE_TESTABILITY = YES;
				GCC_C_LANGUAGE_STANDARD = gnu11;
				GCC_DYNAMIC_NO_PIC = NO;
				GCC_NO_COMMON_BLOCKS = YES;
				GCC_OPTIMIZATION_LEVEL = 0;
				GCC_PREPROCESSOR_DEFINITIONS = (
					"DEBUG=1",
					"$(inherited)",
				);
				GCC_WARN_64_TO_32_BIT_CONVERSION = YES;
				GCC_WARN_ABOUT_RETURN_TYPE = YES_ERROR;
				GCC_WARN_UNDECLARED_SELECTOR = YES;
				GCC_WARN_UNINITIALIZED_AUTOS = YES_AGGRESSIVE;
				GCC_WARN_UNUSED_FUNCTION = YES;
				GCC_WARN_UNUSED_VARIABLE = YES;
				IPHONEOS_DEPLOYMENT_TARGET = 11.1;
				MTL_ENABLE_DEBUG_INFO = YES;
				ONLY_ACTIVE_ARCH = YES;
				SDKROOT = iphoneos;
				SWIFT_ACTIVE_COMPILATION_CONDITIONS = DEBUG;
				SWIFT_OPTIMIZATION_LEVEL = "-Onone";
			};
			name = Debug;
		};
		2128E31D1FEBBA46000CB752 /* Release */ = {
			isa = XCBuildConfiguration;
			buildSettings = {
				ALWAYS_SEARCH_USER_PATHS = NO;
				CLANG_ANALYZER_NONNULL = YES;
				CLANG_ANALYZER_NUMBER_OBJECT_CONVERSION = YES_AGGRESSIVE;
				CLANG_CXX_LANGUAGE_STANDARD = "gnu++14";
				CLANG_CXX_LIBRARY = "libc++";
				CLANG_ENABLE_MODULES = YES;
				CLANG_ENABLE_OBJC_ARC = YES;
				CLANG_WARN_BLOCK_CAPTURE_AUTORELEASING = YES;
				CLANG_WARN_BOOL_CONVERSION = YES;
				CLANG_WARN_COMMA = YES;
				CLANG_WARN_CONSTANT_CONVERSION = YES;
				CLANG_WARN_DIRECT_OBJC_ISA_USAGE = YES_ERROR;
				CLANG_WARN_DOCUMENTATION_COMMENTS = YES;
				CLANG_WARN_EMPTY_BODY = YES;
				CLANG_WARN_ENUM_CONVERSION = YES;
				CLANG_WARN_INFINITE_RECURSION = YES;
				CLANG_WARN_INT_CONVERSION = YES;
				CLANG_WARN_NON_LITERAL_NULL_CONVERSION = YES;
				CLANG_WARN_OBJC_LITERAL_CONVERSION = YES;
				CLANG_WARN_OBJC_ROOT_CLASS = YES_ERROR;
				CLANG_WARN_RANGE_LOOP_ANALYSIS = YES;
				CLANG_WARN_STRICT_PROTOTYPES = YES;
				CLANG_WARN_SUSPICIOUS_MOVE = YES;
				CLANG_WARN_UNGUARDED_AVAILABILITY = YES_AGGRESSIVE;
				CLANG_WARN_UNREACHABLE_CODE = YES;
				CLANG_WARN__DUPLICATE_METHOD_MATCH = YES;
				CODE_SIGN_IDENTITY = "iPhone Developer";
				COPY_PHASE_STRIP = NO;
				DEBUG_INFORMATION_FORMAT = "dwarf-with-dsym";
				ENABLE_NS_ASSERTIONS = NO;
				ENABLE_STRICT_OBJC_MSGSEND = YES;
				GCC_C_LANGUAGE_STANDARD = gnu11;
				GCC_NO_COMMON_BLOCKS = YES;
				GCC_WARN_64_TO_32_BIT_CONVERSION = YES;
				GCC_WARN_ABOUT_RETURN_TYPE = YES_ERROR;
				GCC_WARN_UNDECLARED_SELECTOR = YES;
				GCC_WARN_UNINITIALIZED_AUTOS = YES_AGGRESSIVE;
				GCC_WARN_UNUSED_FUNCTION = YES;
				GCC_WARN_UNUSED_VARIABLE = YES;
				IPHONEOS_DEPLOYMENT_TARGET = 11.1;
				MTL_ENABLE_DEBUG_INFO = NO;
				SDKROOT = iphoneos;
				SWIFT_OPTIMIZATION_LEVEL = "-Owholemodule";
				VALIDATE_PRODUCT = YES;
			};
			name = Release;
		};
		2128E31F1FEBBA46000CB752 /* Debug */ = {
			isa = XCBuildConfiguration;
			baseConfigurationReference = 105F7FD5046F23F136319E94 /* Pods-CollectionViewTransitions.debug.xcconfig */;
			buildSettings = {
				ASSETCATALOG_COMPILER_APPICON_NAME = AppIcon;
				CODE_SIGN_STYLE = Manual;
				DEVELOPMENT_TEAM = "";
				INFOPLIST_FILE = CollectionViewTransitions/Info.plist;
				LD_RUNPATH_SEARCH_PATHS = "$(inherited) @executable_path/Frameworks";
				PRODUCT_BUNDLE_IDENTIFIER = com.imazy.CollectionViewTransitions;
				PRODUCT_NAME = "$(TARGET_NAME)";
				PROVISIONING_PROFILE_SPECIFIER = "";
				SWIFT_VERSION = 4.0;
				TARGETED_DEVICE_FAMILY = "1,2";
			};
			name = Debug;
		};
		2128E3201FEBBA46000CB752 /* Release */ = {
			isa = XCBuildConfiguration;
			baseConfigurationReference = 15FEA727D33950D66AF1EECD /* Pods-CollectionViewTransitions.release.xcconfig */;
			buildSettings = {
				ASSETCATALOG_COMPILER_APPICON_NAME = AppIcon;
				CODE_SIGN_STYLE = Manual;
				DEVELOPMENT_TEAM = "";
				INFOPLIST_FILE = CollectionViewTransitions/Info.plist;
				LD_RUNPATH_SEARCH_PATHS = "$(inherited) @executable_path/Frameworks";
				PRODUCT_BUNDLE_IDENTIFIER = com.imazy.CollectionViewTransitions;
				PRODUCT_NAME = "$(TARGET_NAME)";
				PROVISIONING_PROFILE_SPECIFIER = "";
				SWIFT_VERSION = 4.0;
				TARGETED_DEVICE_FAMILY = "1,2";
			};
			name = Release;
		};
/* End XCBuildConfiguration section */

/* Begin XCConfigurationList section */
		2128E3071FEBBA46000CB752 /* Build configuration list for PBXProject "CollectionViewTransitions" */ = {
			isa = XCConfigurationList;
			buildConfigurations = (
				2128E31C1FEBBA46000CB752 /* Debug */,
				2128E31D1FEBBA46000CB752 /* Release */,
			);
			defaultConfigurationIsVisible = 0;
			defaultConfigurationName = Release;
		};
		2128E31E1FEBBA46000CB752 /* Build configuration list for PBXNativeTarget "CollectionViewTransitions" */ = {
			isa = XCConfigurationList;
			buildConfigurations = (
				2128E31F1FEBBA46000CB752 /* Debug */,
				2128E3201FEBBA46000CB752 /* Release */,
			);
			defaultConfigurationIsVisible = 0;
			defaultConfigurationName = Release;
		};
/* End XCConfigurationList section */
	};
	rootObject = 2128E3041FEBBA46000CB752 /* Project object */;
}
