// !$*UTF8*$!
{
	archiveVersion = 1;
	classes = {
	};
	objectVersion = 46;
	objects = {

/* Begin PBXBuildFile section */
		2152B0F91F01F6A50061491D /* AppDelegate.swift in Sources */ = {isa = PBXBuildFile; fileRef = 2152B0F81F01F6A50061491D /* AppDelegate.swift */; };
		2152B0FB1F01F6A50061491D /* ViewController.swift in Sources */ = {isa = PBXBuildFile; fileRef = 2152B0FA1F01F6A50061491D /* ViewController.swift */; };
		2152B0FE1F01F6A50061491D /* Main.storyboard in Resources */ = {isa = PBXBuildFile; fileRef = 2152B0FC1F01F6A50061491D /* Main.storyboard */; };
		2152B1001F01F6A50061491D /* Assets.xcassets in Resources */ = {isa = PBXBuildFile; fileRef = 2152B0FF1F01F6A50061491D /* Assets.xcassets */; };
		2152B1031F01F6A50061491D /* LaunchScreen.storyboard in Resources */ = {isa = PBXBuildFile; fileRef = 2152B1011F01F6A50061491D /* LaunchScreen.storyboard */; };
/* End PBXBuildFile section */

/* Begin PBXFileReference section */
		2152B0F51F01F6A50061491D /* TableViewOpenContextMenu.app */ = {isa = PBXFileReference; explicitFileType = wrapper.application; includeInIndex = 0; path = TableViewOpenContextMenu.app; sourceTree = BUILT_PRODUCTS_DIR; };
		2152B0F81F01F6A50061491D /* AppDelegate.swift */ = {isa = PBXFileReference; lastKnownFileType = sourcecode.swift; path = AppDelegate.swift; sourceTree = "<group>"; };
		2152B0FA1F01F6A50061491D /* ViewController.swift */ = {isa = PBXFileReference; lastKnownFileType = sourcecode.swift; path = ViewController.swift; sourceTree = "<group>"; };
		2152B0FD1F01F6A50061491D /* Base */ = {isa = PBXFileReference; lastKnownFileType = file.storyboard; name = Base; path = Base.lproj/Main.storyboard; sourceTree = "<group>"; };
		2152B0FF1F01F6A50061491D /* Assets.xcassets */ = {isa = PBXFileReference; lastKnownFileType = folder.assetcatalog; path = Assets.xcassets; sourceTree = "<group>"; };
		2152B1021F01F6A50061491D /* Base */ = {isa = PBXFileReference; lastKnownFileType = file.storyboard; name = Base; path = Base.lproj/LaunchScreen.storyboard; sourceTree = "<group>"; };
		2152B1041F01F6A50061491D /* Info.plist */ = {isa = PBXFileReference; lastKnownFileType = text.plist.xml; path = Info.plist; sourceTree = "<group>"; };
/* End PBXFileReference section */

/* Begin PBXFrameworksBuildPhase section */
		2152B0F21F01F6A50061491D /* Frameworks */ = {
			isa = PBXFrameworksBuildPhase;
			buildActionMask = 2147483647;
			files = (
			);
			runOnlyForDeploymentPostprocessing = 0;
		};
/* End PBXFrameworksBuildPhase section */

/* Begin PBXGroup section */
		2152B0EC1F01F6A50061491D = {
			isa = PBXGroup;
			children = (
				2152B0F71F01F6A50061491D /* TableViewOpenContextMenu */,
				2152B0F61F01F6A50061491D /* Products */,
			);
			sourceTree = "<group>";
		};
		2152B0F61F01F6A50061491D /* Products */ = {
			isa = PBXGroup;
			children = (
				2152B0F51F01F6A50061491D /* TableViewOpenContextMenu.app */,
			);
			name = Products;
			sourceTree = "<group>";
		};
		2152B0F71F01F6A50061491D /* TableViewOpenContextMenu */ = {
			isa = PBXGroup;
			children = (
				2152B0F81F01F6A50061491D /* AppDelegate.swift */,
				2152B0FA1F01F6A50061491D /* ViewController.swift */,
				2152B0FC1F01F6A50061491D /* Main.storyboard */,
				2152B0FF1F01F6A50061491D /* Assets.xcassets */,
				2152B1011F01F6A50061491D /* LaunchScreen.storyboard */,
				2152B1041F01F6A50061491D /* Info.plist */,
			);
			path = TableViewOpenContextMenu;
			sourceTree = "<group>";
		};
/* End PBXGroup section */

/* Begin PBXNativeTarget section */
		2152B0F41F01F6A50061491D /* TableViewOpenContextMenu */ = {
			isa = PBXNativeTarget;
			buildConfigurationList = 2152B1071F01F6A50061491D /* Build configuration list for PBXNativeTarget "TableViewOpenContextMenu" */;
			buildPhases = (
				2152B0F11F01F6A50061491D /* Sources */,
				2152B0F21F01F6A50061491D /* Frameworks */,
				2152B0F31F01F6A50061491D /* Resources */,
			);
			buildRules = (
			);
			dependencies = (
			);
			name = TableViewOpenContextMenu;
			productName = TableViewOpenContextMenu;
			productReference = 2152B0F51F01F6A50061491D /* TableViewOpenContextMenu.app */;
			productType = "com.apple.product-type.application";
		};
/* End PBXNativeTarget section */

/* Begin PBXProject section */
		2152B0ED1F01F6A50061491D /* Project object */ = {
			isa = PBXProject;
			attributes = {
				LastSwiftUpdateCheck = 0820;
				LastUpgradeCheck = 0820;
				ORGANIZATIONNAME = Mazy;
				TargetAttributes = {
					2152B0F41F01F6A50061491D = {
						CreatedOnToolsVersion = 8.2.1;
						ProvisioningStyle = Automatic;
					};
				};
			};
			buildConfigurationList = 2152B0F01F01F6A50061491D /* Build configuration list for PBXProject "TableViewOpenContextMenu" */;
			compatibilityVersion = "Xcode 3.2";
			developmentRegion = English;
			hasScannedForEncodings = 0;
			knownRegions = (
				en,
				Base,
			);
			mainGroup = 2152B0EC1F01F6A50061491D;
			productRefGroup = 2152B0F61F01F6A50061491D /* Products */;
			projectDirPath = "";
			projectRoot = "";
			targets = (
				2152B0F41F01F6A50061491D /* TableViewOpenContextMenu */,
			);
		};
/* End PBXProject section */

/* Begin PBXResourcesBuildPhase section */
		2152B0F31F01F6A50061491D /* Resources */ = {
			isa = PBXResourcesBuildPhase;
			buildActionMask = 2147483647;
			files = (
				2152B1031F01F6A50061491D /* LaunchScreen.storyboard in Resources */,
				2152B1001F01F6A50061491D /* Assets.xcassets in Resources */,
				2152B0FE1F01F6A50061491D /* Main.storyboard in Resources */,
			);
			runOnlyForDeploymentPostprocessing = 0;
		};
/* End PBXResourcesBuildPhase section */

/* Begin PBXSourcesBuildPhase section */
		2152B0F11F01F6A50061491D /* Sources */ = {
			isa = PBXSourcesBuildPhase;
			buildActionMask = 2147483647;
			files = (
				2152B0FB1F01F6A50061491D /* ViewController.swift in Sources */,
				2152B0F91F01F6A50061491D /* AppDelegate.swift in Sources */,
			);
			runOnlyForDeploymentPostprocessing = 0;
		};
/* End PBXSourcesBuildPhase section */

/* Begin PBXVariantGroup section */
		2152B0FC1F01F6A50061491D /* Main.storyboard */ = {
			isa = PBXVariantGroup;
			children = (
				2152B0FD1F01F6A50061491D /* Base */,
			);
			name = Main.storyboard;
			sourceTree = "<group>";
		};
		2152B1011F01F6A50061491D /* LaunchScreen.storyboard */ = {
			isa = PBXVariantGroup;
			children = (
				2152B1021F01F6A50061491D /* Base */,
			);
			name = LaunchScreen.storyboard;
			sourceTree = "<group>";
		};
/* End PBXVariantGroup section */

/* Begin XCBuildConfiguration section */
		2152B1051F01F6A50061491D /* Debug */ = {
			isa = XCBuildConfiguration;
			buildSettings = {
				ALWAYS_SEARCH_USER_PATHS = NO;
				CLANG_ANALYZER_NONNULL = YES;
				CLANG_CXX_LANGUAGE_STANDARD = "gnu++0x";
				CLANG_CXX_LIBRARY = "libc++";
				CLANG_ENABLE_MODULES = YES;
				CLANG_ENABLE_OBJC_ARC = YES;
				CLANG_WARN_BOOL_CONVERSION = YES;
				CLANG_WARN_CONSTANT_CONVERSION = YES;
				CLANG_WARN_DIRECT_OBJC_ISA_USAGE = YES_ERROR;
				CLANG_WARN_DOCUMENTATION_COMMENTS = YES;
				CLANG_WARN_EMPTY_BODY = YES;
				CLANG_WARN_ENUM_CONVERSION = YES;
				CLANG_WARN_INFINITE_RECURSION = YES;
				CLANG_WARN_INT_CONVERSION = YES;
				CLANG_WARN_OBJC_ROOT_CLASS = YES_ERROR;
				CLANG_WARN_SUSPICIOUS_MOVE = YES;
				CLANG_WARN_UNREACHABLE_CODE = YES;
				CLANG_WARN__DUPLICATE_METHOD_MATCH = YES;
				"CODE_SIGN_IDENTITY[sdk=iphoneos*]" = "iPhone Developer";
				COPY_PHASE_STRIP = NO;
				DEBUG_INFORMATION_FORMAT = dwarf;
				ENABLE_STRICT_OBJC_MSGSEND = YES;
				ENABLE_TESTABILITY = YES;
				GCC_C_LANGUAGE_STANDARD = gnu99;
				GCC_DYNAMIC_NO_PIC = NO;
				GCC_NO_COMMON_BLOCKS = YES;
				GCC_OPTIMIZATION_LEVEL = 0;
				GCC_PREPROCESSOR_DEFINITIONS = (
					"DEBUG=1",
					"$(inherited)",
				);
				GCC_WARN_64_TO_32_BIT_CONVERSION = YES;
				GCC_WARN_ABOUT_RETURN_TYPE = YES_ERROR;
				GCC_WARN_UNDECLARED_SELECTOR = YES;
				GCC_WARN_UNINITIALIZED_AUTOS = YES_AGGRESSIVE;
				GCC_WARN_UNUSED_FUNCTION = YES;
				GCC_WARN_UNUSED_VARIABLE = YES;
				IPHONEOS_DEPLOYMENT_TARGET = 10.2;
				MTL_ENABLE_DEBUG_INFO = YES;
				ONLY_ACTIVE_ARCH = YES;
				SDKROOT = iphoneos;
				SWIFT_ACTIVE_COMPILATION_CONDITIONS = DEBUG;
				SWIFT_OPTIMIZATION_LEVEL = "-Onone";
				TARGETED_DEVICE_FAMILY = "1,2";
			};
			name = Debug;
		};
		2152B1061F01F6A50061491D /* Release */ = {
			isa = XCBuildConfiguration;
			buildSettings = {
				ALWAYS_SEARCH_USER_PATHS = NO;
				CLANG_ANALYZER_NONNULL = YES;
				CLANG_CXX_LANGUAGE_STANDARD = "gnu++0x";
				CLANG_CXX_LIBRARY = "libc++";
				CLANG_ENABLE_MODULES = YES;
				CLANG_ENABLE_OBJC_ARC = YES;
				CLANG_WARN_BOOL_CONVERSION = YES;
				CLANG_WARN_CONSTANT_CONVERSION = YES;
				CLANG_WARN_DIRECT_OBJC_ISA_USAGE = YES_ERROR;
				CLANG_WARN_DOCUMENTATION_COMMENTS = YES;
				CLANG_WARN_EMPTY_BODY = YES;
				CLANG_WARN_ENUM_CONVERSION = YES;
				CLANG_WARN_INFINITE_RECURSION = YES;
				CLANG_WARN_INT_CONVERSION = YES;
				CLANG_WARN_OBJC_ROOT_CLASS = YES_ERROR;
				CLANG_WARN_SUSPICIOUS_MOVE = YES;
				CLANG_WARN_UNREACHABLE_CODE = YES;
				CLANG_WARN__DUPLICATE_METHOD_MATCH = YES;
				"CODE_SIGN_IDENTITY[sdk=iphoneos*]" = "iPhone Developer";
				COPY_PHASE_STRIP = NO;
				DEBUG_INFORMATION_FORMAT = "dwarf-with-dsym";
				ENABLE_NS_ASSERTIONS = NO;
				ENABLE_STRICT_OBJC_MSGSEND = YES;
				GCC_C_LANGUAGE_STANDARD = gnu99;
				GCC_NO_COMMON_BLOCKS = YES;
				GCC_WARN_64_TO_32_BIT_CONVERSION = YES;
				GCC_WARN_ABOUT_RETURN_TYPE = YES_ERROR;
				GCC_WARN_UNDECLARED_SELECTOR = YES;
				GCC_WARN_UNINITIALIZED_AUTOS = YES_AGGRESSIVE;
				GCC_WARN_UNUSED_FUNCTION = YES;
				GCC_WARN_UNUSED_VARIABLE = YES;
				IPHONEOS_DEPLOYMENT_TARGET = 10.2;
				MTL_ENABLE_DEBUG_INFO = NO;
				SDKROOT = iphoneos;
				SWIFT_OPTIMIZATION_LEVEL = "-Owholemodule";
				TARGETED_DEVICE_FAMILY = "1,2";
				VALIDATE_PRODUCT = YES;
			};
			name = Release;
		};
		2152B1081F01F6A50061491D /* Debug */ = {
			isa = XCBuildConfiguration;
			buildSettings = {
				ASSETCATALOG_COMPILER_APPICON_NAME = AppIcon;
				INFOPLIST_FILE = TableViewOpenContextMenu/Info.plist;
				LD_RUNPATH_SEARCH_PATHS = "$(inherited) @executable_path/Frameworks";
				PRODUCT_BUNDLE_IDENTIFIER = Mazy.TableViewOpenContextMenu;
				PRODUCT_NAME = "$(TARGET_NAME)";
				SWIFT_VERSION = 3.0;
			};
			name = Debug;
		};
		2152B1091F01F6A50061491D /* Release */ = {
			isa = XCBuildConfiguration;
			buildSettings = {
				ASSETCATALOG_COMPILER_APPICON_NAME = AppIcon;
				INFOPLIST_FILE = TableViewOpenContextMenu/Info.plist;
				LD_RUNPATH_SEARCH_PATHS = "$(inherited) @executable_path/Frameworks";
				PRODUCT_BUNDLE_IDENTIFIER = Mazy.TableViewOpenContextMenu;
				PRODUCT_NAME = "$(TARGET_NAME)";
				SWIFT_VERSION = 3.0;
			};
			name = Release;
		};
/* End XCBuildConfiguration section */

/* Begin XCConfigurationList section */
		2152B0F01F01F6A50061491D /* Build configuration list for PBXProject "TableViewOpenContextMenu" */ = {
			isa = XCConfigurationList;
			buildConfigurations = (
				2152B1051F01F6A50061491D /* Debug */,
				2152B1061F01F6A50061491D /* Release */,
			);
			defaultConfigurationIsVisible = 0;
			defaultConfigurationName = Release;
		};
		2152B1071F01F6A50061491D /* Build configuration list for PBXNativeTarget "TableViewOpenContextMenu" */ = {
			isa = XCConfigurationList;
			buildConfigurations = (
				2152B1081F01F6A50061491D /* Debug */,
				2152B1091F01F6A50061491D /* Release */,
			);
			defaultConfigurationIsVisible = 0;
		};
/* End XCConfigurationList section */
	};
	rootObject = 2152B0ED1F01F6A50061491D /* Project object */;
}
