// !$*UTF8*$!
{
	archiveVersion = 1;
	classes = {
	};
	objectVersion = 46;
	objects = {

/* Begin PBXBuildFile section */
		210D81C61F540C1800710C0F /* Foundation.swift in Sources */ = {isa = PBXBuildFile; fileRef = 210D81C51F540C1800710C0F /* Foundation.swift */; };
		216E4DC31F53E5A600D239E4 /* Main.storyboard in Resources */ = {isa = PBXBuildFile; fileRef = 216E4DC11F53E5A600D239E4 /* Main.storyboard */; };
		216E4DC51F53E5A600D239E4 /* Assets.xcassets in Resources */ = {isa = PBXBuildFile; fileRef = 216E4DC41F53E5A600D239E4 /* Assets.xcassets */; };
		216E4DC81F53E5A600D239E4 /* LaunchScreen.storyboard in Resources */ = {isa = PBXBuildFile; fileRef = 216E4DC61F53E5A600D239E4 /* LaunchScreen.storyboard */; };
		216E4DDA1F53F23B00D239E4 /* AppDelegate.swift in Sources */ = {isa = PBXBuildFile; fileRef = 216E4DD41F53F23B00D239E4 /* AppDelegate.swift */; };
		216E4DE41F53F3C100D239E4 /* MainViewController.swift in Sources */ = {isa = PBXBuildFile; fileRef = 216E4DE31F53F3C100D239E4 /* MainViewController.swift */; };
		216E4DE61F53F43000D239E4 /* MainNavigationController.swift in Sources */ = {isa = PBXBuildFile; fileRef = 216E4DE51F53F43000D239E4 /* MainNavigationController.swift */; };
		216E4DE81F53F4AD00D239E4 /* Home.storyboard in Resources */ = {isa = PBXBuildFile; fileRef = 216E4DE71F53F4AD00D239E4 /* Home.storyboard */; };
		216E4DEA1F53F4B900D239E4 /* Mine.storyboard in Resources */ = {isa = PBXBuildFile; fileRef = 216E4DE91F53F4B900D239E4 /* Mine.storyboard */; };
		216E4DEC1F53F73D00D239E4 /* HomeViewController.swift in Sources */ = {isa = PBXBuildFile; fileRef = 216E4DEB1F53F73D00D239E4 /* HomeViewController.swift */; };
		21797A1E1F54F953000D30E8 /* PageScrollView.swift in Sources */ = {isa = PBXBuildFile; fileRef = 21797A1D1F54F953000D30E8 /* PageScrollView.swift */; };
		21797A211F54FC40000D30E8 /* Const.swift in Sources */ = {isa = PBXBuildFile; fileRef = 21797A201F54FC40000D30E8 /* Const.swift */; };
		21797A251F5502F7000D30E8 /* QHNormalEmotionSort.plist in Resources */ = {isa = PBXBuildFile; fileRef = 21797A221F5502F7000D30E8 /* QHNormalEmotionSort.plist */; };
		21797A261F5502F7000D30E8 /* QHSohuGifSort.plist in Resources */ = {isa = PBXBuildFile; fileRef = 21797A231F5502F7000D30E8 /* QHSohuGifSort.plist */; };
		21797A271F5502F7000D30E8 /* types.plist in Resources */ = {isa = PBXBuildFile; fileRef = 21797A241F5502F7000D30E8 /* types.plist */; };
		21797A291F554E70000D30E8 /* PageTitleView.swift in Sources */ = {isa = PBXBuildFile; fileRef = 21797A281F554E70000D30E8 /* PageTitleView.swift */; };
		21797A2B1F554E81000D30E8 /* PageContentView.swift in Sources */ = {isa = PBXBuildFile; fileRef = 21797A2A1F554E81000D30E8 /* PageContentView.swift */; };
/* End PBXBuildFile section */

/* Begin PBXFileReference section */
		210D81C51F540C1800710C0F /* Foundation.swift */ = {isa = PBXFileReference; fileEncoding = 4; lastKnownFileType = sourcecode.swift; path = Foundation.swift; sourceTree = "<group>"; };
		216E4DBA1F53E5A600D239E4 /* Solive.app */ = {isa = PBXFileReference; explicitFileType = wrapper.application; includeInIndex = 0; path = Solive.app; sourceTree = BUILT_PRODUCTS_DIR; };
		216E4DC21F53E5A600D239E4 /* Base */ = {isa = PBXFileReference; lastKnownFileType = file.storyboard; name = Base; path = Base.lproj/Main.storyboard; sourceTree = "<group>"; };
		216E4DC41F53E5A600D239E4 /* Assets.xcassets */ = {isa = PBXFileReference; lastKnownFileType = folder.assetcatalog; path = Assets.xcassets; sourceTree = "<group>"; };
		216E4DC71F53E5A600D239E4 /* Base */ = {isa = PBXFileReference; lastKnownFileType = file.storyboard; name = Base; path = Base.lproj/LaunchScreen.storyboard; sourceTree = "<group>"; };
		216E4DC91F53E5A600D239E4 /* Info.plist */ = {isa = PBXFileReference; lastKnownFileType = text.plist.xml; path = Info.plist; sourceTree = "<group>"; };
		216E4DD41F53F23B00D239E4 /* AppDelegate.swift */ = {isa = PBXFileReference; fileEncoding = 4; lastKnownFileType = sourcecode.swift; path = AppDelegate.swift; sourceTree = "<group>"; };
		216E4DE31F53F3C100D239E4 /* MainViewController.swift */ = {isa = PBXFileReference; fileEncoding = 4; lastKnownFileType = sourcecode.swift; path = MainViewController.swift; sourceTree = "<group>"; };
		216E4DE51F53F43000D239E4 /* MainNavigationController.swift */ = {isa = PBXFileReference; fileEncoding = 4; lastKnownFileType = sourcecode.swift; path = MainNavigationController.swift; sourceTree = "<group>"; };
		216E4DE71F53F4AD00D239E4 /* Home.storyboard */ = {isa = PBXFileReference; fileEncoding = 4; lastKnownFileType = file.storyboard; name = Home.storyboard; path = View/Home.storyboard; sourceTree = "<group>"; };
		216E4DE91F53F4B900D239E4 /* Mine.storyboard */ = {isa = PBXFileReference; fileEncoding = 4; lastKnownFileType = file.storyboard; path = Mine.storyboard; sourceTree = "<group>"; };
		216E4DEB1F53F73D00D239E4 /* HomeViewController.swift */ = {isa = PBXFileReference; fileEncoding = 4; lastKnownFileType = sourcecode.swift; path = HomeViewController.swift; sourceTree = "<group>"; };
		21797A1D1F54F953000D30E8 /* PageScrollView.swift */ = {isa = PBXFileReference; fileEncoding = 4; lastKnownFileType = sourcecode.swift; path = PageScrollView.swift; sourceTree = "<group>"; };
		21797A201F54FC40000D30E8 /* Const.swift */ = {isa = PBXFileReference; fileEncoding = 4; lastKnownFileType = sourcecode.swift; path = Const.swift; sourceTree = "<group>"; };
		21797A221F5502F7000D30E8 /* QHNormalEmotionSort.plist */ = {isa = PBXFileReference; lastKnownFileType = file.bplist; path = QHNormalEmotionSort.plist; sourceTree = "<group>"; };
		21797A231F5502F7000D30E8 /* QHSohuGifSort.plist */ = {isa = PBXFileReference; lastKnownFileType = file.bplist; path = QHSohuGifSort.plist; sourceTree = "<group>"; };
		21797A241F5502F7000D30E8 /* types.plist */ = {isa = PBXFileReference; fileEncoding = 4; lastKnownFileType = text.plist.xml; path = types.plist; sourceTree = "<group>"; };
		21797A281F554E70000D30E8 /* PageTitleView.swift */ = {isa = PBXFileReference; fileEncoding = 4; lastKnownFileType = sourcecode.swift; path = PageTitleView.swift; sourceTree = "<group>"; };
		21797A2A1F554E81000D30E8 /* PageContentView.swift */ = {isa = PBXFileReference; fileEncoding = 4; lastKnownFileType = sourcecode.swift; path = PageContentView.swift; sourceTree = "<group>"; };
/* End PBXFileReference section */

/* Begin PBXFrameworksBuildPhase section */
		216E4DB71F53E5A600D239E4 /* Frameworks */ = {
			isa = PBXFrameworksBuildPhase;
			buildActionMask = 2147483647;
			files = (
			);
			runOnlyForDeploymentPostprocessing = 0;
		};
/* End PBXFrameworksBuildPhase section */

/* Begin PBXGroup section */
		216E4DB11F53E5A600D239E4 = {
			isa = PBXGroup;
			children = (
				216E4DBC1F53E5A600D239E4 /* Solive */,
				216E4DBB1F53E5A600D239E4 /* Products */,
			);
			sourceTree = "<group>";
		};
		216E4DBB1F53E5A600D239E4 /* Products */ = {
			isa = PBXGroup;
			children = (
				216E4DBA1F53E5A600D239E4 /* Solive.app */,
			);
			name = Products;
			sourceTree = "<group>";
		};
		216E4DBC1F53E5A600D239E4 /* Solive */ = {
			isa = PBXGroup;
			children = (
				216E4DD31F53F23B00D239E4 /* Main */,
				216E4DCF1F53F23B00D239E4 /* Home */,
				216E4DD61F53F23B00D239E4 /* Mine */,
				216E4DE01F53F27E00D239E4 /* Tools */,
				216E4DDC1F53F24200D239E4 /* System */,
			);
			path = Solive;
			sourceTree = "<group>";
		};
		216E4DCF1F53F23B00D239E4 /* Home */ = {
			isa = PBXGroup;
			children = (
				216E4DD01F53F23B00D239E4 /* Controller */,
				216E4DD11F53F23B00D239E4 /* Model */,
				216E4DD21F53F23B00D239E4 /* View */,
				216E4DE71F53F4AD00D239E4 /* Home.storyboard */,
			);
			path = Home;
			sourceTree = "<group>";
		};
		216E4DD01F53F23B00D239E4 /* Controller */ = {
			isa = PBXGroup;
			children = (
				216E4DEB1F53F73D00D239E4 /* HomeViewController.swift */,
			);
			path = Controller;
			sourceTree = "<group>";
		};
		216E4DD11F53F23B00D239E4 /* Model */ = {
			isa = PBXGroup;
			children = (
			);
			path = Model;
			sourceTree = "<group>";
		};
		216E4DD21F53F23B00D239E4 /* View */ = {
			isa = PBXGroup;
			children = (
			);
			path = View;
			sourceTree = "<group>";
		};
		216E4DD31F53F23B00D239E4 /* Main */ = {
			isa = PBXGroup;
			children = (
				216E4DD41F53F23B00D239E4 /* AppDelegate.swift */,
				216E4DE31F53F3C100D239E4 /* MainViewController.swift */,
				216E4DE51F53F43000D239E4 /* MainNavigationController.swift */,
			);
			path = Main;
			sourceTree = "<group>";
		};
		216E4DD61F53F23B00D239E4 /* Mine */ = {
			isa = PBXGroup;
			children = (
				216E4DD71F53F23B00D239E4 /* Controller */,
				216E4DD81F53F23B00D239E4 /* Model */,
				216E4DD91F53F23B00D239E4 /* View */,
				216E4DE91F53F4B900D239E4 /* Mine.storyboard */,
			);
			path = Mine;
			sourceTree = "<group>";
		};
		216E4DD71F53F23B00D239E4 /* Controller */ = {
			isa = PBXGroup;
			children = (
			);
			path = Controller;
			sourceTree = "<group>";
		};
		216E4DD81F53F23B00D239E4 /* Model */ = {
			isa = PBXGroup;
			children = (
			);
			path = Model;
			sourceTree = "<group>";
		};
		216E4DD91F53F23B00D239E4 /* View */ = {
			isa = PBXGroup;
			children = (
			);
			path = View;
			sourceTree = "<group>";
		};
		216E4DDC1F53F24200D239E4 /* System */ = {
			isa = PBXGroup;
			children = (
				21797A221F5502F7000D30E8 /* QHNormalEmotionSort.plist */,
				21797A231F5502F7000D30E8 /* QHSohuGifSort.plist */,
				21797A241F5502F7000D30E8 /* types.plist */,
				216E4DC11F53E5A600D239E4 /* Main.storyboard */,
				216E4DC41F53E5A600D239E4 /* Assets.xcassets */,
				216E4DC61F53E5A600D239E4 /* LaunchScreen.storyboard */,
				216E4DC91F53E5A600D239E4 /* Info.plist */,
			);
			name = System;
			sourceTree = "<group>";
		};
		216E4DE01F53F27E00D239E4 /* Tools */ = {
			isa = PBXGroup;
			children = (
				21797A1F1F54FC30000D30E8 /* Const */,
				21797A1C1F54F930000D30E8 /* PageScrollView */,
				216E4DE11F53F27E00D239E4 /* Extension */,
				216E4DE21F53F27E00D239E4 /* Protocol */,
			);
			path = Tools;
			sourceTree = "<group>";
		};
		216E4DE11F53F27E00D239E4 /* Extension */ = {
			isa = PBXGroup;
			children = (
				210D81C51F540C1800710C0F /* Foundation.swift */,
			);
			path = Extension;
			sourceTree = "<group>";
		};
		216E4DE21F53F27E00D239E4 /* Protocol */ = {
			isa = PBXGroup;
			children = (
			);
			path = Protocol;
			sourceTree = "<group>";
		};
		21797A1C1F54F930000D30E8 /* PageScrollView */ = {
			isa = PBXGroup;
			children = (
				21797A1D1F54F953000D30E8 /* PageScrollView.swift */,
				21797A281F554E70000D30E8 /* PageTitleView.swift */,
				21797A2A1F554E81000D30E8 /* PageContentView.swift */,
			);
			path = PageScrollView;
			sourceTree = "<group>";
		};
		21797A1F1F54FC30000D30E8 /* Const */ = {
			isa = PBXGroup;
			children = (
				21797A201F54FC40000D30E8 /* Const.swift */,
			);
			path = Const;
			sourceTree = "<group>";
		};
/* End PBXGroup section */

/* Begin PBXNativeTarget section */
		216E4DB91F53E5A600D239E4 /* Solive */ = {
			isa = PBXNativeTarget;
			buildConfigurationList = 216E4DCC1F53E5A600D239E4 /* Build configuration list for PBXNativeTarget "Solive" */;
			buildPhases = (
				216E4DB61F53E5A600D239E4 /* Sources */,
				216E4DB71F53E5A600D239E4 /* Frameworks */,
				216E4DB81F53E5A600D239E4 /* Resources */,
			);
			buildRules = (
			);
			dependencies = (
			);
			name = Solive;
			productName = Solive;
			productReference = 216E4DBA1F53E5A600D239E4 /* Solive.app */;
			productType = "com.apple.product-type.application";
		};
/* End PBXNativeTarget section */

/* Begin PBXProject section */
		216E4DB21F53E5A600D239E4 /* Project object */ = {
			isa = PBXProject;
			attributes = {
				LastSwiftUpdateCheck = 0830;
				LastUpgradeCheck = 0830;
				ORGANIZATIONNAME = Mazy;
				TargetAttributes = {
					216E4DB91F53E5A600D239E4 = {
						CreatedOnToolsVersion = 8.3.3;
						ProvisioningStyle = Automatic;
					};
				};
			};
			buildConfigurationList = 216E4DB51F53E5A600D239E4 /* Build configuration list for PBXProject "Solive" */;
			compatibilityVersion = "Xcode 3.2";
			developmentRegion = English;
			hasScannedForEncodings = 0;
			knownRegions = (
				en,
				Base,
			);
			mainGroup = 216E4DB11F53E5A600D239E4;
			productRefGroup = 216E4DBB1F53E5A600D239E4 /* Products */;
			projectDirPath = "";
			projectRoot = "";
			targets = (
				216E4DB91F53E5A600D239E4 /* Solive */,
			);
		};
/* End PBXProject section */

/* Begin PBXResourcesBuildPhase section */
		216E4DB81F53E5A600D239E4 /* Resources */ = {
			isa = PBXResourcesBuildPhase;
			buildActionMask = 2147483647;
			files = (
				216E4DC81F53E5A600D239E4 /* LaunchScreen.storyboard in Resources */,
				216E4DC51F53E5A600D239E4 /* Assets.xcassets in Resources */,
				21797A271F5502F7000D30E8 /* types.plist in Resources */,
				21797A261F5502F7000D30E8 /* QHSohuGifSort.plist in Resources */,
				21797A251F5502F7000D30E8 /* QHNormalEmotionSort.plist in Resources */,
				216E4DEA1F53F4B900D239E4 /* Mine.storyboard in Resources */,
				216E4DC31F53E5A600D239E4 /* Main.storyboard in Resources */,
				216E4DE81F53F4AD00D239E4 /* Home.storyboard in Resources */,
			);
			runOnlyForDeploymentPostprocessing = 0;
		};
/* End PBXResourcesBuildPhase section */

/* Begin PBXSourcesBuildPhase section */
		216E4DB61F53E5A600D239E4 /* Sources */ = {
			isa = PBXSourcesBuildPhase;
			buildActionMask = 2147483647;
			files = (
				21797A291F554E70000D30E8 /* PageTitleView.swift in Sources */,
				21797A2B1F554E81000D30E8 /* PageContentView.swift in Sources */,
				216E4DE61F53F43000D239E4 /* MainNavigationController.swift in Sources */,
				216E4DDA1F53F23B00D239E4 /* AppDelegate.swift in Sources */,
				216E4DE41F53F3C100D239E4 /* MainViewController.swift in Sources */,
				210D81C61F540C1800710C0F /* Foundation.swift in Sources */,
				21797A1E1F54F953000D30E8 /* PageScrollView.swift in Sources */,
				216E4DEC1F53F73D00D239E4 /* HomeViewController.swift in Sources */,
				21797A211F54FC40000D30E8 /* Const.swift in Sources */,
			);
			runOnlyForDeploymentPostprocessing = 0;
		};
/* End PBXSourcesBuildPhase section */

/* Begin PBXVariantGroup section */
		216E4DC11F53E5A600D239E4 /* Main.storyboard */ = {
			isa = PBXVariantGroup;
			children = (
				216E4DC21F53E5A600D239E4 /* Base */,
			);
			name = Main.storyboard;
			sourceTree = "<group>";
		};
		216E4DC61F53E5A600D239E4 /* LaunchScreen.storyboard */ = {
			isa = PBXVariantGroup;
			children = (
				216E4DC71F53E5A600D239E4 /* Base */,
			);
			name = LaunchScreen.storyboard;
			sourceTree = "<group>";
		};
/* End PBXVariantGroup section */

/* Begin XCBuildConfiguration section */
		216E4DCA1F53E5A600D239E4 /* Debug */ = {
			isa = XCBuildConfiguration;
			buildSettings = {
				ALWAYS_SEARCH_USER_PATHS = NO;
				CLANG_ANALYZER_NONNULL = YES;
				CLANG_ANALYZER_NUMBER_OBJECT_CONVERSION = YES_AGGRESSIVE;
				CLANG_CXX_LANGUAGE_STANDARD = "gnu++0x";
				CLANG_CXX_LIBRARY = "libc++";
				CLANG_ENABLE_MODULES = YES;
				CLANG_ENABLE_OBJC_ARC = YES;
				CLANG_WARN_BOOL_CONVERSION = YES;
				CLANG_WARN_CONSTANT_CONVERSION = YES;
				CLANG_WARN_DIRECT_OBJC_ISA_USAGE = YES_ERROR;
				CLANG_WARN_DOCUMENTATION_COMMENTS = YES;
				CLANG_WARN_EMPTY_BODY = YES;
				CLANG_WARN_ENUM_CONVERSION = YES;
				CLANG_WARN_INFINITE_RECURSION = YES;
				CLANG_WARN_INT_CONVERSION = YES;
				CLANG_WARN_OBJC_ROOT_CLASS = YES_ERROR;
				CLANG_WARN_SUSPICIOUS_MOVE = YES;
				CLANG_WARN_UNREACHABLE_CODE = YES;
				CLANG_WARN__DUPLICATE_METHOD_MATCH = YES;
				"CODE_SIGN_IDENTITY[sdk=iphoneos*]" = "iPhone Developer";
				COPY_PHASE_STRIP = NO;
				DEBUG_INFORMATION_FORMAT = dwarf;
				ENABLE_STRICT_OBJC_MSGSEND = YES;
				ENABLE_TESTABILITY = YES;
				GCC_C_LANGUAGE_STANDARD = gnu99;
				GCC_DYNAMIC_NO_PIC = NO;
				GCC_NO_COMMON_BLOCKS = YES;
				GCC_OPTIMIZATION_LEVEL = 0;
				GCC_PREPROCESSOR_DEFINITIONS = (
					"DEBUG=1",
					"$(inherited)",
				);
				GCC_WARN_64_TO_32_BIT_CONVERSION = YES;
				GCC_WARN_ABOUT_RETURN_TYPE = YES_ERROR;
				GCC_WARN_UNDECLARED_SELECTOR = YES;
				GCC_WARN_UNINITIALIZED_AUTOS = YES_AGGRESSIVE;
				GCC_WARN_UNUSED_FUNCTION = YES;
				GCC_WARN_UNUSED_VARIABLE = YES;
				IPHONEOS_DEPLOYMENT_TARGET = 10.3;
				MTL_ENABLE_DEBUG_INFO = YES;
				ONLY_ACTIVE_ARCH = YES;
				SDKROOT = iphoneos;
				SWIFT_ACTIVE_COMPILATION_CONDITIONS = DEBUG;
				SWIFT_OPTIMIZATION_LEVEL = "-Onone";
				TARGETED_DEVICE_FAMILY = "1,2";
			};
			name = Debug;
		};
		216E4DCB1F53E5A600D239E4 /* Release */ = {
			isa = XCBuildConfiguration;
			buildSettings = {
				ALWAYS_SEARCH_USER_PATHS = NO;
				CLANG_ANALYZER_NONNULL = YES;
				CLANG_ANALYZER_NUMBER_OBJECT_CONVERSION = YES_AGGRESSIVE;
				CLANG_CXX_LANGUAGE_STANDARD = "gnu++0x";
				CLANG_CXX_LIBRARY = "libc++";
				CLANG_ENABLE_MODULES = YES;
				CLANG_ENABLE_OBJC_ARC = YES;
				CLANG_WARN_BOOL_CONVERSION = YES;
				CLANG_WARN_CONSTANT_CONVERSION = YES;
				CLANG_WARN_DIRECT_OBJC_ISA_USAGE = YES_ERROR;
				CLANG_WARN_DOCUMENTATION_COMMENTS = YES;
				CLANG_WARN_EMPTY_BODY = YES;
				CLANG_WARN_ENUM_CONVERSION = YES;
				CLANG_WARN_INFINITE_RECURSION = YES;
				CLANG_WARN_INT_CONVERSION = YES;
				CLANG_WARN_OBJC_ROOT_CLASS = YES_ERROR;
				CLANG_WARN_SUSPICIOUS_MOVE = YES;
				CLANG_WARN_UNREACHABLE_CODE = YES;
				CLANG_WARN__DUPLICATE_METHOD_MATCH = YES;
				"CODE_SIGN_IDENTITY[sdk=iphoneos*]" = "iPhone Developer";
				COPY_PHASE_STRIP = NO;
				DEBUG_INFORMATION_FORMAT = "dwarf-with-dsym";
				ENABLE_NS_ASSERTIONS = NO;
				ENABLE_STRICT_OBJC_MSGSEND = YES;
				GCC_C_LANGUAGE_STANDARD = gnu99;
				GCC_NO_COMMON_BLOCKS = YES;
				GCC_WARN_64_TO_32_BIT_CONVERSION = YES;
				GCC_WARN_ABOUT_RETURN_TYPE = YES_ERROR;
				GCC_WARN_UNDECLARED_SELECTOR = YES;
				GCC_WARN_UNINITIALIZED_AUTOS = YES_AGGRESSIVE;
				GCC_WARN_UNUSED_FUNCTION = YES;
				GCC_WARN_UNUSED_VARIABLE = YES;
				IPHONEOS_DEPLOYMENT_TARGET = 10.3;
				MTL_ENABLE_DEBUG_INFO = NO;
				SDKROOT = iphoneos;
				SWIFT_OPTIMIZATION_LEVEL = "-Owholemodule";
				TARGETED_DEVICE_FAMILY = "1,2";
				VALIDATE_PRODUCT = YES;
			};
			name = Release;
		};
		216E4DCD1F53E5A600D239E4 /* Debug */ = {
			isa = XCBuildConfiguration;
			buildSettings = {
				ASSETCATALOG_COMPILER_APPICON_NAME = AppIcon;
				ASSETCATALOG_COMPILER_LAUNCHIMAGE_NAME = LaunchImage;
				INFOPLIST_FILE = Solive/Info.plist;
				LD_RUNPATH_SEARCH_PATHS = "$(inherited) @executable_path/Frameworks";
				PRODUCT_BUNDLE_IDENTIFIER = Mazy.Solive;
				PRODUCT_NAME = "$(TARGET_NAME)";
				SWIFT_VERSION = 3.0;
			};
			name = Debug;
		};
		216E4DCE1F53E5A600D239E4 /* Release */ = {
			isa = XCBuildConfiguration;
			buildSettings = {
				ASSETCATALOG_COMPILER_APPICON_NAME = AppIcon;
				ASSETCATALOG_COMPILER_LAUNCHIMAGE_NAME = LaunchImage;
				INFOPLIST_FILE = Solive/Info.plist;
				LD_RUNPATH_SEARCH_PATHS = "$(inherited) @executable_path/Frameworks";
				PRODUCT_BUNDLE_IDENTIFIER = Mazy.Solive;
				PRODUCT_NAME = "$(TARGET_NAME)";
				SWIFT_VERSION = 3.0;
			};
			name = Release;
		};
/* End XCBuildConfiguration section */

/* Begin XCConfigurationList section */
		216E4DB51F53E5A600D239E4 /* Build configuration list for PBXProject "Solive" */ = {
			isa = XCConfigurationList;
			buildConfigurations = (
				216E4DCA1F53E5A600D239E4 /* Debug */,
				216E4DCB1F53E5A600D239E4 /* Release */,
			);
			defaultConfigurationIsVisible = 0;
			defaultConfigurationName = Release;
		};
		216E4DCC1F53E5A600D239E4 /* Build configuration list for PBXNativeTarget "Solive" */ = {
			isa = XCConfigurationList;
			buildConfigurations = (
				216E4DCD1F53E5A600D239E4 /* Debug */,
				216E4DCE1F53E5A600D239E4 /* Release */,
			);
			defaultConfigurationIsVisible = 0;
			defaultConfigurationName = Release;
		};
/* End XCConfigurationList section */
	};
	rootObject = 216E4DB21F53E5A600D239E4 /* Project object */;
}
