// !$*UTF8*$!
{
	archiveVersion = 1;
	classes = {
	};
	objectVersion = 46;
	objects = {

/* Begin PBXBuildFile section */
		210D81C61F540C1800710C0F /* Foundation.swift in Sources */ = {isa = PBXBuildFile; fileRef = 210D81C51F540C1800710C0F /* Foundation.swift */; };
		213017271F56526900FBE68C /* CollectionViewWaterFlowLayout.swift in Sources */ = {isa = PBXBuildFile; fileRef = 213017261F56526900FBE68C /* CollectionViewWaterFlowLayout.swift */; };
		2130172A1F56866B00FBE68C /* AnchorViewCell.swift in Sources */ = {isa = PBXBuildFile; fileRef = 213017281F56866B00FBE68C /* AnchorViewCell.swift */; };
		2130172B1F56866B00FBE68C /* AnchorViewCell.xib in Resources */ = {isa = PBXBuildFile; fileRef = 213017291F56866B00FBE68C /* AnchorViewCell.xib */; };
		2130172D1F56895E00FBE68C /* AnchorViewModel.swift in Sources */ = {isa = PBXBuildFile; fileRef = 2130172C1F56895E00FBE68C /* AnchorViewModel.swift */; };
		2130172F1F56898B00FBE68C /* AnchorModel.swift in Sources */ = {isa = PBXBuildFile; fileRef = 2130172E1F56898B00FBE68C /* AnchorModel.swift */; };
		213017321F568ABA00FBE68C /* BaseModel.swift in Sources */ = {isa = PBXBuildFile; fileRef = 213017311F568ABA00FBE68C /* BaseModel.swift */; };
		213017341F568B4B00FBE68C /* HomeTypeModel.swift in Sources */ = {isa = PBXBuildFile; fileRef = 213017331F568B4B00FBE68C /* HomeTypeModel.swift */; };
		213017371F568D3000FBE68C /* NetworkManager.swift in Sources */ = {isa = PBXBuildFile; fileRef = 213017361F568D3000FBE68C /* NetworkManager.swift */; };
		2130173A1F56ADB600FBE68C /* LiveShowViewController.swift in Sources */ = {isa = PBXBuildFile; fileRef = 213017381F56ADB600FBE68C /* LiveShowViewController.swift */; };
		2130173B1F56ADB600FBE68C /* LiveShowViewController.xib in Resources */ = {isa = PBXBuildFile; fileRef = 213017391F56ADB600FBE68C /* LiveShowViewController.xib */; };
		213298F91F5D1D7300140563 /* CollectionViewHorizontalFlowLayout.swift in Sources */ = {isa = PBXBuildFile; fileRef = 213298F31F5D1D7300140563 /* CollectionViewHorizontalFlowLayout.swift */; };
		213298FA1F5D1D7300140563 /* EmotionView.swift in Sources */ = {isa = PBXBuildFile; fileRef = 213298F41F5D1D7300140563 /* EmotionView.swift */; };
		213298FB1F5D1D7300140563 /* NormalEmotionCell.swift in Sources */ = {isa = PBXBuildFile; fileRef = 213298F51F5D1D7300140563 /* NormalEmotionCell.swift */; };
		213298FC1F5D1D7300140563 /* NormalEmotionCell.xib in Resources */ = {isa = PBXBuildFile; fileRef = 213298F61F5D1D7300140563 /* NormalEmotionCell.xib */; };
		213298FD1F5D1D7300140563 /* TitleViewProperty.swift in Sources */ = {isa = PBXBuildFile; fileRef = 213298F71F5D1D7300140563 /* TitleViewProperty.swift */; };
		213298FE1F5D1D7300140563 /* TopTitlesView.swift in Sources */ = {isa = PBXBuildFile; fileRef = 213298F81F5D1D7300140563 /* TopTitlesView.swift */; };
		213299011F5D1E9900140563 /* InputToolView.swift in Sources */ = {isa = PBXBuildFile; fileRef = 213298FF1F5D1E9900140563 /* InputToolView.swift */; };
		213299021F5D1E9900140563 /* InputToolView.xib in Resources */ = {isa = PBXBuildFile; fileRef = 213299001F5D1E9900140563 /* InputToolView.xib */; };
		213299041F5D1EBB00140563 /* NibLoadable.swift in Sources */ = {isa = PBXBuildFile; fileRef = 213299031F5D1EBB00140563 /* NibLoadable.swift */; };
		2132990B1F5D20E500140563 /* GiftBoardView.swift in Sources */ = {isa = PBXBuildFile; fileRef = 213299051F5D20E500140563 /* GiftBoardView.swift */; };
		2132990C1F5D20E500140563 /* GiftBoardView.xib in Resources */ = {isa = PBXBuildFile; fileRef = 213299061F5D20E500140563 /* GiftBoardView.xib */; };
		2132990D1F5D20E500140563 /* GiftModel.swift in Sources */ = {isa = PBXBuildFile; fileRef = 213299071F5D20E500140563 /* GiftModel.swift */; };
		2132990E1F5D20E500140563 /* GiftViewCell.swift in Sources */ = {isa = PBXBuildFile; fileRef = 213299081F5D20E500140563 /* GiftViewCell.swift */; };
		2132990F1F5D20E500140563 /* GiftViewCell.xib in Resources */ = {isa = PBXBuildFile; fileRef = 213299091F5D20E500140563 /* GiftViewCell.xib */; };
		213299101F5D20E500140563 /* GiftViewModel.swift in Sources */ = {isa = PBXBuildFile; fileRef = 2132990A1F5D20E500140563 /* GiftViewModel.swift */; };
		213299131F5D2CC100140563 /* GiftPackage.swift in Sources */ = {isa = PBXBuildFile; fileRef = 213299121F5D2CC100140563 /* GiftPackage.swift */; };
		2150BE2F1F5E4332007D7B0F /* Emitterable.swift in Sources */ = {isa = PBXBuildFile; fileRef = 2150BE2E1F5E4332007D7B0F /* Emitterable.swift */; };
		215DAB031F57D9BA00053E68 /* IJKMediaFramework.framework in Frameworks */ = {isa = PBXBuildFile; fileRef = 215DAB021F57D9BA00053E68 /* IJKMediaFramework.framework */; };
		215DAB051F57E96C00053E68 /* libz.tbd in Frameworks */ = {isa = PBXBuildFile; fileRef = 215DAB041F57E96C00053E68 /* libz.tbd */; };
		216E4DC31F53E5A600D239E4 /* Main.storyboard in Resources */ = {isa = PBXBuildFile; fileRef = 216E4DC11F53E5A600D239E4 /* Main.storyboard */; };
		216E4DC51F53E5A600D239E4 /* Assets.xcassets in Resources */ = {isa = PBXBuildFile; fileRef = 216E4DC41F53E5A600D239E4 /* Assets.xcassets */; };
		216E4DC81F53E5A600D239E4 /* LaunchScreen.storyboard in Resources */ = {isa = PBXBuildFile; fileRef = 216E4DC61F53E5A600D239E4 /* LaunchScreen.storyboard */; };
		216E4DDA1F53F23B00D239E4 /* AppDelegate.swift in Sources */ = {isa = PBXBuildFile; fileRef = 216E4DD41F53F23B00D239E4 /* AppDelegate.swift */; };
		216E4DE41F53F3C100D239E4 /* MainViewController.swift in Sources */ = {isa = PBXBuildFile; fileRef = 216E4DE31F53F3C100D239E4 /* MainViewController.swift */; };
		216E4DE61F53F43000D239E4 /* MainNavigationController.swift in Sources */ = {isa = PBXBuildFile; fileRef = 216E4DE51F53F43000D239E4 /* MainNavigationController.swift */; };
		216E4DE81F53F4AD00D239E4 /* Home.storyboard in Resources */ = {isa = PBXBuildFile; fileRef = 216E4DE71F53F4AD00D239E4 /* Home.storyboard */; };
		216E4DEA1F53F4B900D239E4 /* Mine.storyboard in Resources */ = {isa = PBXBuildFile; fileRef = 216E4DE91F53F4B900D239E4 /* Mine.storyboard */; };
		216E4DEC1F53F73D00D239E4 /* HomeViewController.swift in Sources */ = {isa = PBXBuildFile; fileRef = 216E4DEB1F53F73D00D239E4 /* HomeViewController.swift */; };
		21797A1E1F54F953000D30E8 /* PageScrollView.swift in Sources */ = {isa = PBXBuildFile; fileRef = 21797A1D1F54F953000D30E8 /* PageScrollView.swift */; };
		21797A211F54FC40000D30E8 /* Const.swift in Sources */ = {isa = PBXBuildFile; fileRef = 21797A201F54FC40000D30E8 /* Const.swift */; };
		21797A251F5502F7000D30E8 /* QHNormalEmotionSort.plist in Resources */ = {isa = PBXBuildFile; fileRef = 21797A221F5502F7000D30E8 /* QHNormalEmotionSort.plist */; };
		21797A261F5502F7000D30E8 /* QHSohuGifSort.plist in Resources */ = {isa = PBXBuildFile; fileRef = 21797A231F5502F7000D30E8 /* QHSohuGifSort.plist */; };
		21797A271F5502F7000D30E8 /* types.plist in Resources */ = {isa = PBXBuildFile; fileRef = 21797A241F5502F7000D30E8 /* types.plist */; };
		21797A291F554E70000D30E8 /* PageTitleView.swift in Sources */ = {isa = PBXBuildFile; fileRef = 21797A281F554E70000D30E8 /* PageTitleView.swift */; };
		21797A2B1F554E81000D30E8 /* PageContentView.swift in Sources */ = {isa = PBXBuildFile; fileRef = 21797A2A1F554E81000D30E8 /* PageContentView.swift */; };
		21797A2D1F556B5A000D30E8 /* AnchorViewController.swift in Sources */ = {isa = PBXBuildFile; fileRef = 21797A2C1F556B5A000D30E8 /* AnchorViewController.swift */; };
		D237FD52D134BB209517EC4C /* Pods_Solive.framework in Frameworks */ = {isa = PBXBuildFile; fileRef = 2CE2C4E6682F8DF5BD302AE6 /* Pods_Solive.framework */; };
/* End PBXBuildFile section */

/* Begin PBXFileReference section */
		1EDF580C32AABAB867808DCF /* Pods-Solive.debug.xcconfig */ = {isa = PBXFileReference; includeInIndex = 1; lastKnownFileType = text.xcconfig; name = "Pods-Solive.debug.xcconfig"; path = "Pods/Target Support Files/Pods-Solive/Pods-Solive.debug.xcconfig"; sourceTree = "<group>"; };
		210D81C51F540C1800710C0F /* Foundation.swift */ = {isa = PBXFileReference; fileEncoding = 4; lastKnownFileType = sourcecode.swift; path = Foundation.swift; sourceTree = "<group>"; };
		213017261F56526900FBE68C /* CollectionViewWaterFlowLayout.swift */ = {isa = PBXFileReference; fileEncoding = 4; lastKnownFileType = sourcecode.swift; path = CollectionViewWaterFlowLayout.swift; sourceTree = "<group>"; };
		213017281F56866B00FBE68C /* AnchorViewCell.swift */ = {isa = PBXFileReference; fileEncoding = 4; lastKnownFileType = sourcecode.swift; path = AnchorViewCell.swift; sourceTree = "<group>"; };
		213017291F56866B00FBE68C /* AnchorViewCell.xib */ = {isa = PBXFileReference; fileEncoding = 4; lastKnownFileType = file.xib; path = AnchorViewCell.xib; sourceTree = "<group>"; };
		2130172C1F56895E00FBE68C /* AnchorViewModel.swift */ = {isa = PBXFileReference; fileEncoding = 4; lastKnownFileType = sourcecode.swift; path = AnchorViewModel.swift; sourceTree = "<group>"; };
		2130172E1F56898B00FBE68C /* AnchorModel.swift */ = {isa = PBXFileReference; fileEncoding = 4; lastKnownFileType = sourcecode.swift; path = AnchorModel.swift; sourceTree = "<group>"; };
		213017311F568ABA00FBE68C /* BaseModel.swift */ = {isa = PBXFileReference; fileEncoding = 4; lastKnownFileType = sourcecode.swift; path = BaseModel.swift; sourceTree = "<group>"; };
		213017331F568B4B00FBE68C /* HomeTypeModel.swift */ = {isa = PBXFileReference; fileEncoding = 4; lastKnownFileType = sourcecode.swift; path = HomeTypeModel.swift; sourceTree = "<group>"; };
		213017361F568D3000FBE68C /* NetworkManager.swift */ = {isa = PBXFileReference; fileEncoding = 4; lastKnownFileType = sourcecode.swift; path = NetworkManager.swift; sourceTree = "<group>"; };
		213017381F56ADB600FBE68C /* LiveShowViewController.swift */ = {isa = PBXFileReference; fileEncoding = 4; lastKnownFileType = sourcecode.swift; path = LiveShowViewController.swift; sourceTree = "<group>"; };
		213017391F56ADB600FBE68C /* LiveShowViewController.xib */ = {isa = PBXFileReference; fileEncoding = 4; lastKnownFileType = file.xib; path = LiveShowViewController.xib; sourceTree = "<group>"; };
		213298F31F5D1D7300140563 /* CollectionViewHorizontalFlowLayout.swift */ = {isa = PBXFileReference; fileEncoding = 4; lastKnownFileType = sourcecode.swift; path = CollectionViewHorizontalFlowLayout.swift; sourceTree = "<group>"; };
		213298F41F5D1D7300140563 /* EmotionView.swift */ = {isa = PBXFileReference; fileEncoding = 4; lastKnownFileType = sourcecode.swift; path = EmotionView.swift; sourceTree = "<group>"; };
		213298F51F5D1D7300140563 /* NormalEmotionCell.swift */ = {isa = PBXFileReference; fileEncoding = 4; lastKnownFileType = sourcecode.swift; path = NormalEmotionCell.swift; sourceTree = "<group>"; };
		213298F61F5D1D7300140563 /* NormalEmotionCell.xib */ = {isa = PBXFileReference; fileEncoding = 4; lastKnownFileType = file.xib; path = NormalEmotionCell.xib; sourceTree = "<group>"; };
		213298F71F5D1D7300140563 /* TitleViewProperty.swift */ = {isa = PBXFileReference; fileEncoding = 4; lastKnownFileType = sourcecode.swift; path = TitleViewProperty.swift; sourceTree = "<group>"; };
		213298F81F5D1D7300140563 /* TopTitlesView.swift */ = {isa = PBXFileReference; fileEncoding = 4; lastKnownFileType = sourcecode.swift; path = TopTitlesView.swift; sourceTree = "<group>"; };
		213298FF1F5D1E9900140563 /* InputToolView.swift */ = {isa = PBXFileReference; fileEncoding = 4; lastKnownFileType = sourcecode.swift; path = InputToolView.swift; sourceTree = "<group>"; };
		213299001F5D1E9900140563 /* InputToolView.xib */ = {isa = PBXFileReference; fileEncoding = 4; lastKnownFileType = file.xib; path = InputToolView.xib; sourceTree = "<group>"; };
		213299031F5D1EBB00140563 /* NibLoadable.swift */ = {isa = PBXFileReference; fileEncoding = 4; lastKnownFileType = sourcecode.swift; name = NibLoadable.swift; path = ../NibLoadable.swift; sourceTree = "<group>"; };
		213299051F5D20E500140563 /* GiftBoardView.swift */ = {isa = PBXFileReference; fileEncoding = 4; lastKnownFileType = sourcecode.swift; path = GiftBoardView.swift; sourceTree = "<group>"; };
		213299061F5D20E500140563 /* GiftBoardView.xib */ = {isa = PBXFileReference; fileEncoding = 4; lastKnownFileType = file.xib; path = GiftBoardView.xib; sourceTree = "<group>"; };
		213299071F5D20E500140563 /* GiftModel.swift */ = {isa = PBXFileReference; fileEncoding = 4; lastKnownFileType = sourcecode.swift; path = GiftModel.swift; sourceTree = "<group>"; };
		213299081F5D20E500140563 /* GiftViewCell.swift */ = {isa = PBXFileReference; fileEncoding = 4; lastKnownFileType = sourcecode.swift; path = GiftViewCell.swift; sourceTree = "<group>"; };
		213299091F5D20E500140563 /* GiftViewCell.xib */ = {isa = PBXFileReference; fileEncoding = 4; lastKnownFileType = file.xib; path = GiftViewCell.xib; sourceTree = "<group>"; };
		2132990A1F5D20E500140563 /* GiftViewModel.swift */ = {isa = PBXFileReference; fileEncoding = 4; lastKnownFileType = sourcecode.swift; path = GiftViewModel.swift; sourceTree = "<group>"; };
		213299121F5D2CC100140563 /* GiftPackage.swift */ = {isa = PBXFileReference; fileEncoding = 4; lastKnownFileType = sourcecode.swift; path = GiftPackage.swift; sourceTree = "<group>"; };
		2150BE2E1F5E4332007D7B0F /* Emitterable.swift */ = {isa = PBXFileReference; fileEncoding = 4; lastKnownFileType = sourcecode.swift; path = Emitterable.swift; sourceTree = "<group>"; };
		215DAB021F57D9BA00053E68 /* IJKMediaFramework.framework */ = {isa = PBXFileReference; lastKnownFileType = wrapper.framework; path = IJKMediaFramework.framework; sourceTree = "<group>"; };
		215DAB041F57E96C00053E68 /* libz.tbd */ = {isa = PBXFileReference; lastKnownFileType = "sourcecode.text-based-dylib-definition"; name = libz.tbd; path = usr/lib/libz.tbd; sourceTree = SDKROOT; };
		216E4DBA1F53E5A600D239E4 /* Solive.app */ = {isa = PBXFileReference; explicitFileType = wrapper.application; includeInIndex = 0; path = Solive.app; sourceTree = BUILT_PRODUCTS_DIR; };
		216E4DC21F53E5A600D239E4 /* Base */ = {isa = PBXFileReference; lastKnownFileType = file.storyboard; name = Base; path = Base.lproj/Main.storyboard; sourceTree = "<group>"; };
		216E4DC41F53E5A600D239E4 /* Assets.xcassets */ = {isa = PBXFileReference; lastKnownFileType = folder.assetcatalog; path = Assets.xcassets; sourceTree = "<group>"; };
		216E4DC71F53E5A600D239E4 /* Base */ = {isa = PBXFileReference; lastKnownFileType = file.storyboard; name = Base; path = Base.lproj/LaunchScreen.storyboard; sourceTree = "<group>"; };
		216E4DC91F53E5A600D239E4 /* Info.plist */ = {isa = PBXFileReference; lastKnownFileType = text.plist.xml; path = Info.plist; sourceTree = "<group>"; };
		216E4DD41F53F23B00D239E4 /* AppDelegate.swift */ = {isa = PBXFileReference; fileEncoding = 4; lastKnownFileType = sourcecode.swift; path = AppDelegate.swift; sourceTree = "<group>"; };
		216E4DE31F53F3C100D239E4 /* MainViewController.swift */ = {isa = PBXFileReference; fileEncoding = 4; lastKnownFileType = sourcecode.swift; path = MainViewController.swift; sourceTree = "<group>"; };
		216E4DE51F53F43000D239E4 /* MainNavigationController.swift */ = {isa = PBXFileReference; fileEncoding = 4; lastKnownFileType = sourcecode.swift; path = MainNavigationController.swift; sourceTree = "<group>"; };
		216E4DE71F53F4AD00D239E4 /* Home.storyboard */ = {isa = PBXFileReference; fileEncoding = 4; lastKnownFileType = file.storyboard; name = Home.storyboard; path = View/Home.storyboard; sourceTree = "<group>"; };
		216E4DE91F53F4B900D239E4 /* Mine.storyboard */ = {isa = PBXFileReference; fileEncoding = 4; lastKnownFileType = file.storyboard; path = Mine.storyboard; sourceTree = "<group>"; };
		216E4DEB1F53F73D00D239E4 /* HomeViewController.swift */ = {isa = PBXFileReference; fileEncoding = 4; lastKnownFileType = sourcecode.swift; path = HomeViewController.swift; sourceTree = "<group>"; };
		21797A1D1F54F953000D30E8 /* PageScrollView.swift */ = {isa = PBXFileReference; fileEncoding = 4; lastKnownFileType = sourcecode.swift; path = PageScrollView.swift; sourceTree = "<group>"; };
		21797A201F54FC40000D30E8 /* Const.swift */ = {isa = PBXFileReference; fileEncoding = 4; lastKnownFileType = sourcecode.swift; path = Const.swift; sourceTree = "<group>"; };
		21797A221F5502F7000D30E8 /* QHNormalEmotionSort.plist */ = {isa = PBXFileReference; lastKnownFileType = file.bplist; path = QHNormalEmotionSort.plist; sourceTree = "<group>"; };
		21797A231F5502F7000D30E8 /* QHSohuGifSort.plist */ = {isa = PBXFileReference; lastKnownFileType = file.bplist; path = QHSohuGifSort.plist; sourceTree = "<group>"; };
		21797A241F5502F7000D30E8 /* types.plist */ = {isa = PBXFileReference; fileEncoding = 4; lastKnownFileType = text.plist.xml; path = types.plist; sourceTree = "<group>"; };
		21797A281F554E70000D30E8 /* PageTitleView.swift */ = {isa = PBXFileReference; fileEncoding = 4; lastKnownFileType = sourcecode.swift; path = PageTitleView.swift; sourceTree = "<group>"; };
		21797A2A1F554E81000D30E8 /* PageContentView.swift */ = {isa = PBXFileReference; fileEncoding = 4; lastKnownFileType = sourcecode.swift; path = PageContentView.swift; sourceTree = "<group>"; };
		21797A2C1F556B5A000D30E8 /* AnchorViewController.swift */ = {isa = PBXFileReference; fileEncoding = 4; lastKnownFileType = sourcecode.swift; path = AnchorViewController.swift; sourceTree = "<group>"; };
		2CE2C4E6682F8DF5BD302AE6 /* Pods_Solive.framework */ = {isa = PBXFileReference; explicitFileType = wrapper.framework; includeInIndex = 0; path = Pods_Solive.framework; sourceTree = BUILT_PRODUCTS_DIR; };
		F57F5D4AF9DD42264B8E2583 /* Pods-Solive.release.xcconfig */ = {isa = PBXFileReference; includeInIndex = 1; lastKnownFileType = text.xcconfig; name = "Pods-Solive.release.xcconfig"; path = "Pods/Target Support Files/Pods-Solive/Pods-Solive.release.xcconfig"; sourceTree = "<group>"; };
/* End PBXFileReference section */

/* Begin PBXFrameworksBuildPhase section */
		216E4DB71F53E5A600D239E4 /* Frameworks */ = {
			isa = PBXFrameworksBuildPhase;
			buildActionMask = 2147483647;
			files = (
				215DAB051F57E96C00053E68 /* libz.tbd in Frameworks */,
				D237FD52D134BB209517EC4C /* Pods_Solive.framework in Frameworks */,
				215DAB031F57D9BA00053E68 /* IJKMediaFramework.framework in Frameworks */,
			);
			runOnlyForDeploymentPostprocessing = 0;
		};
/* End PBXFrameworksBuildPhase section */

/* Begin PBXGroup section */
		213017301F568AAE00FBE68C /* Base */ = {
			isa = PBXGroup;
			children = (
				213017311F568ABA00FBE68C /* BaseModel.swift */,
			);
			path = Base;
			sourceTree = "<group>";
		};
		213017351F568D1000FBE68C /* Network */ = {
			isa = PBXGroup;
			children = (
				213017361F568D3000FBE68C /* NetworkManager.swift */,
			);
			path = Network;
			sourceTree = "<group>";
		};
		213298F21F5D1D7300140563 /* EmotionKeyboardView */ = {
			isa = PBXGroup;
			children = (
				213298F31F5D1D7300140563 /* CollectionViewHorizontalFlowLayout.swift */,
				213298F41F5D1D7300140563 /* EmotionView.swift */,
				213298F51F5D1D7300140563 /* NormalEmotionCell.swift */,
				213298F61F5D1D7300140563 /* NormalEmotionCell.xib */,
				213298F71F5D1D7300140563 /* TitleViewProperty.swift */,
				213298F81F5D1D7300140563 /* TopTitlesView.swift */,
				213298FF1F5D1E9900140563 /* InputToolView.swift */,
				213299001F5D1E9900140563 /* InputToolView.xib */,
			);
			path = EmotionKeyboardView;
			sourceTree = "<group>";
		};
		213299111F5D20EB00140563 /* GiftBoardView */ = {
			isa = PBXGroup;
			children = (
				213299051F5D20E500140563 /* GiftBoardView.swift */,
				213299061F5D20E500140563 /* GiftBoardView.xib */,
				213299081F5D20E500140563 /* GiftViewCell.swift */,
				213299091F5D20E500140563 /* GiftViewCell.xib */,
				213299071F5D20E500140563 /* GiftModel.swift */,
				213299121F5D2CC100140563 /* GiftPackage.swift */,
				2132990A1F5D20E500140563 /* GiftViewModel.swift */,
			);
			name = GiftBoardView;
			sourceTree = "<group>";
		};
		216E4DB11F53E5A600D239E4 = {
			isa = PBXGroup;
			children = (
				216E4DBC1F53E5A600D239E4 /* Solive */,
				216E4DBB1F53E5A600D239E4 /* Products */,
				6A7FD49CEA9D40630A801B3D /* Pods */,
				B552837D15BC0F45CC01FB1C /* Frameworks */,
			);
			sourceTree = "<group>";
		};
		216E4DBB1F53E5A600D239E4 /* Products */ = {
			isa = PBXGroup;
			children = (
				216E4DBA1F53E5A600D239E4 /* Solive.app */,
			);
			name = Products;
			sourceTree = "<group>";
		};
		216E4DBC1F53E5A600D239E4 /* Solive */ = {
			isa = PBXGroup;
			children = (
				213017301F568AAE00FBE68C /* Base */,
				216E4DD31F53F23B00D239E4 /* Main */,
				216E4DCF1F53F23B00D239E4 /* Home */,
				216E4DD61F53F23B00D239E4 /* Mine */,
				216E4DE01F53F27E00D239E4 /* Tools */,
				216E4DDC1F53F24200D239E4 /* System */,
			);
			path = Solive;
			sourceTree = "<group>";
		};
		216E4DCF1F53F23B00D239E4 /* Home */ = {
			isa = PBXGroup;
			children = (
				216E4DD01F53F23B00D239E4 /* Controller */,
				216E4DD11F53F23B00D239E4 /* Model */,
				216E4DD21F53F23B00D239E4 /* View */,
				216E4DE71F53F4AD00D239E4 /* Home.storyboard */,
			);
			path = Home;
			sourceTree = "<group>";
		};
		216E4DD01F53F23B00D239E4 /* Controller */ = {
			isa = PBXGroup;
			children = (
				216E4DEB1F53F73D00D239E4 /* HomeViewController.swift */,
				21797A2C1F556B5A000D30E8 /* AnchorViewController.swift */,
				213017261F56526900FBE68C /* CollectionViewWaterFlowLayout.swift */,
				213017381F56ADB600FBE68C /* LiveShowViewController.swift */,
				213017391F56ADB600FBE68C /* LiveShowViewController.xib */,
			);
			path = Controller;
			sourceTree = "<group>";
		};
		216E4DD11F53F23B00D239E4 /* Model */ = {
			isa = PBXGroup;
			children = (
				2130172C1F56895E00FBE68C /* AnchorViewModel.swift */,
				2130172E1F56898B00FBE68C /* AnchorModel.swift */,
				213017331F568B4B00FBE68C /* HomeTypeModel.swift */,
			);
			path = Model;
			sourceTree = "<group>";
		};
		216E4DD21F53F23B00D239E4 /* View */ = {
			isa = PBXGroup;
			children = (
				213298F21F5D1D7300140563 /* EmotionKeyboardView */,
				213299111F5D20EB00140563 /* GiftBoardView */,
				213017281F56866B00FBE68C /* AnchorViewCell.swift */,
				213017291F56866B00FBE68C /* AnchorViewCell.xib */,
			);
			path = View;
			sourceTree = "<group>";
		};
		216E4DD31F53F23B00D239E4 /* Main */ = {
			isa = PBXGroup;
			children = (
				216E4DD41F53F23B00D239E4 /* AppDelegate.swift */,
				216E4DE31F53F3C100D239E4 /* MainViewController.swift */,
				216E4DE51F53F43000D239E4 /* MainNavigationController.swift */,
			);
			path = Main;
			sourceTree = "<group>";
		};
		216E4DD61F53F23B00D239E4 /* Mine */ = {
			isa = PBXGroup;
			children = (
				216E4DD71F53F23B00D239E4 /* Controller */,
				216E4DD81F53F23B00D239E4 /* Model */,
				216E4DD91F53F23B00D239E4 /* View */,
				216E4DE91F53F4B900D239E4 /* Mine.storyboard */,
			);
			path = Mine;
			sourceTree = "<group>";
		};
		216E4DD71F53F23B00D239E4 /* Controller */ = {
			isa = PBXGroup;
			children = (
			);
			path = Controller;
			sourceTree = "<group>";
		};
		216E4DD81F53F23B00D239E4 /* Model */ = {
			isa = PBXGroup;
			children = (
			);
			path = Model;
			sourceTree = "<group>";
		};
		216E4DD91F53F23B00D239E4 /* View */ = {
			isa = PBXGroup;
			children = (
			);
			path = View;
			sourceTree = "<group>";
		};
		216E4DDC1F53F24200D239E4 /* System */ = {
			isa = PBXGroup;
			children = (
				215DAB021F57D9BA00053E68 /* IJKMediaFramework.framework */,
				21797A221F5502F7000D30E8 /* QHNormalEmotionSort.plist */,
				21797A231F5502F7000D30E8 /* QHSohuGifSort.plist */,
				21797A241F5502F7000D30E8 /* types.plist */,
				216E4DC11F53E5A600D239E4 /* Main.storyboard */,
				216E4DC41F53E5A600D239E4 /* Assets.xcassets */,
				216E4DC61F53E5A600D239E4 /* LaunchScreen.storyboard */,
				216E4DC91F53E5A600D239E4 /* Info.plist */,
			);
			name = System;
			sourceTree = "<group>";
		};
		216E4DE01F53F27E00D239E4 /* Tools */ = {
			isa = PBXGroup;
			children = (
				213017351F568D1000FBE68C /* Network */,
				21797A1F1F54FC30000D30E8 /* Const */,
				21797A1C1F54F930000D30E8 /* PageScrollView */,
				216E4DE11F53F27E00D239E4 /* Extension */,
				216E4DE21F53F27E00D239E4 /* Protocol */,
			);
			path = Tools;
			sourceTree = "<group>";
		};
		216E4DE11F53F27E00D239E4 /* Extension */ = {
			isa = PBXGroup;
			children = (
				210D81C51F540C1800710C0F /* Foundation.swift */,
			);
			path = Extension;
			sourceTree = "<group>";
		};
		216E4DE21F53F27E00D239E4 /* Protocol */ = {
			isa = PBXGroup;
			children = (
				213299031F5D1EBB00140563 /* NibLoadable.swift */,
				2150BE2E1F5E4332007D7B0F /* Emitterable.swift */,
			);
			path = Protocol;
			sourceTree = "<group>";
		};
		21797A1C1F54F930000D30E8 /* PageScrollView */ = {
			isa = PBXGroup;
			children = (
				21797A1D1F54F953000D30E8 /* PageScrollView.swift */,
				21797A281F554E70000D30E8 /* PageTitleView.swift */,
				21797A2A1F554E81000D30E8 /* PageContentView.swift */,
			);
			path = PageScrollView;
			sourceTree = "<group>";
		};
		21797A1F1F54FC30000D30E8 /* Const */ = {
			isa = PBXGroup;
			children = (
				21797A201F54FC40000D30E8 /* Const.swift */,
			);
			path = Const;
			sourceTree = "<group>";
		};
		6A7FD49CEA9D40630A801B3D /* Pods */ = {
			isa = PBXGroup;
			children = (
				1EDF580C32AABAB867808DCF /* Pods-Solive.debug.xcconfig */,
				F57F5D4AF9DD42264B8E2583 /* Pods-Solive.release.xcconfig */,
			);
			name = Pods;
			sourceTree = "<group>";
		};
		B552837D15BC0F45CC01FB1C /* Frameworks */ = {
			isa = PBXGroup;
			children = (
				215DAB041F57E96C00053E68 /* libz.tbd */,
				2CE2C4E6682F8DF5BD302AE6 /* Pods_Solive.framework */,
			);
			name = Frameworks;
			sourceTree = "<group>";
		};
/* End PBXGroup section */

/* Begin PBXNativeTarget section */
		216E4DB91F53E5A600D239E4 /* Solive */ = {
			isa = PBXNativeTarget;
			buildConfigurationList = 216E4DCC1F53E5A600D239E4 /* Build configuration list for PBXNativeTarget "Solive" */;
			buildPhases = (
				44597EB8A832F56B956F0FCC /* [CP] Check Pods Manifest.lock */,
				216E4DB61F53E5A600D239E4 /* Sources */,
				216E4DB71F53E5A600D239E4 /* Frameworks */,
				216E4DB81F53E5A600D239E4 /* Resources */,
				ECA294A171510675B6AF4A67 /* [CP] Embed Pods Frameworks */,
				779D1EA27D0D414CAA587B57 /* [CP] Copy Pods Resources */,
			);
			buildRules = (
			);
			dependencies = (
			);
			name = Solive;
			productName = Solive;
			productReference = 216E4DBA1F53E5A600D239E4 /* Solive.app */;
			productType = "com.apple.product-type.application";
		};
/* End PBXNativeTarget section */

/* Begin PBXProject section */
		216E4DB21F53E5A600D239E4 /* Project object */ = {
			isa = PBXProject;
			attributes = {
				LastSwiftUpdateCheck = 0830;
				LastUpgradeCheck = 0830;
				ORGANIZATIONNAME = Mazy;
				TargetAttributes = {
					216E4DB91F53E5A600D239E4 = {
						CreatedOnToolsVersion = 8.3.3;
						ProvisioningStyle = Automatic;
					};
				};
			};
			buildConfigurationList = 216E4DB51F53E5A600D239E4 /* Build configuration list for PBXProject "Solive" */;
			compatibilityVersion = "Xcode 3.2";
			developmentRegion = English;
			hasScannedForEncodings = 0;
			knownRegions = (
				en,
				Base,
			);
			mainGroup = 216E4DB11F53E5A600D239E4;
			productRefGroup = 216E4DBB1F53E5A600D239E4 /* Products */;
			projectDirPath = "";
			projectRoot = "";
			targets = (
				216E4DB91F53E5A600D239E4 /* Solive */,
			);
		};
/* End PBXProject section */

/* Begin PBXResourcesBuildPhase section */
		216E4DB81F53E5A600D239E4 /* Resources */ = {
			isa = PBXResourcesBuildPhase;
			buildActionMask = 2147483647;
			files = (
				216E4DC81F53E5A600D239E4 /* LaunchScreen.storyboard in Resources */,
				216E4DC51F53E5A600D239E4 /* Assets.xcassets in Resources */,
				21797A271F5502F7000D30E8 /* types.plist in Resources */,
				2132990C1F5D20E500140563 /* GiftBoardView.xib in Resources */,
				21797A261F5502F7000D30E8 /* QHSohuGifSort.plist in Resources */,
				21797A251F5502F7000D30E8 /* QHNormalEmotionSort.plist in Resources */,
				216E4DEA1F53F4B900D239E4 /* Mine.storyboard in Resources */,
				216E4DC31F53E5A600D239E4 /* Main.storyboard in Resources */,
				213299021F5D1E9900140563 /* InputToolView.xib in Resources */,
				2130172B1F56866B00FBE68C /* AnchorViewCell.xib in Resources */,
				2132990F1F5D20E500140563 /* GiftViewCell.xib in Resources */,
				216E4DE81F53F4AD00D239E4 /* Home.storyboard in Resources */,
				2130173B1F56ADB600FBE68C /* LiveShowViewController.xib in Resources */,
				213298FC1F5D1D7300140563 /* NormalEmotionCell.xib in Resources */,
			);
			runOnlyForDeploymentPostprocessing = 0;
		};
/* End PBXResourcesBuildPhase section */

/* Begin PBXShellScriptBuildPhase section */
		44597EB8A832F56B956F0FCC /* [CP] Check Pods Manifest.lock */ = {
			isa = PBXShellScriptBuildPhase;
			buildActionMask = 2147483647;
			files = (
			);
			inputPaths = (
				"${PODS_PODFILE_DIR_PATH}/Podfile.lock",
				"${PODS_ROOT}/Manifest.lock",
			);
			name = "[CP] Check Pods Manifest.lock";
			outputPaths = (
				"$(DERIVED_FILE_DIR)/Pods-Solive-checkManifestLockResult.txt",
			);
			runOnlyForDeploymentPostprocessing = 0;
			shellPath = /bin/sh;
			shellScript = "diff \"${PODS_PODFILE_DIR_PATH}/Podfile.lock\" \"${PODS_ROOT}/Manifest.lock\" > /dev/null\nif [ $? != 0 ] ; then\n    # print error to STDERR\n    echo \"error: The sandbox is not in sync with the Podfile.lock. Run 'pod install' or update your CocoaPods installation.\" >&2\n    exit 1\nfi\n# This output is used by Xcode 'outputs' to avoid re-running this script phase.\necho \"SUCCESS\" > \"${SCRIPT_OUTPUT_FILE_0}\"\n";
			showEnvVarsInLog = 0;
		};
		779D1EA27D0D414CAA587B57 /* [CP] Copy Pods Resources */ = {
			isa = PBXShellScriptBuildPhase;
			buildActionMask = 2147483647;
			files = (
			);
			inputPaths = (
			);
			name = "[CP] Copy Pods Resources";
			outputPaths = (
			);
			runOnlyForDeploymentPostprocessing = 0;
			shellPath = /bin/sh;
			shellScript = "\"${SRCROOT}/Pods/Target Support Files/Pods-Solive/Pods-Solive-resources.sh\"\n";
			showEnvVarsInLog = 0;
		};
		ECA294A171510675B6AF4A67 /* [CP] Embed Pods Frameworks */ = {
			isa = PBXShellScriptBuildPhase;
			buildActionMask = 2147483647;
			files = (
			);
			inputPaths = (
				"${SRCROOT}/Pods/Target Support Files/Pods-Solive/Pods-Solive-frameworks.sh",
				"${BUILT_PRODUCTS_DIR}/Alamofire/Alamofire.framework",
				"${BUILT_PRODUCTS_DIR}/YYCache/YYCache.framework",
				"${BUILT_PRODUCTS_DIR}/YYImage/YYImage.framework",
				"${BUILT_PRODUCTS_DIR}/YYWebImage/YYWebImage.framework",
			);
			name = "[CP] Embed Pods Frameworks";
			outputPaths = (
				"${TARGET_BUILD_DIR}/${FRAMEWORKS_FOLDER_PATH}/Alamofire.framework",
				"${TARGET_BUILD_DIR}/${FRAMEWORKS_FOLDER_PATH}/YYCache.framework",
				"${TARGET_BUILD_DIR}/${FRAMEWORKS_FOLDER_PATH}/YYImage.framework",
				"${TARGET_BUILD_DIR}/${FRAMEWORKS_FOLDER_PATH}/YYWebImage.framework",
			);
			runOnlyForDeploymentPostprocessing = 0;
			shellPath = /bin/sh;
			shellScript = "\"${SRCROOT}/Pods/Target Support Files/Pods-Solive/Pods-Solive-frameworks.sh\"\n";
			showEnvVarsInLog = 0;
		};
/* End PBXShellScriptBuildPhase section */

/* Begin PBXSourcesBuildPhase section */
		216E4DB61F53E5A600D239E4 /* Sources */ = {
			isa = PBXSourcesBuildPhase;
			buildActionMask = 2147483647;
			files = (
				213298FB1F5D1D7300140563 /* NormalEmotionCell.swift in Sources */,
				2132990B1F5D20E500140563 /* GiftBoardView.swift in Sources */,
				21797A291F554E70000D30E8 /* PageTitleView.swift in Sources */,
				2132990D1F5D20E500140563 /* GiftModel.swift in Sources */,
				21797A2B1F554E81000D30E8 /* PageContentView.swift in Sources */,
				216E4DE61F53F43000D239E4 /* MainNavigationController.swift in Sources */,
				21797A2D1F556B5A000D30E8 /* AnchorViewController.swift in Sources */,
				216E4DDA1F53F23B00D239E4 /* AppDelegate.swift in Sources */,
				2130172A1F56866B00FBE68C /* AnchorViewCell.swift in Sources */,
				213299011F5D1E9900140563 /* InputToolView.swift in Sources */,
				2130172D1F56895E00FBE68C /* AnchorViewModel.swift in Sources */,
				216E4DE41F53F3C100D239E4 /* MainViewController.swift in Sources */,
				2130172F1F56898B00FBE68C /* AnchorModel.swift in Sources */,
				213017321F568ABA00FBE68C /* BaseModel.swift in Sources */,
				213298FA1F5D1D7300140563 /* EmotionView.swift in Sources */,
				213017371F568D3000FBE68C /* NetworkManager.swift in Sources */,
				2130173A1F56ADB600FBE68C /* LiveShowViewController.swift in Sources */,
				213017341F568B4B00FBE68C /* HomeTypeModel.swift in Sources */,
				213299131F5D2CC100140563 /* GiftPackage.swift in Sources */,
				210D81C61F540C1800710C0F /* Foundation.swift in Sources */,
				21797A1E1F54F953000D30E8 /* PageScrollView.swift in Sources */,
				213299041F5D1EBB00140563 /* NibLoadable.swift in Sources */,
				213299101F5D20E500140563 /* GiftViewModel.swift in Sources */,
				216E4DEC1F53F73D00D239E4 /* HomeViewController.swift in Sources */,
				2132990E1F5D20E500140563 /* GiftViewCell.swift in Sources */,
				213298FE1F5D1D7300140563 /* TopTitlesView.swift in Sources */,
				213298FD1F5D1D7300140563 /* TitleViewProperty.swift in Sources */,
				213017271F56526900FBE68C /* CollectionViewWaterFlowLayout.swift in Sources */,
				2150BE2F1F5E4332007D7B0F /* Emitterable.swift in Sources */,
				21797A211F54FC40000D30E8 /* Const.swift in Sources */,
				213298F91F5D1D7300140563 /* CollectionViewHorizontalFlowLayout.swift in Sources */,
			);
			runOnlyForDeploymentPostprocessing = 0;
		};
/* End PBXSourcesBuildPhase section */

/* Begin PBXVariantGroup section */
		216E4DC11F53E5A600D239E4 /* Main.storyboard */ = {
			isa = PBXVariantGroup;
			children = (
				216E4DC21F53E5A600D239E4 /* Base */,
			);
			name = Main.storyboard;
			sourceTree = "<group>";
		};
		216E4DC61F53E5A600D239E4 /* LaunchScreen.storyboard */ = {
			isa = PBXVariantGroup;
			children = (
				216E4DC71F53E5A600D239E4 /* Base */,
			);
			name = LaunchScreen.storyboard;
			sourceTree = "<group>";
		};
/* End PBXVariantGroup section */

/* Begin XCBuildConfiguration section */
		216E4DCA1F53E5A600D239E4 /* Debug */ = {
			isa = XCBuildConfiguration;
			buildSettings = {
				ALWAYS_SEARCH_USER_PATHS = NO;
				CLANG_ANALYZER_NONNULL = YES;
				CLANG_ANALYZER_NUMBER_OBJECT_CONVERSION = YES_AGGRESSIVE;
				CLANG_CXX_LANGUAGE_STANDARD = "gnu++0x";
				CLANG_CXX_LIBRARY = "libc++";
				CLANG_ENABLE_MODULES = YES;
				CLANG_ENABLE_OBJC_ARC = YES;
				CLANG_WARN_BOOL_CONVERSION = YES;
				CLANG_WARN_CONSTANT_CONVERSION = YES;
				CLANG_WARN_DIRECT_OBJC_ISA_USAGE = YES_ERROR;
				CLANG_WARN_DOCUMENTATION_COMMENTS = YES;
				CLANG_WARN_EMPTY_BODY = YES;
				CLANG_WARN_ENUM_CONVERSION = YES;
				CLANG_WARN_INFINITE_RECURSION = YES;
				CLANG_WARN_INT_CONVERSION = YES;
				CLANG_WARN_OBJC_ROOT_CLASS = YES_ERROR;
				CLANG_WARN_SUSPICIOUS_MOVE = YES;
				CLANG_WARN_UNREACHABLE_CODE = YES;
				CLANG_WARN__DUPLICATE_METHOD_MATCH = YES;
				"CODE_SIGN_IDENTITY[sdk=iphoneos*]" = "iPhone Developer";
				COPY_PHASE_STRIP = NO;
				DEBUG_INFORMATION_FORMAT = dwarf;
				ENABLE_STRICT_OBJC_MSGSEND = YES;
				ENABLE_TESTABILITY = YES;
				GCC_C_LANGUAGE_STANDARD = gnu99;
				GCC_DYNAMIC_NO_PIC = NO;
				GCC_NO_COMMON_BLOCKS = YES;
				GCC_OPTIMIZATION_LEVEL = 0;
				GCC_PREPROCESSOR_DEFINITIONS = (
					"DEBUG=1",
					"$(inherited)",
				);
				GCC_WARN_64_TO_32_BIT_CONVERSION = YES;
				GCC_WARN_ABOUT_RETURN_TYPE = YES_ERROR;
				GCC_WARN_UNDECLARED_SELECTOR = YES;
				GCC_WARN_UNINITIALIZED_AUTOS = YES_AGGRESSIVE;
				GCC_WARN_UNUSED_FUNCTION = YES;
				GCC_WARN_UNUSED_VARIABLE = YES;
				IPHONEOS_DEPLOYMENT_TARGET = 10.3;
				MTL_ENABLE_DEBUG_INFO = YES;
				ONLY_ACTIVE_ARCH = YES;
				SDKROOT = iphoneos;
				SWIFT_ACTIVE_COMPILATION_CONDITIONS = DEBUG;
				SWIFT_OPTIMIZATION_LEVEL = "-Onone";
				TARGETED_DEVICE_FAMILY = "1,2";
			};
			name = Debug;
		};
		216E4DCB1F53E5A600D239E4 /* Release */ = {
			isa = XCBuildConfiguration;
			buildSettings = {
				ALWAYS_SEARCH_USER_PATHS = NO;
				CLANG_ANALYZER_NONNULL = YES;
				CLANG_ANALYZER_NUMBER_OBJECT_CONVERSION = YES_AGGRESSIVE;
				CLANG_CXX_LANGUAGE_STANDARD = "gnu++0x";
				CLANG_CXX_LIBRARY = "libc++";
				CLANG_ENABLE_MODULES = YES;
				CLANG_ENABLE_OBJC_ARC = YES;
				CLANG_WARN_BOOL_CONVERSION = YES;
				CLANG_WARN_CONSTANT_CONVERSION = YES;
				CLANG_WARN_DIRECT_OBJC_ISA_USAGE = YES_ERROR;
				CLANG_WARN_DOCUMENTATION_COMMENTS = YES;
				CLANG_WARN_EMPTY_BODY = YES;
				CLANG_WARN_ENUM_CONVERSION = YES;
				CLANG_WARN_INFINITE_RECURSION = YES;
				CLANG_WARN_INT_CONVERSION = YES;
				CLANG_WARN_OBJC_ROOT_CLASS = YES_ERROR;
				CLANG_WARN_SUSPICIOUS_MOVE = YES;
				CLANG_WARN_UNREACHABLE_CODE = YES;
				CLANG_WARN__DUPLICATE_METHOD_MATCH = YES;
				"CODE_SIGN_IDENTITY[sdk=iphoneos*]" = "iPhone Developer";
				COPY_PHASE_STRIP = NO;
				DEBUG_INFORMATION_FORMAT = "dwarf-with-dsym";
				ENABLE_NS_ASSERTIONS = NO;
				ENABLE_STRICT_OBJC_MSGSEND = YES;
				GCC_C_LANGUAGE_STANDARD = gnu99;
				GCC_NO_COMMON_BLOCKS = YES;
				GCC_WARN_64_TO_32_BIT_CONVERSION = YES;
				GCC_WARN_ABOUT_RETURN_TYPE = YES_ERROR;
				GCC_WARN_UNDECLARED_SELECTOR = YES;
				GCC_WARN_UNINITIALIZED_AUTOS = YES_AGGRESSIVE;
				GCC_WARN_UNUSED_FUNCTION = YES;
				GCC_WARN_UNUSED_VARIABLE = YES;
				IPHONEOS_DEPLOYMENT_TARGET = 10.3;
				MTL_ENABLE_DEBUG_INFO = NO;
				SDKROOT = iphoneos;
				SWIFT_OPTIMIZATION_LEVEL = "-Owholemodule";
				TARGETED_DEVICE_FAMILY = "1,2";
				VALIDATE_PRODUCT = YES;
			};
			name = Release;
		};
		216E4DCD1F53E5A600D239E4 /* Debug */ = {
			isa = XCBuildConfiguration;
			baseConfigurationReference = 1EDF580C32AABAB867808DCF /* Pods-Solive.debug.xcconfig */;
			buildSettings = {
				ASSETCATALOG_COMPILER_APPICON_NAME = AppIcon;
				ASSETCATALOG_COMPILER_LAUNCHIMAGE_NAME = LaunchImage;
				FRAMEWORK_SEARCH_PATHS = (
					"$(inherited)",
					"$(PROJECT_DIR)/Solive",
				);
				INFOPLIST_FILE = Solive/Info.plist;
				IPHONEOS_DEPLOYMENT_TARGET = 8.2;
				LD_RUNPATH_SEARCH_PATHS = "$(inherited) @executable_path/Frameworks";
				PRODUCT_BUNDLE_IDENTIFIER = Mazy.Solive;
				PRODUCT_NAME = "$(TARGET_NAME)";
				SWIFT_VERSION = 3.0;
			};
			name = Debug;
		};
		216E4DCE1F53E5A600D239E4 /* Release */ = {
			isa = XCBuildConfiguration;
			baseConfigurationReference = F57F5D4AF9DD42264B8E2583 /* Pods-Solive.release.xcconfig */;
			buildSettings = {
				ASSETCATALOG_COMPILER_APPICON_NAME = AppIcon;
				ASSETCATALOG_COMPILER_LAUNCHIMAGE_NAME = LaunchImage;
				FRAMEWORK_SEARCH_PATHS = (
					"$(inherited)",
					"$(PROJECT_DIR)/Solive",
				);
				INFOPLIST_FILE = Solive/Info.plist;
				IPHONEOS_DEPLOYMENT_TARGET = 8.2;
				LD_RUNPATH_SEARCH_PATHS = "$(inherited) @executable_path/Frameworks";
				PRODUCT_BUNDLE_IDENTIFIER = Mazy.Solive;
				PRODUCT_NAME = "$(TARGET_NAME)";
				SWIFT_VERSION = 3.0;
			};
			name = Release;
		};
/* End XCBuildConfiguration section */

/* Begin XCConfigurationList section */
		216E4DB51F53E5A600D239E4 /* Build configuration list for PBXProject "Solive" */ = {
			isa = XCConfigurationList;
			buildConfigurations = (
				216E4DCA1F53E5A600D239E4 /* Debug */,
				216E4DCB1F53E5A600D239E4 /* Release */,
			);
			defaultConfigurationIsVisible = 0;
			defaultConfigurationName = Release;
		};
		216E4DCC1F53E5A600D239E4 /* Build configuration list for PBXNativeTarget "Solive" */ = {
			isa = XCConfigurationList;
			buildConfigurations = (
				216E4DCD1F53E5A600D239E4 /* Debug */,
				216E4DCE1F53E5A600D239E4 /* Release */,
			);
			defaultConfigurationIsVisible = 0;
			defaultConfigurationName = Release;
		};
/* End XCConfigurationList section */
	};
	rootObject = 216E4DB21F53E5A600D239E4 /* Project object */;
}
