// !$*UTF8*$!
{
	archiveVersion = 1;
	classes = {
	};
	objectVersion = 46;
	objects = {

/* Begin PBXBuildFile section */
		217938161ED2B334007DBE43 /* AppDelegate.swift in Sources */ = {isa = PBXBuildFile; fileRef = 217938151ED2B334007DBE43 /* AppDelegate.swift */; };
		217938181ED2B334007DBE43 /* ViewController.swift in Sources */ = {isa = PBXBuildFile; fileRef = 217938171ED2B334007DBE43 /* ViewController.swift */; };
		2179381B1ED2B334007DBE43 /* Main.storyboard in Resources */ = {isa = PBXBuildFile; fileRef = 217938191ED2B334007DBE43 /* Main.storyboard */; };
		2179381D1ED2B334007DBE43 /* Assets.xcassets in Resources */ = {isa = PBXBuildFile; fileRef = 2179381C1ED2B334007DBE43 /* Assets.xcassets */; };
		217938201ED2B334007DBE43 /* LaunchScreen.storyboard in Resources */ = {isa = PBXBuildFile; fileRef = 2179381E1ED2B334007DBE43 /* LaunchScreen.storyboard */; };
/* End PBXBuildFile section */

/* Begin PBXFileReference section */
		217938121ED2B334007DBE43 /* LoopProgressDemo.app */ = {isa = PBXFileReference; explicitFileType = wrapper.application; includeInIndex = 0; path = LoopProgressDemo.app; sourceTree = BUILT_PRODUCTS_DIR; };
		217938151ED2B334007DBE43 /* AppDelegate.swift */ = {isa = PBXFileReference; lastKnownFileType = sourcecode.swift; path = AppDelegate.swift; sourceTree = "<group>"; };
		217938171ED2B334007DBE43 /* ViewController.swift */ = {isa = PBXFileReference; lastKnownFileType = sourcecode.swift; path = ViewController.swift; sourceTree = "<group>"; };
		2179381A1ED2B334007DBE43 /* Base */ = {isa = PBXFileReference; lastKnownFileType = file.storyboard; name = Base; path = Base.lproj/Main.storyboard; sourceTree = "<group>"; };
		2179381C1ED2B334007DBE43 /* Assets.xcassets */ = {isa = PBXFileReference; lastKnownFileType = folder.assetcatalog; path = Assets.xcassets; sourceTree = "<group>"; };
		2179381F1ED2B334007DBE43 /* Base */ = {isa = PBXFileReference; lastKnownFileType = file.storyboard; name = Base; path = Base.lproj/LaunchScreen.storyboard; sourceTree = "<group>"; };
		217938211ED2B334007DBE43 /* Info.plist */ = {isa = PBXFileReference; lastKnownFileType = text.plist.xml; path = Info.plist; sourceTree = "<group>"; };
/* End PBXFileReference section */

/* Begin PBXFrameworksBuildPhase section */
		2179380F1ED2B334007DBE43 /* Frameworks */ = {
			isa = PBXFrameworksBuildPhase;
			buildActionMask = 2147483647;
			files = (
			);
			runOnlyForDeploymentPostprocessing = 0;
		};
/* End PBXFrameworksBuildPhase section */

/* Begin PBXGroup section */
		217938091ED2B334007DBE43 = {
			isa = PBXGroup;
			children = (
				217938141ED2B334007DBE43 /* LoopProgressDemo */,
				217938131ED2B334007DBE43 /* Products */,
			);
			sourceTree = "<group>";
		};
		217938131ED2B334007DBE43 /* Products */ = {
			isa = PBXGroup;
			children = (
				217938121ED2B334007DBE43 /* LoopProgressDemo.app */,
			);
			name = Products;
			sourceTree = "<group>";
		};
		217938141ED2B334007DBE43 /* LoopProgressDemo */ = {
			isa = PBXGroup;
			children = (
				217938151ED2B334007DBE43 /* AppDelegate.swift */,
				217938171ED2B334007DBE43 /* ViewController.swift */,
				217938191ED2B334007DBE43 /* Main.storyboard */,
				2179381C1ED2B334007DBE43 /* Assets.xcassets */,
				2179381E1ED2B334007DBE43 /* LaunchScreen.storyboard */,
				217938211ED2B334007DBE43 /* Info.plist */,
			);
			path = LoopProgressDemo;
			sourceTree = "<group>";
		};
/* End PBXGroup section */

/* Begin PBXNativeTarget section */
		217938111ED2B334007DBE43 /* LoopProgressDemo */ = {
			isa = PBXNativeTarget;
			buildConfigurationList = 217938241ED2B334007DBE43 /* Build configuration list for PBXNativeTarget "LoopProgressDemo" */;
			buildPhases = (
				2179380E1ED2B334007DBE43 /* Sources */,
				2179380F1ED2B334007DBE43 /* Frameworks */,
				217938101ED2B334007DBE43 /* Resources */,
			);
			buildRules = (
			);
			dependencies = (
			);
			name = LoopProgressDemo;
			productName = LoopProgressDemo;
			productReference = 217938121ED2B334007DBE43 /* LoopProgressDemo.app */;
			productType = "com.apple.product-type.application";
		};
/* End PBXNativeTarget section */

/* Begin PBXProject section */
		2179380A1ED2B334007DBE43 /* Project object */ = {
			isa = PBXProject;
			attributes = {
				LastSwiftUpdateCheck = 0820;
				LastUpgradeCheck = 0820;
				ORGANIZATIONNAME = Mazy;
				TargetAttributes = {
					217938111ED2B334007DBE43 = {
						CreatedOnToolsVersion = 8.2.1;
						ProvisioningStyle = Automatic;
					};
				};
			};
			buildConfigurationList = 2179380D1ED2B334007DBE43 /* Build configuration list for PBXProject "LoopProgressDemo" */;
			compatibilityVersion = "Xcode 3.2";
			developmentRegion = English;
			hasScannedForEncodings = 0;
			knownRegions = (
				en,
				Base,
			);
			mainGroup = 217938091ED2B334007DBE43;
			productRefGroup = 217938131ED2B334007DBE43 /* Products */;
			projectDirPath = "";
			projectRoot = "";
			targets = (
				217938111ED2B334007DBE43 /* LoopProgressDemo */,
			);
		};
/* End PBXProject section */

/* Begin PBXResourcesBuildPhase section */
		217938101ED2B334007DBE43 /* Resources */ = {
			isa = PBXResourcesBuildPhase;
			buildActionMask = 2147483647;
			files = (
				217938201ED2B334007DBE43 /* LaunchScreen.storyboard in Resources */,
				2179381D1ED2B334007DBE43 /* Assets.xcassets in Resources */,
				2179381B1ED2B334007DBE43 /* Main.storyboard in Resources */,
			);
			runOnlyForDeploymentPostprocessing = 0;
		};
/* End PBXResourcesBuildPhase section */

/* Begin PBXSourcesBuildPhase section */
		2179380E1ED2B334007DBE43 /* Sources */ = {
			isa = PBXSourcesBuildPhase;
			buildActionMask = 2147483647;
			files = (
				217938181ED2B334007DBE43 /* ViewController.swift in Sources */,
				217938161ED2B334007DBE43 /* AppDelegate.swift in Sources */,
			);
			runOnlyForDeploymentPostprocessing = 0;
		};
/* End PBXSourcesBuildPhase section */

/* Begin PBXVariantGroup section */
		217938191ED2B334007DBE43 /* Main.storyboard */ = {
			isa = PBXVariantGroup;
			children = (
				2179381A1ED2B334007DBE43 /* Base */,
			);
			name = Main.storyboard;
			sourceTree = "<group>";
		};
		2179381E1ED2B334007DBE43 /* LaunchScreen.storyboard */ = {
			isa = PBXVariantGroup;
			children = (
				2179381F1ED2B334007DBE43 /* Base */,
			);
			name = LaunchScreen.storyboard;
			sourceTree = "<group>";
		};
/* End PBXVariantGroup section */

/* Begin XCBuildConfiguration section */
		217938221ED2B334007DBE43 /* Debug */ = {
			isa = XCBuildConfiguration;
			buildSettings = {
				ALWAYS_SEARCH_USER_PATHS = NO;
				CLANG_ANALYZER_NONNULL = YES;
				CLANG_CXX_LANGUAGE_STANDARD = "gnu++0x";
				CLANG_CXX_LIBRARY = "libc++";
				CLANG_ENABLE_MODULES = YES;
				CLANG_ENABLE_OBJC_ARC = YES;
				CLANG_WARN_BOOL_CONVERSION = YES;
				CLANG_WARN_CONSTANT_CONVERSION = YES;
				CLANG_WARN_DIRECT_OBJC_ISA_USAGE = YES_ERROR;
				CLANG_WARN_DOCUMENTATION_COMMENTS = YES;
				CLANG_WARN_EMPTY_BODY = YES;
				CLANG_WARN_ENUM_CONVERSION = YES;
				CLANG_WARN_INFINITE_RECURSION = YES;
				CLANG_WARN_INT_CONVERSION = YES;
				CLANG_WARN_OBJC_ROOT_CLASS = YES_ERROR;
				CLANG_WARN_SUSPICIOUS_MOVE = YES;
				CLANG_WARN_UNREACHABLE_CODE = YES;
				CLANG_WARN__DUPLICATE_METHOD_MATCH = YES;
				"CODE_SIGN_IDENTITY[sdk=iphoneos*]" = "iPhone Developer";
				COPY_PHASE_STRIP = NO;
				DEBUG_INFORMATION_FORMAT = dwarf;
				ENABLE_STRICT_OBJC_MSGSEND = YES;
				ENABLE_TESTABILITY = YES;
				GCC_C_LANGUAGE_STANDARD = gnu99;
				GCC_DYNAMIC_NO_PIC = NO;
				GCC_NO_COMMON_BLOCKS = YES;
				GCC_OPTIMIZATION_LEVEL = 0;
				GCC_PREPROCESSOR_DEFINITIONS = (
					"DEBUG=1",
					"$(inherited)",
				);
				GCC_WARN_64_TO_32_BIT_CONVERSION = YES;
				GCC_WARN_ABOUT_RETURN_TYPE = YES_ERROR;
				GCC_WARN_UNDECLARED_SELECTOR = YES;
				GCC_WARN_UNINITIALIZED_AUTOS = YES_AGGRESSIVE;
				GCC_WARN_UNUSED_FUNCTION = YES;
				GCC_WARN_UNUSED_VARIABLE = YES;
				IPHONEOS_DEPLOYMENT_TARGET = 10.2;
				MTL_ENABLE_DEBUG_INFO = YES;
				ONLY_ACTIVE_ARCH = YES;
				SDKROOT = iphoneos;
				SWIFT_ACTIVE_COMPILATION_CONDITIONS = DEBUG;
				SWIFT_OPTIMIZATION_LEVEL = "-Onone";
				TARGETED_DEVICE_FAMILY = "1,2";
			};
			name = Debug;
		};
		217938231ED2B334007DBE43 /* Release */ = {
			isa = XCBuildConfiguration;
			buildSettings = {
				ALWAYS_SEARCH_USER_PATHS = NO;
				CLANG_ANALYZER_NONNULL = YES;
				CLANG_CXX_LANGUAGE_STANDARD = "gnu++0x";
				CLANG_CXX_LIBRARY = "libc++";
				CLANG_ENABLE_MODULES = YES;
				CLANG_ENABLE_OBJC_ARC = YES;
				CLANG_WARN_BOOL_CONVERSION = YES;
				CLANG_WARN_CONSTANT_CONVERSION = YES;
				CLANG_WARN_DIRECT_OBJC_ISA_USAGE = YES_ERROR;
				CLANG_WARN_DOCUMENTATION_COMMENTS = YES;
				CLANG_WARN_EMPTY_BODY = YES;
				CLANG_WARN_ENUM_CONVERSION = YES;
				CLANG_WARN_INFINITE_RECURSION = YES;
				CLANG_WARN_INT_CONVERSION = YES;
				CLANG_WARN_OBJC_ROOT_CLASS = YES_ERROR;
				CLANG_WARN_SUSPICIOUS_MOVE = YES;
				CLANG_WARN_UNREACHABLE_CODE = YES;
				CLANG_WARN__DUPLICATE_METHOD_MATCH = YES;
				"CODE_SIGN_IDENTITY[sdk=iphoneos*]" = "iPhone Developer";
				COPY_PHASE_STRIP = NO;
				DEBUG_INFORMATION_FORMAT = "dwarf-with-dsym";
				ENABLE_NS_ASSERTIONS = NO;
				ENABLE_STRICT_OBJC_MSGSEND = YES;
				GCC_C_LANGUAGE_STANDARD = gnu99;
				GCC_NO_COMMON_BLOCKS = YES;
				GCC_WARN_64_TO_32_BIT_CONVERSION = YES;
				GCC_WARN_ABOUT_RETURN_TYPE = YES_ERROR;
				GCC_WARN_UNDECLARED_SELECTOR = YES;
				GCC_WARN_UNINITIALIZED_AUTOS = YES_AGGRESSIVE;
				GCC_WARN_UNUSED_FUNCTION = YES;
				GCC_WARN_UNUSED_VARIABLE = YES;
				IPHONEOS_DEPLOYMENT_TARGET = 10.2;
				MTL_ENABLE_DEBUG_INFO = NO;
				SDKROOT = iphoneos;
				SWIFT_OPTIMIZATION_LEVEL = "-Owholemodule";
				TARGETED_DEVICE_FAMILY = "1,2";
				VALIDATE_PRODUCT = YES;
			};
			name = Release;
		};
		217938251ED2B334007DBE43 /* Debug */ = {
			isa = XCBuildConfiguration;
			buildSettings = {
				ASSETCATALOG_COMPILER_APPICON_NAME = AppIcon;
				INFOPLIST_FILE = LoopProgressDemo/Info.plist;
				LD_RUNPATH_SEARCH_PATHS = "$(inherited) @executable_path/Frameworks";
				PRODUCT_BUNDLE_IDENTIFIER = Mazy.LoopProgressDemo;
				PRODUCT_NAME = "$(TARGET_NAME)";
				SWIFT_VERSION = 3.0;
			};
			name = Debug;
		};
		217938261ED2B334007DBE43 /* Release */ = {
			isa = XCBuildConfiguration;
			buildSettings = {
				ASSETCATALOG_COMPILER_APPICON_NAME = AppIcon;
				INFOPLIST_FILE = LoopProgressDemo/Info.plist;
				LD_RUNPATH_SEARCH_PATHS = "$(inherited) @executable_path/Frameworks";
				PRODUCT_BUNDLE_IDENTIFIER = Mazy.LoopProgressDemo;
				PRODUCT_NAME = "$(TARGET_NAME)";
				SWIFT_VERSION = 3.0;
			};
			name = Release;
		};
/* End XCBuildConfiguration section */

/* Begin XCConfigurationList section */
		2179380D1ED2B334007DBE43 /* Build configuration list for PBXProject "LoopProgressDemo" */ = {
			isa = XCConfigurationList;
			buildConfigurations = (
				217938221ED2B334007DBE43 /* Debug */,
				217938231ED2B334007DBE43 /* Release */,
			);
			defaultConfigurationIsVisible = 0;
			defaultConfigurationName = Release;
		};
		217938241ED2B334007DBE43 /* Build configuration list for PBXNativeTarget "LoopProgressDemo" */ = {
			isa = XCConfigurationList;
			buildConfigurations = (
				217938251ED2B334007DBE43 /* Debug */,
				217938261ED2B334007DBE43 /* Release */,
			);
			defaultConfigurationIsVisible = 0;
		};
/* End XCConfigurationList section */
	};
	rootObject = 2179380A1ED2B334007DBE43 /* Project object */;
}
