// !$*UTF8*$!
{
	archiveVersion = 1;
	classes = {
	};
	objectVersion = 46;
	objects = {

/* Begin PBXBuildFile section */
		21EC3F5E1ED915D000217D0D /* AppDelegate.swift in Sources */ = {isa = PBXBuildFile; fileRef = 21EC3F5D1ED915D000217D0D /* AppDelegate.swift */; };
		21EC3F601ED915D000217D0D /* ViewController.swift in Sources */ = {isa = PBXBuildFile; fileRef = 21EC3F5F1ED915D000217D0D /* ViewController.swift */; };
		21EC3F631ED915D000217D0D /* Main.storyboard in Resources */ = {isa = PBXBuildFile; fileRef = 21EC3F611ED915D000217D0D /* Main.storyboard */; };
		21EC3F651ED915D000217D0D /* Assets.xcassets in Resources */ = {isa = PBXBuildFile; fileRef = 21EC3F641ED915D000217D0D /* Assets.xcassets */; };
		21EC3F681ED915D000217D0D /* LaunchScreen.storyboard in Resources */ = {isa = PBXBuildFile; fileRef = 21EC3F661ED915D000217D0D /* LaunchScreen.storyboard */; };
		21EC3F701ED916C900217D0D /* CustomViewController.swift in Sources */ = {isa = PBXBuildFile; fileRef = 21EC3F6F1ED916C900217D0D /* CustomViewController.swift */; };
		21EC3F721ED919D800217D0D /* VisualEffectViewController.swift in Sources */ = {isa = PBXBuildFile; fileRef = 21EC3F711ED919D800217D0D /* VisualEffectViewController.swift */; };
		21EC3F741ED9205400217D0D /* ScrollImageViewController.swift in Sources */ = {isa = PBXBuildFile; fileRef = 21EC3F731ED9205400217D0D /* ScrollImageViewController.swift */; };
/* End PBXBuildFile section */

/* Begin PBXFileReference section */
		21EC3F5A1ED915D000217D0D /* ScrollVisionOffsetImage.app */ = {isa = PBXFileReference; explicitFileType = wrapper.application; includeInIndex = 0; path = ScrollVisionOffsetImage.app; sourceTree = BUILT_PRODUCTS_DIR; };
		21EC3F5D1ED915D000217D0D /* AppDelegate.swift */ = {isa = PBXFileReference; lastKnownFileType = sourcecode.swift; path = AppDelegate.swift; sourceTree = "<group>"; };
		21EC3F5F1ED915D000217D0D /* ViewController.swift */ = {isa = PBXFileReference; lastKnownFileType = sourcecode.swift; path = ViewController.swift; sourceTree = "<group>"; };
		21EC3F621ED915D000217D0D /* Base */ = {isa = PBXFileReference; lastKnownFileType = file.storyboard; name = Base; path = Base.lproj/Main.storyboard; sourceTree = "<group>"; };
		21EC3F641ED915D000217D0D /* Assets.xcassets */ = {isa = PBXFileReference; lastKnownFileType = folder.assetcatalog; path = Assets.xcassets; sourceTree = "<group>"; };
		21EC3F671ED915D000217D0D /* Base */ = {isa = PBXFileReference; lastKnownFileType = file.storyboard; name = Base; path = Base.lproj/LaunchScreen.storyboard; sourceTree = "<group>"; };
		21EC3F691ED915D000217D0D /* Info.plist */ = {isa = PBXFileReference; lastKnownFileType = text.plist.xml; path = Info.plist; sourceTree = "<group>"; };
		21EC3F6F1ED916C900217D0D /* CustomViewController.swift */ = {isa = PBXFileReference; fileEncoding = 4; lastKnownFileType = sourcecode.swift; path = CustomViewController.swift; sourceTree = "<group>"; };
		21EC3F711ED919D800217D0D /* VisualEffectViewController.swift */ = {isa = PBXFileReference; fileEncoding = 4; lastKnownFileType = sourcecode.swift; path = VisualEffectViewController.swift; sourceTree = "<group>"; };
		21EC3F731ED9205400217D0D /* ScrollImageViewController.swift */ = {isa = PBXFileReference; fileEncoding = 4; lastKnownFileType = sourcecode.swift; path = ScrollImageViewController.swift; sourceTree = "<group>"; };
/* End PBXFileReference section */

/* Begin PBXFrameworksBuildPhase section */
		21EC3F571ED915D000217D0D /* Frameworks */ = {
			isa = PBXFrameworksBuildPhase;
			buildActionMask = 2147483647;
			files = (
			);
			runOnlyForDeploymentPostprocessing = 0;
		};
/* End PBXFrameworksBuildPhase section */

/* Begin PBXGroup section */
		21EC3F511ED915D000217D0D = {
			isa = PBXGroup;
			children = (
				21EC3F5C1ED915D000217D0D /* ScrollVisionOffsetImage */,
				21EC3F5B1ED915D000217D0D /* Products */,
			);
			sourceTree = "<group>";
		};
		21EC3F5B1ED915D000217D0D /* Products */ = {
			isa = PBXGroup;
			children = (
				21EC3F5A1ED915D000217D0D /* ScrollVisionOffsetImage.app */,
			);
			name = Products;
			sourceTree = "<group>";
		};
		21EC3F5C1ED915D000217D0D /* ScrollVisionOffsetImage */ = {
			isa = PBXGroup;
			children = (
				21EC3F5D1ED915D000217D0D /* AppDelegate.swift */,
				21EC3F5F1ED915D000217D0D /* ViewController.swift */,
				21EC3F6F1ED916C900217D0D /* CustomViewController.swift */,
				21EC3F711ED919D800217D0D /* VisualEffectViewController.swift */,
				21EC3F731ED9205400217D0D /* ScrollImageViewController.swift */,
				21EC3F611ED915D000217D0D /* Main.storyboard */,
				21EC3F641ED915D000217D0D /* Assets.xcassets */,
				21EC3F661ED915D000217D0D /* LaunchScreen.storyboard */,
				21EC3F691ED915D000217D0D /* Info.plist */,
			);
			path = ScrollVisionOffsetImage;
			sourceTree = "<group>";
		};
/* End PBXGroup section */

/* Begin PBXNativeTarget section */
		21EC3F591ED915D000217D0D /* ScrollVisionOffsetImage */ = {
			isa = PBXNativeTarget;
			buildConfigurationList = 21EC3F6C1ED915D000217D0D /* Build configuration list for PBXNativeTarget "ScrollVisionOffsetImage" */;
			buildPhases = (
				21EC3F561ED915D000217D0D /* Sources */,
				21EC3F571ED915D000217D0D /* Frameworks */,
				21EC3F581ED915D000217D0D /* Resources */,
			);
			buildRules = (
			);
			dependencies = (
			);
			name = ScrollVisionOffsetImage;
			productName = ScrollVisionOffsetImage;
			productReference = 21EC3F5A1ED915D000217D0D /* ScrollVisionOffsetImage.app */;
			productType = "com.apple.product-type.application";
		};
/* End PBXNativeTarget section */

/* Begin PBXProject section */
		21EC3F521ED915D000217D0D /* Project object */ = {
			isa = PBXProject;
			attributes = {
				LastSwiftUpdateCheck = 0820;
				LastUpgradeCheck = 0820;
				ORGANIZATIONNAME = Mazy;
				TargetAttributes = {
					21EC3F591ED915D000217D0D = {
						CreatedOnToolsVersion = 8.2.1;
						ProvisioningStyle = Automatic;
					};
				};
			};
			buildConfigurationList = 21EC3F551ED915D000217D0D /* Build configuration list for PBXProject "ScrollVisionOffsetImage" */;
			compatibilityVersion = "Xcode 3.2";
			developmentRegion = English;
			hasScannedForEncodings = 0;
			knownRegions = (
				en,
				Base,
			);
			mainGroup = 21EC3F511ED915D000217D0D;
			productRefGroup = 21EC3F5B1ED915D000217D0D /* Products */;
			projectDirPath = "";
			projectRoot = "";
			targets = (
				21EC3F591ED915D000217D0D /* ScrollVisionOffsetImage */,
			);
		};
/* End PBXProject section */

/* Begin PBXResourcesBuildPhase section */
		21EC3F581ED915D000217D0D /* Resources */ = {
			isa = PBXResourcesBuildPhase;
			buildActionMask = 2147483647;
			files = (
				21EC3F681ED915D000217D0D /* LaunchScreen.storyboard in Resources */,
				21EC3F651ED915D000217D0D /* Assets.xcassets in Resources */,
				21EC3F631ED915D000217D0D /* Main.storyboard in Resources */,
			);
			runOnlyForDeploymentPostprocessing = 0;
		};
/* End PBXResourcesBuildPhase section */

/* Begin PBXSourcesBuildPhase section */
		21EC3F561ED915D000217D0D /* Sources */ = {
			isa = PBXSourcesBuildPhase;
			buildActionMask = 2147483647;
			files = (
				21EC3F741ED9205400217D0D /* ScrollImageViewController.swift in Sources */,
				21EC3F701ED916C900217D0D /* CustomViewController.swift in Sources */,
				21EC3F601ED915D000217D0D /* ViewController.swift in Sources */,
				21EC3F721ED919D800217D0D /* VisualEffectViewController.swift in Sources */,
				21EC3F5E1ED915D000217D0D /* AppDelegate.swift in Sources */,
			);
			runOnlyForDeploymentPostprocessing = 0;
		};
/* End PBXSourcesBuildPhase section */

/* Begin PBXVariantGroup section */
		21EC3F611ED915D000217D0D /* Main.storyboard */ = {
			isa = PBXVariantGroup;
			children = (
				21EC3F621ED915D000217D0D /* Base */,
			);
			name = Main.storyboard;
			sourceTree = "<group>";
		};
		21EC3F661ED915D000217D0D /* LaunchScreen.storyboard */ = {
			isa = PBXVariantGroup;
			children = (
				21EC3F671ED915D000217D0D /* Base */,
			);
			name = LaunchScreen.storyboard;
			sourceTree = "<group>";
		};
/* End PBXVariantGroup section */

/* Begin XCBuildConfiguration section */
		21EC3F6A1ED915D000217D0D /* Debug */ = {
			isa = XCBuildConfiguration;
			buildSettings = {
				ALWAYS_SEARCH_USER_PATHS = NO;
				CLANG_ANALYZER_NONNULL = YES;
				CLANG_CXX_LANGUAGE_STANDARD = "gnu++0x";
				CLANG_CXX_LIBRARY = "libc++";
				CLANG_ENABLE_MODULES = YES;
				CLANG_ENABLE_OBJC_ARC = YES;
				CLANG_WARN_BOOL_CONVERSION = YES;
				CLANG_WARN_CONSTANT_CONVERSION = YES;
				CLANG_WARN_DIRECT_OBJC_ISA_USAGE = YES_ERROR;
				CLANG_WARN_DOCUMENTATION_COMMENTS = YES;
				CLANG_WARN_EMPTY_BODY = YES;
				CLANG_WARN_ENUM_CONVERSION = YES;
				CLANG_WARN_INFINITE_RECURSION = YES;
				CLANG_WARN_INT_CONVERSION = YES;
				CLANG_WARN_OBJC_ROOT_CLASS = YES_ERROR;
				CLANG_WARN_SUSPICIOUS_MOVE = YES;
				CLANG_WARN_UNREACHABLE_CODE = YES;
				CLANG_WARN__DUPLICATE_METHOD_MATCH = YES;
				"CODE_SIGN_IDENTITY[sdk=iphoneos*]" = "iPhone Developer";
				COPY_PHASE_STRIP = NO;
				DEBUG_INFORMATION_FORMAT = dwarf;
				ENABLE_STRICT_OBJC_MSGSEND = YES;
				ENABLE_TESTABILITY = YES;
				GCC_C_LANGUAGE_STANDARD = gnu99;
				GCC_DYNAMIC_NO_PIC = NO;
				GCC_NO_COMMON_BLOCKS = YES;
				GCC_OPTIMIZATION_LEVEL = 0;
				GCC_PREPROCESSOR_DEFINITIONS = (
					"DEBUG=1",
					"$(inherited)",
				);
				GCC_WARN_64_TO_32_BIT_CONVERSION = YES;
				GCC_WARN_ABOUT_RETURN_TYPE = YES_ERROR;
				GCC_WARN_UNDECLARED_SELECTOR = YES;
				GCC_WARN_UNINITIALIZED_AUTOS = YES_AGGRESSIVE;
				GCC_WARN_UNUSED_FUNCTION = YES;
				GCC_WARN_UNUSED_VARIABLE = YES;
				IPHONEOS_DEPLOYMENT_TARGET = 10.2;
				MTL_ENABLE_DEBUG_INFO = YES;
				ONLY_ACTIVE_ARCH = YES;
				SDKROOT = iphoneos;
				SWIFT_ACTIVE_COMPILATION_CONDITIONS = DEBUG;
				SWIFT_OPTIMIZATION_LEVEL = "-Onone";
				TARGETED_DEVICE_FAMILY = "1,2";
			};
			name = Debug;
		};
		21EC3F6B1ED915D000217D0D /* Release */ = {
			isa = XCBuildConfiguration;
			buildSettings = {
				ALWAYS_SEARCH_USER_PATHS = NO;
				CLANG_ANALYZER_NONNULL = YES;
				CLANG_CXX_LANGUAGE_STANDARD = "gnu++0x";
				CLANG_CXX_LIBRARY = "libc++";
				CLANG_ENABLE_MODULES = YES;
				CLANG_ENABLE_OBJC_ARC = YES;
				CLANG_WARN_BOOL_CONVERSION = YES;
				CLANG_WARN_CONSTANT_CONVERSION = YES;
				CLANG_WARN_DIRECT_OBJC_ISA_USAGE = YES_ERROR;
				CLANG_WARN_DOCUMENTATION_COMMENTS = YES;
				CLANG_WARN_EMPTY_BODY = YES;
				CLANG_WARN_ENUM_CONVERSION = YES;
				CLANG_WARN_INFINITE_RECURSION = YES;
				CLANG_WARN_INT_CONVERSION = YES;
				CLANG_WARN_OBJC_ROOT_CLASS = YES_ERROR;
				CLANG_WARN_SUSPICIOUS_MOVE = YES;
				CLANG_WARN_UNREACHABLE_CODE = YES;
				CLANG_WARN__DUPLICATE_METHOD_MATCH = YES;
				"CODE_SIGN_IDENTITY[sdk=iphoneos*]" = "iPhone Developer";
				COPY_PHASE_STRIP = NO;
				DEBUG_INFORMATION_FORMAT = "dwarf-with-dsym";
				ENABLE_NS_ASSERTIONS = NO;
				ENABLE_STRICT_OBJC_MSGSEND = YES;
				GCC_C_LANGUAGE_STANDARD = gnu99;
				GCC_NO_COMMON_BLOCKS = YES;
				GCC_WARN_64_TO_32_BIT_CONVERSION = YES;
				GCC_WARN_ABOUT_RETURN_TYPE = YES_ERROR;
				GCC_WARN_UNDECLARED_SELECTOR = YES;
				GCC_WARN_UNINITIALIZED_AUTOS = YES_AGGRESSIVE;
				GCC_WARN_UNUSED_FUNCTION = YES;
				GCC_WARN_UNUSED_VARIABLE = YES;
				IPHONEOS_DEPLOYMENT_TARGET = 10.2;
				MTL_ENABLE_DEBUG_INFO = NO;
				SDKROOT = iphoneos;
				SWIFT_OPTIMIZATION_LEVEL = "-Owholemodule";
				TARGETED_DEVICE_FAMILY = "1,2";
				VALIDATE_PRODUCT = YES;
			};
			name = Release;
		};
		21EC3F6D1ED915D000217D0D /* Debug */ = {
			isa = XCBuildConfiguration;
			buildSettings = {
				ASSETCATALOG_COMPILER_APPICON_NAME = AppIcon;
				INFOPLIST_FILE = ScrollVisionOffsetImage/Info.plist;
				LD_RUNPATH_SEARCH_PATHS = "$(inherited) @executable_path/Frameworks";
				PRODUCT_BUNDLE_IDENTIFIER = Mazy.ScrollVisionOffsetImage;
				PRODUCT_NAME = "$(TARGET_NAME)";
				SWIFT_VERSION = 3.0;
			};
			name = Debug;
		};
		21EC3F6E1ED915D000217D0D /* Release */ = {
			isa = XCBuildConfiguration;
			buildSettings = {
				ASSETCATALOG_COMPILER_APPICON_NAME = AppIcon;
				INFOPLIST_FILE = ScrollVisionOffsetImage/Info.plist;
				LD_RUNPATH_SEARCH_PATHS = "$(inherited) @executable_path/Frameworks";
				PRODUCT_BUNDLE_IDENTIFIER = Mazy.ScrollVisionOffsetImage;
				PRODUCT_NAME = "$(TARGET_NAME)";
				SWIFT_VERSION = 3.0;
			};
			name = Release;
		};
/* End XCBuildConfiguration section */

/* Begin XCConfigurationList section */
		21EC3F551ED915D000217D0D /* Build configuration list for PBXProject "ScrollVisionOffsetImage" */ = {
			isa = XCConfigurationList;
			buildConfigurations = (
				21EC3F6A1ED915D000217D0D /* Debug */,
				21EC3F6B1ED915D000217D0D /* Release */,
			);
			defaultConfigurationIsVisible = 0;
			defaultConfigurationName = Release;
		};
		21EC3F6C1ED915D000217D0D /* Build configuration list for PBXNativeTarget "ScrollVisionOffsetImage" */ = {
			isa = XCConfigurationList;
			buildConfigurations = (
				21EC3F6D1ED915D000217D0D /* Debug */,
				21EC3F6E1ED915D000217D0D /* Release */,
			);
			defaultConfigurationIsVisible = 0;
		};
/* End XCConfigurationList section */
	};
	rootObject = 21EC3F521ED915D000217D0D /* Project object */;
}
