// !$*UTF8*$!
{
	archiveVersion = 1;
	classes = {
	};
	objectVersion = 46;
	objects = {

/* Begin PBXBuildFile section */
		64CD0ED71EB1DD1900E34B46 /* AppDelegate.swift in Sources */ = {isa = PBXBuildFile; fileRef = 64CD0ED61EB1DD1900E34B46 /* AppDelegate.swift */; };
		64CD0ED91EB1DD1900E34B46 /* ViewController.swift in Sources */ = {isa = PBXBuildFile; fileRef = 64CD0ED81EB1DD1900E34B46 /* ViewController.swift */; };
		64CD0EDC1EB1DD1900E34B46 /* Main.storyboard in Resources */ = {isa = PBXBuildFile; fileRef = 64CD0EDA1EB1DD1900E34B46 /* Main.storyboard */; };
		64CD0EDE1EB1DD1900E34B46 /* Assets.xcassets in Resources */ = {isa = PBXBuildFile; fileRef = 64CD0EDD1EB1DD1900E34B46 /* Assets.xcassets */; };
		64CD0EE11EB1DD1900E34B46 /* LaunchScreen.storyboard in Resources */ = {isa = PBXBuildFile; fileRef = 64CD0EDF1EB1DD1900E34B46 /* LaunchScreen.storyboard */; };
		64CD0EEA1EB1E06600E34B46 /* TitleViewCell.swift in Sources */ = {isa = PBXBuildFile; fileRef = 64CD0EE81EB1E06600E34B46 /* TitleViewCell.swift */; };
		64CD0EEB1EB1E06600E34B46 /* TitleViewCell.xib in Resources */ = {isa = PBXBuildFile; fileRef = 64CD0EE91EB1E06600E34B46 /* TitleViewCell.xib */; };
/* End PBXBuildFile section */

/* Begin PBXFileReference section */
		64CD0ED31EB1DD1900E34B46 /* VerticalScrollingLabel.app */ = {isa = PBXFileReference; explicitFileType = wrapper.application; includeInIndex = 0; path = VerticalScrollingLabel.app; sourceTree = BUILT_PRODUCTS_DIR; };
		64CD0ED61EB1DD1900E34B46 /* AppDelegate.swift */ = {isa = PBXFileReference; lastKnownFileType = sourcecode.swift; path = AppDelegate.swift; sourceTree = "<group>"; };
		64CD0ED81EB1DD1900E34B46 /* ViewController.swift */ = {isa = PBXFileReference; lastKnownFileType = sourcecode.swift; path = ViewController.swift; sourceTree = "<group>"; };
		64CD0EDB1EB1DD1900E34B46 /* Base */ = {isa = PBXFileReference; lastKnownFileType = file.storyboard; name = Base; path = Base.lproj/Main.storyboard; sourceTree = "<group>"; };
		64CD0EDD1EB1DD1900E34B46 /* Assets.xcassets */ = {isa = PBXFileReference; lastKnownFileType = folder.assetcatalog; path = Assets.xcassets; sourceTree = "<group>"; };
		64CD0EE01EB1DD1900E34B46 /* Base */ = {isa = PBXFileReference; lastKnownFileType = file.storyboard; name = Base; path = Base.lproj/LaunchScreen.storyboard; sourceTree = "<group>"; };
		64CD0EE21EB1DD1900E34B46 /* Info.plist */ = {isa = PBXFileReference; lastKnownFileType = text.plist.xml; path = Info.plist; sourceTree = "<group>"; };
		64CD0EE81EB1E06600E34B46 /* TitleViewCell.swift */ = {isa = PBXFileReference; fileEncoding = 4; lastKnownFileType = sourcecode.swift; path = TitleViewCell.swift; sourceTree = "<group>"; };
		64CD0EE91EB1E06600E34B46 /* TitleViewCell.xib */ = {isa = PBXFileReference; fileEncoding = 4; lastKnownFileType = file.xib; path = TitleViewCell.xib; sourceTree = "<group>"; };
/* End PBXFileReference section */

/* Begin PBXFrameworksBuildPhase section */
		64CD0ED01EB1DD1900E34B46 /* Frameworks */ = {
			isa = PBXFrameworksBuildPhase;
			buildActionMask = 2147483647;
			files = (
			);
			runOnlyForDeploymentPostprocessing = 0;
		};
/* End PBXFrameworksBuildPhase section */

/* Begin PBXGroup section */
		64CD0ECA1EB1DD1900E34B46 = {
			isa = PBXGroup;
			children = (
				64CD0ED51EB1DD1900E34B46 /* VerticalScrollingLabel */,
				64CD0ED41EB1DD1900E34B46 /* Products */,
			);
			sourceTree = "<group>";
		};
		64CD0ED41EB1DD1900E34B46 /* Products */ = {
			isa = PBXGroup;
			children = (
				64CD0ED31EB1DD1900E34B46 /* VerticalScrollingLabel.app */,
			);
			name = Products;
			sourceTree = "<group>";
		};
		64CD0ED51EB1DD1900E34B46 /* VerticalScrollingLabel */ = {
			isa = PBXGroup;
			children = (
				64CD0ED61EB1DD1900E34B46 /* AppDelegate.swift */,
				64CD0ED81EB1DD1900E34B46 /* ViewController.swift */,
				64CD0EE81EB1E06600E34B46 /* TitleViewCell.swift */,
				64CD0EE91EB1E06600E34B46 /* TitleViewCell.xib */,
				64CD0EDA1EB1DD1900E34B46 /* Main.storyboard */,
				64CD0EDD1EB1DD1900E34B46 /* Assets.xcassets */,
				64CD0EDF1EB1DD1900E34B46 /* LaunchScreen.storyboard */,
				64CD0EE21EB1DD1900E34B46 /* Info.plist */,
			);
			path = VerticalScrollingLabel;
			sourceTree = "<group>";
		};
/* End PBXGroup section */

/* Begin PBXNativeTarget section */
		64CD0ED21EB1DD1900E34B46 /* VerticalScrollingLabel */ = {
			isa = PBXNativeTarget;
			buildConfigurationList = 64CD0EE51EB1DD1900E34B46 /* Build configuration list for PBXNativeTarget "VerticalScrollingLabel" */;
			buildPhases = (
				64CD0ECF1EB1DD1900E34B46 /* Sources */,
				64CD0ED01EB1DD1900E34B46 /* Frameworks */,
				64CD0ED11EB1DD1900E34B46 /* Resources */,
			);
			buildRules = (
			);
			dependencies = (
			);
			name = VerticalScrollingLabel;
			productName = VerticalScrollingLabel;
			productReference = 64CD0ED31EB1DD1900E34B46 /* VerticalScrollingLabel.app */;
			productType = "com.apple.product-type.application";
		};
/* End PBXNativeTarget section */

/* Begin PBXProject section */
		64CD0ECB1EB1DD1900E34B46 /* Project object */ = {
			isa = PBXProject;
			attributes = {
				LastSwiftUpdateCheck = 0820;
				LastUpgradeCheck = 0820;
				ORGANIZATIONNAME = Mazy;
				TargetAttributes = {
					64CD0ED21EB1DD1900E34B46 = {
						CreatedOnToolsVersion = 8.2.1;
						ProvisioningStyle = Automatic;
					};
				};
			};
			buildConfigurationList = 64CD0ECE1EB1DD1900E34B46 /* Build configuration list for PBXProject "VerticalScrollingLabel" */;
			compatibilityVersion = "Xcode 3.2";
			developmentRegion = English;
			hasScannedForEncodings = 0;
			knownRegions = (
				en,
				Base,
			);
			mainGroup = 64CD0ECA1EB1DD1900E34B46;
			productRefGroup = 64CD0ED41EB1DD1900E34B46 /* Products */;
			projectDirPath = "";
			projectRoot = "";
			targets = (
				64CD0ED21EB1DD1900E34B46 /* VerticalScrollingLabel */,
			);
		};
/* End PBXProject section */

/* Begin PBXResourcesBuildPhase section */
		64CD0ED11EB1DD1900E34B46 /* Resources */ = {
			isa = PBXResourcesBuildPhase;
			buildActionMask = 2147483647;
			files = (
				64CD0EE11EB1DD1900E34B46 /* LaunchScreen.storyboard in Resources */,
				64CD0EDE1EB1DD1900E34B46 /* Assets.xcassets in Resources */,
				64CD0EDC1EB1DD1900E34B46 /* Main.storyboard in Resources */,
				64CD0EEB1EB1E06600E34B46 /* TitleViewCell.xib in Resources */,
			);
			runOnlyForDeploymentPostprocessing = 0;
		};
/* End PBXResourcesBuildPhase section */

/* Begin PBXSourcesBuildPhase section */
		64CD0ECF1EB1DD1900E34B46 /* Sources */ = {
			isa = PBXSourcesBuildPhase;
			buildActionMask = 2147483647;
			files = (
				64CD0EEA1EB1E06600E34B46 /* TitleViewCell.swift in Sources */,
				64CD0ED91EB1DD1900E34B46 /* ViewController.swift in Sources */,
				64CD0ED71EB1DD1900E34B46 /* AppDelegate.swift in Sources */,
			);
			runOnlyForDeploymentPostprocessing = 0;
		};
/* End PBXSourcesBuildPhase section */

/* Begin PBXVariantGroup section */
		64CD0EDA1EB1DD1900E34B46 /* Main.storyboard */ = {
			isa = PBXVariantGroup;
			children = (
				64CD0EDB1EB1DD1900E34B46 /* Base */,
			);
			name = Main.storyboard;
			sourceTree = "<group>";
		};
		64CD0EDF1EB1DD1900E34B46 /* LaunchScreen.storyboard */ = {
			isa = PBXVariantGroup;
			children = (
				64CD0EE01EB1DD1900E34B46 /* Base */,
			);
			name = LaunchScreen.storyboard;
			sourceTree = "<group>";
		};
/* End PBXVariantGroup section */

/* Begin XCBuildConfiguration section */
		64CD0EE31EB1DD1900E34B46 /* Debug */ = {
			isa = XCBuildConfiguration;
			buildSettings = {
				ALWAYS_SEARCH_USER_PATHS = NO;
				CLANG_ANALYZER_NONNULL = YES;
				CLANG_CXX_LANGUAGE_STANDARD = "gnu++0x";
				CLANG_CXX_LIBRARY = "libc++";
				CLANG_ENABLE_MODULES = YES;
				CLANG_ENABLE_OBJC_ARC = YES;
				CLANG_WARN_BOOL_CONVERSION = YES;
				CLANG_WARN_CONSTANT_CONVERSION = YES;
				CLANG_WARN_DIRECT_OBJC_ISA_USAGE = YES_ERROR;
				CLANG_WARN_DOCUMENTATION_COMMENTS = YES;
				CLANG_WARN_EMPTY_BODY = YES;
				CLANG_WARN_ENUM_CONVERSION = YES;
				CLANG_WARN_INFINITE_RECURSION = YES;
				CLANG_WARN_INT_CONVERSION = YES;
				CLANG_WARN_OBJC_ROOT_CLASS = YES_ERROR;
				CLANG_WARN_SUSPICIOUS_MOVE = YES;
				CLANG_WARN_UNREACHABLE_CODE = YES;
				CLANG_WARN__DUPLICATE_METHOD_MATCH = YES;
				"CODE_SIGN_IDENTITY[sdk=iphoneos*]" = "iPhone Developer";
				COPY_PHASE_STRIP = NO;
				DEBUG_INFORMATION_FORMAT = dwarf;
				ENABLE_STRICT_OBJC_MSGSEND = YES;
				ENABLE_TESTABILITY = YES;
				GCC_C_LANGUAGE_STANDARD = gnu99;
				GCC_DYNAMIC_NO_PIC = NO;
				GCC_NO_COMMON_BLOCKS = YES;
				GCC_OPTIMIZATION_LEVEL = 0;
				GCC_PREPROCESSOR_DEFINITIONS = (
					"DEBUG=1",
					"$(inherited)",
				);
				GCC_WARN_64_TO_32_BIT_CONVERSION = YES;
				GCC_WARN_ABOUT_RETURN_TYPE = YES_ERROR;
				GCC_WARN_UNDECLARED_SELECTOR = YES;
				GCC_WARN_UNINITIALIZED_AUTOS = YES_AGGRESSIVE;
				GCC_WARN_UNUSED_FUNCTION = YES;
				GCC_WARN_UNUSED_VARIABLE = YES;
				IPHONEOS_DEPLOYMENT_TARGET = 10.2;
				MTL_ENABLE_DEBUG_INFO = YES;
				ONLY_ACTIVE_ARCH = YES;
				SDKROOT = iphoneos;
				SWIFT_ACTIVE_COMPILATION_CONDITIONS = DEBUG;
				SWIFT_OPTIMIZATION_LEVEL = "-Onone";
			};
			name = Debug;
		};
		64CD0EE41EB1DD1900E34B46 /* Release */ = {
			isa = XCBuildConfiguration;
			buildSettings = {
				ALWAYS_SEARCH_USER_PATHS = NO;
				CLANG_ANALYZER_NONNULL = YES;
				CLANG_CXX_LANGUAGE_STANDARD = "gnu++0x";
				CLANG_CXX_LIBRARY = "libc++";
				CLANG_ENABLE_MODULES = YES;
				CLANG_ENABLE_OBJC_ARC = YES;
				CLANG_WARN_BOOL_CONVERSION = YES;
				CLANG_WARN_CONSTANT_CONVERSION = YES;
				CLANG_WARN_DIRECT_OBJC_ISA_USAGE = YES_ERROR;
				CLANG_WARN_DOCUMENTATION_COMMENTS = YES;
				CLANG_WARN_EMPTY_BODY = YES;
				CLANG_WARN_ENUM_CONVERSION = YES;
				CLANG_WARN_INFINITE_RECURSION = YES;
				CLANG_WARN_INT_CONVERSION = YES;
				CLANG_WARN_OBJC_ROOT_CLASS = YES_ERROR;
				CLANG_WARN_SUSPICIOUS_MOVE = YES;
				CLANG_WARN_UNREACHABLE_CODE = YES;
				CLANG_WARN__DUPLICATE_METHOD_MATCH = YES;
				"CODE_SIGN_IDENTITY[sdk=iphoneos*]" = "iPhone Developer";
				COPY_PHASE_STRIP = NO;
				DEBUG_INFORMATION_FORMAT = "dwarf-with-dsym";
				ENABLE_NS_ASSERTIONS = NO;
				ENABLE_STRICT_OBJC_MSGSEND = YES;
				GCC_C_LANGUAGE_STANDARD = gnu99;
				GCC_NO_COMMON_BLOCKS = YES;
				GCC_WARN_64_TO_32_BIT_CONVERSION = YES;
				GCC_WARN_ABOUT_RETURN_TYPE = YES_ERROR;
				GCC_WARN_UNDECLARED_SELECTOR = YES;
				GCC_WARN_UNINITIALIZED_AUTOS = YES_AGGRESSIVE;
				GCC_WARN_UNUSED_FUNCTION = YES;
				GCC_WARN_UNUSED_VARIABLE = YES;
				IPHONEOS_DEPLOYMENT_TARGET = 10.2;
				MTL_ENABLE_DEBUG_INFO = NO;
				SDKROOT = iphoneos;
				SWIFT_OPTIMIZATION_LEVEL = "-Owholemodule";
				VALIDATE_PRODUCT = YES;
			};
			name = Release;
		};
		64CD0EE61EB1DD1900E34B46 /* Debug */ = {
			isa = XCBuildConfiguration;
			buildSettings = {
				ASSETCATALOG_COMPILER_APPICON_NAME = AppIcon;
				INFOPLIST_FILE = VerticalScrollingLabel/Info.plist;
				LD_RUNPATH_SEARCH_PATHS = "$(inherited) @executable_path/Frameworks";
				PRODUCT_BUNDLE_IDENTIFIER = Mazy.VerticalScrollingLabel;
				PRODUCT_NAME = "$(TARGET_NAME)";
				SWIFT_VERSION = 3.0;
			};
			name = Debug;
		};
		64CD0EE71EB1DD1900E34B46 /* Release */ = {
			isa = XCBuildConfiguration;
			buildSettings = {
				ASSETCATALOG_COMPILER_APPICON_NAME = AppIcon;
				INFOPLIST_FILE = VerticalScrollingLabel/Info.plist;
				LD_RUNPATH_SEARCH_PATHS = "$(inherited) @executable_path/Frameworks";
				PRODUCT_BUNDLE_IDENTIFIER = Mazy.VerticalScrollingLabel;
				PRODUCT_NAME = "$(TARGET_NAME)";
				SWIFT_VERSION = 3.0;
			};
			name = Release;
		};
/* End XCBuildConfiguration section */

/* Begin XCConfigurationList section */
		64CD0ECE1EB1DD1900E34B46 /* Build configuration list for PBXProject "VerticalScrollingLabel" */ = {
			isa = XCConfigurationList;
			buildConfigurations = (
				64CD0EE31EB1DD1900E34B46 /* Debug */,
				64CD0EE41EB1DD1900E34B46 /* Release */,
			);
			defaultConfigurationIsVisible = 0;
			defaultConfigurationName = Release;
		};
		64CD0EE51EB1DD1900E34B46 /* Build configuration list for PBXNativeTarget "VerticalScrollingLabel" */ = {
			isa = XCConfigurationList;
			buildConfigurations = (
				64CD0EE61EB1DD1900E34B46 /* Debug */,
				64CD0EE71EB1DD1900E34B46 /* Release */,
			);
			defaultConfigurationIsVisible = 0;
		};
/* End XCConfigurationList section */
	};
	rootObject = 64CD0ECB1EB1DD1900E34B46 /* Project object */;
}
