// !$*UTF8*$!
{
	archiveVersion = 1;
	classes = {
	};
	objectVersion = 46;
	objects = {

/* Begin PBXBuildFile section */
		2147BCD81F04D0660070FA6C /* AppDelegate.swift in Sources */ = {isa = PBXBuildFile; fileRef = 2147BCD71F04D0660070FA6C /* AppDelegate.swift */; };
		2147BCDA1F04D0660070FA6C /* ViewController.swift in Sources */ = {isa = PBXBuildFile; fileRef = 2147BCD91F04D0660070FA6C /* ViewController.swift */; };
		2147BCDD1F04D0660070FA6C /* Main.storyboard in Resources */ = {isa = PBXBuildFile; fileRef = 2147BCDB1F04D0660070FA6C /* Main.storyboard */; };
		2147BCDF1F04D0660070FA6C /* Assets.xcassets in Resources */ = {isa = PBXBuildFile; fileRef = 2147BCDE1F04D0660070FA6C /* Assets.xcassets */; };
		2147BCE21F04D0660070FA6C /* LaunchScreen.storyboard in Resources */ = {isa = PBXBuildFile; fileRef = 2147BCE01F04D0660070FA6C /* LaunchScreen.storyboard */; };
/* End PBXBuildFile section */

/* Begin PBXFileReference section */
		2147BCD41F04D0660070FA6C /* CustomAnimationForNavigationPush.app */ = {isa = PBXFileReference; explicitFileType = wrapper.application; includeInIndex = 0; path = CustomAnimationForNavigationPush.app; sourceTree = BUILT_PRODUCTS_DIR; };
		2147BCD71F04D0660070FA6C /* AppDelegate.swift */ = {isa = PBXFileReference; lastKnownFileType = sourcecode.swift; path = AppDelegate.swift; sourceTree = "<group>"; };
		2147BCD91F04D0660070FA6C /* ViewController.swift */ = {isa = PBXFileReference; lastKnownFileType = sourcecode.swift; path = ViewController.swift; sourceTree = "<group>"; };
		2147BCDC1F04D0660070FA6C /* Base */ = {isa = PBXFileReference; lastKnownFileType = file.storyboard; name = Base; path = Base.lproj/Main.storyboard; sourceTree = "<group>"; };
		2147BCDE1F04D0660070FA6C /* Assets.xcassets */ = {isa = PBXFileReference; lastKnownFileType = folder.assetcatalog; path = Assets.xcassets; sourceTree = "<group>"; };
		2147BCE11F04D0660070FA6C /* Base */ = {isa = PBXFileReference; lastKnownFileType = file.storyboard; name = Base; path = Base.lproj/LaunchScreen.storyboard; sourceTree = "<group>"; };
		2147BCE31F04D0660070FA6C /* Info.plist */ = {isa = PBXFileReference; lastKnownFileType = text.plist.xml; path = Info.plist; sourceTree = "<group>"; };
/* End PBXFileReference section */

/* Begin PBXFrameworksBuildPhase section */
		2147BCD11F04D0660070FA6C /* Frameworks */ = {
			isa = PBXFrameworksBuildPhase;
			buildActionMask = 2147483647;
			files = (
			);
			runOnlyForDeploymentPostprocessing = 0;
		};
/* End PBXFrameworksBuildPhase section */

/* Begin PBXGroup section */
		2147BCCB1F04D0660070FA6C = {
			isa = PBXGroup;
			children = (
				2147BCD61F04D0660070FA6C /* CustomAnimationForNavigationPush */,
				2147BCD51F04D0660070FA6C /* Products */,
			);
			sourceTree = "<group>";
		};
		2147BCD51F04D0660070FA6C /* Products */ = {
			isa = PBXGroup;
			children = (
				2147BCD41F04D0660070FA6C /* CustomAnimationForNavigationPush.app */,
			);
			name = Products;
			sourceTree = "<group>";
		};
		2147BCD61F04D0660070FA6C /* CustomAnimationForNavigationPush */ = {
			isa = PBXGroup;
			children = (
				2147BCD71F04D0660070FA6C /* AppDelegate.swift */,
				2147BCD91F04D0660070FA6C /* ViewController.swift */,
				2147BCDB1F04D0660070FA6C /* Main.storyboard */,
				2147BCDE1F04D0660070FA6C /* Assets.xcassets */,
				2147BCE01F04D0660070FA6C /* LaunchScreen.storyboard */,
				2147BCE31F04D0660070FA6C /* Info.plist */,
			);
			path = CustomAnimationForNavigationPush;
			sourceTree = "<group>";
		};
/* End PBXGroup section */

/* Begin PBXNativeTarget section */
		2147BCD31F04D0660070FA6C /* CustomAnimationForNavigationPush */ = {
			isa = PBXNativeTarget;
			buildConfigurationList = 2147BCE61F04D0660070FA6C /* Build configuration list for PBXNativeTarget "CustomAnimationForNavigationPush" */;
			buildPhases = (
				2147BCD01F04D0660070FA6C /* Sources */,
				2147BCD11F04D0660070FA6C /* Frameworks */,
				2147BCD21F04D0660070FA6C /* Resources */,
			);
			buildRules = (
			);
			dependencies = (
			);
			name = CustomAnimationForNavigationPush;
			productName = CustomAnimationForNavigationPush;
			productReference = 2147BCD41F04D0660070FA6C /* CustomAnimationForNavigationPush.app */;
			productType = "com.apple.product-type.application";
		};
/* End PBXNativeTarget section */

/* Begin PBXProject section */
		2147BCCC1F04D0660070FA6C /* Project object */ = {
			isa = PBXProject;
			attributes = {
				LastSwiftUpdateCheck = 0820;
				LastUpgradeCheck = 0820;
				ORGANIZATIONNAME = Mazy;
				TargetAttributes = {
					2147BCD31F04D0660070FA6C = {
						CreatedOnToolsVersion = 8.2.1;
						ProvisioningStyle = Automatic;
					};
				};
			};
			buildConfigurationList = 2147BCCF1F04D0660070FA6C /* Build configuration list for PBXProject "CustomAnimationForNavigationPush" */;
			compatibilityVersion = "Xcode 3.2";
			developmentRegion = English;
			hasScannedForEncodings = 0;
			knownRegions = (
				en,
				Base,
			);
			mainGroup = 2147BCCB1F04D0660070FA6C;
			productRefGroup = 2147BCD51F04D0660070FA6C /* Products */;
			projectDirPath = "";
			projectRoot = "";
			targets = (
				2147BCD31F04D0660070FA6C /* CustomAnimationForNavigationPush */,
			);
		};
/* End PBXProject section */

/* Begin PBXResourcesBuildPhase section */
		2147BCD21F04D0660070FA6C /* Resources */ = {
			isa = PBXResourcesBuildPhase;
			buildActionMask = 2147483647;
			files = (
				2147BCE21F04D0660070FA6C /* LaunchScreen.storyboard in Resources */,
				2147BCDF1F04D0660070FA6C /* Assets.xcassets in Resources */,
				2147BCDD1F04D0660070FA6C /* Main.storyboard in Resources */,
			);
			runOnlyForDeploymentPostprocessing = 0;
		};
/* End PBXResourcesBuildPhase section */

/* Begin PBXSourcesBuildPhase section */
		2147BCD01F04D0660070FA6C /* Sources */ = {
			isa = PBXSourcesBuildPhase;
			buildActionMask = 2147483647;
			files = (
				2147BCDA1F04D0660070FA6C /* ViewController.swift in Sources */,
				2147BCD81F04D0660070FA6C /* AppDelegate.swift in Sources */,
			);
			runOnlyForDeploymentPostprocessing = 0;
		};
/* End PBXSourcesBuildPhase section */

/* Begin PBXVariantGroup section */
		2147BCDB1F04D0660070FA6C /* Main.storyboard */ = {
			isa = PBXVariantGroup;
			children = (
				2147BCDC1F04D0660070FA6C /* Base */,
			);
			name = Main.storyboard;
			sourceTree = "<group>";
		};
		2147BCE01F04D0660070FA6C /* LaunchScreen.storyboard */ = {
			isa = PBXVariantGroup;
			children = (
				2147BCE11F04D0660070FA6C /* Base */,
			);
			name = LaunchScreen.storyboard;
			sourceTree = "<group>";
		};
/* End PBXVariantGroup section */

/* Begin XCBuildConfiguration section */
		2147BCE41F04D0660070FA6C /* Debug */ = {
			isa = XCBuildConfiguration;
			buildSettings = {
				ALWAYS_SEARCH_USER_PATHS = NO;
				CLANG_ANALYZER_NONNULL = YES;
				CLANG_CXX_LANGUAGE_STANDARD = "gnu++0x";
				CLANG_CXX_LIBRARY = "libc++";
				CLANG_ENABLE_MODULES = YES;
				CLANG_ENABLE_OBJC_ARC = YES;
				CLANG_WARN_BOOL_CONVERSION = YES;
				CLANG_WARN_CONSTANT_CONVERSION = YES;
				CLANG_WARN_DIRECT_OBJC_ISA_USAGE = YES_ERROR;
				CLANG_WARN_DOCUMENTATION_COMMENTS = YES;
				CLANG_WARN_EMPTY_BODY = YES;
				CLANG_WARN_ENUM_CONVERSION = YES;
				CLANG_WARN_INFINITE_RECURSION = YES;
				CLANG_WARN_INT_CONVERSION = YES;
				CLANG_WARN_OBJC_ROOT_CLASS = YES_ERROR;
				CLANG_WARN_SUSPICIOUS_MOVE = YES;
				CLANG_WARN_UNREACHABLE_CODE = YES;
				CLANG_WARN__DUPLICATE_METHOD_MATCH = YES;
				"CODE_SIGN_IDENTITY[sdk=iphoneos*]" = "iPhone Developer";
				COPY_PHASE_STRIP = NO;
				DEBUG_INFORMATION_FORMAT = dwarf;
				ENABLE_STRICT_OBJC_MSGSEND = YES;
				ENABLE_TESTABILITY = YES;
				GCC_C_LANGUAGE_STANDARD = gnu99;
				GCC_DYNAMIC_NO_PIC = NO;
				GCC_NO_COMMON_BLOCKS = YES;
				GCC_OPTIMIZATION_LEVEL = 0;
				GCC_PREPROCESSOR_DEFINITIONS = (
					"DEBUG=1",
					"$(inherited)",
				);
				GCC_WARN_64_TO_32_BIT_CONVERSION = YES;
				GCC_WARN_ABOUT_RETURN_TYPE = YES_ERROR;
				GCC_WARN_UNDECLARED_SELECTOR = YES;
				GCC_WARN_UNINITIALIZED_AUTOS = YES_AGGRESSIVE;
				GCC_WARN_UNUSED_FUNCTION = YES;
				GCC_WARN_UNUSED_VARIABLE = YES;
				IPHONEOS_DEPLOYMENT_TARGET = 10.2;
				MTL_ENABLE_DEBUG_INFO = YES;
				ONLY_ACTIVE_ARCH = YES;
				SDKROOT = iphoneos;
				SWIFT_ACTIVE_COMPILATION_CONDITIONS = DEBUG;
				SWIFT_OPTIMIZATION_LEVEL = "-Onone";
				TARGETED_DEVICE_FAMILY = "1,2";
			};
			name = Debug;
		};
		2147BCE51F04D0660070FA6C /* Release */ = {
			isa = XCBuildConfiguration;
			buildSettings = {
				ALWAYS_SEARCH_USER_PATHS = NO;
				CLANG_ANALYZER_NONNULL = YES;
				CLANG_CXX_LANGUAGE_STANDARD = "gnu++0x";
				CLANG_CXX_LIBRARY = "libc++";
				CLANG_ENABLE_MODULES = YES;
				CLANG_ENABLE_OBJC_ARC = YES;
				CLANG_WARN_BOOL_CONVERSION = YES;
				CLANG_WARN_CONSTANT_CONVERSION = YES;
				CLANG_WARN_DIRECT_OBJC_ISA_USAGE = YES_ERROR;
				CLANG_WARN_DOCUMENTATION_COMMENTS = YES;
				CLANG_WARN_EMPTY_BODY = YES;
				CLANG_WARN_ENUM_CONVERSION = YES;
				CLANG_WARN_INFINITE_RECURSION = YES;
				CLANG_WARN_INT_CONVERSION = YES;
				CLANG_WARN_OBJC_ROOT_CLASS = YES_ERROR;
				CLANG_WARN_SUSPICIOUS_MOVE = YES;
				CLANG_WARN_UNREACHABLE_CODE = YES;
				CLANG_WARN__DUPLICATE_METHOD_MATCH = YES;
				"CODE_SIGN_IDENTITY[sdk=iphoneos*]" = "iPhone Developer";
				COPY_PHASE_STRIP = NO;
				DEBUG_INFORMATION_FORMAT = "dwarf-with-dsym";
				ENABLE_NS_ASSERTIONS = NO;
				ENABLE_STRICT_OBJC_MSGSEND = YES;
				GCC_C_LANGUAGE_STANDARD = gnu99;
				GCC_NO_COMMON_BLOCKS = YES;
				GCC_WARN_64_TO_32_BIT_CONVERSION = YES;
				GCC_WARN_ABOUT_RETURN_TYPE = YES_ERROR;
				GCC_WARN_UNDECLARED_SELECTOR = YES;
				GCC_WARN_UNINITIALIZED_AUTOS = YES_AGGRESSIVE;
				GCC_WARN_UNUSED_FUNCTION = YES;
				GCC_WARN_UNUSED_VARIABLE = YES;
				IPHONEOS_DEPLOYMENT_TARGET = 10.2;
				MTL_ENABLE_DEBUG_INFO = NO;
				SDKROOT = iphoneos;
				SWIFT_OPTIMIZATION_LEVEL = "-Owholemodule";
				TARGETED_DEVICE_FAMILY = "1,2";
				VALIDATE_PRODUCT = YES;
			};
			name = Release;
		};
		2147BCE71F04D0660070FA6C /* Debug */ = {
			isa = XCBuildConfiguration;
			buildSettings = {
				ASSETCATALOG_COMPILER_APPICON_NAME = AppIcon;
				INFOPLIST_FILE = CustomAnimationForNavigationPush/Info.plist;
				LD_RUNPATH_SEARCH_PATHS = "$(inherited) @executable_path/Frameworks";
				PRODUCT_BUNDLE_IDENTIFIER = Mazy.CustomAnimationForNavigationPush;
				PRODUCT_NAME = "$(TARGET_NAME)";
				SWIFT_VERSION = 3.0;
			};
			name = Debug;
		};
		2147BCE81F04D0660070FA6C /* Release */ = {
			isa = XCBuildConfiguration;
			buildSettings = {
				ASSETCATALOG_COMPILER_APPICON_NAME = AppIcon;
				INFOPLIST_FILE = CustomAnimationForNavigationPush/Info.plist;
				LD_RUNPATH_SEARCH_PATHS = "$(inherited) @executable_path/Frameworks";
				PRODUCT_BUNDLE_IDENTIFIER = Mazy.CustomAnimationForNavigationPush;
				PRODUCT_NAME = "$(TARGET_NAME)";
				SWIFT_VERSION = 3.0;
			};
			name = Release;
		};
/* End XCBuildConfiguration section */

/* Begin XCConfigurationList section */
		2147BCCF1F04D0660070FA6C /* Build configuration list for PBXProject "CustomAnimationForNavigationPush" */ = {
			isa = XCConfigurationList;
			buildConfigurations = (
				2147BCE41F04D0660070FA6C /* Debug */,
				2147BCE51F04D0660070FA6C /* Release */,
			);
			defaultConfigurationIsVisible = 0;
			defaultConfigurationName = Release;
		};
		2147BCE61F04D0660070FA6C /* Build configuration list for PBXNativeTarget "CustomAnimationForNavigationPush" */ = {
			isa = XCConfigurationList;
			buildConfigurations = (
				2147BCE71F04D0660070FA6C /* Debug */,
				2147BCE81F04D0660070FA6C /* Release */,
			);
			defaultConfigurationIsVisible = 0;
		};
/* End XCConfigurationList section */
	};
	rootObject = 2147BCCC1F04D0660070FA6C /* Project object */;
}
