// !$*UTF8*$!
{
	archiveVersion = 1;
	classes = {
	};
	objectVersion = 48;
	objects = {

/* Begin PBXBuildFile section */
		21E6FAB31F95A1D000FA6DAB /* AppDelegate.swift in Sources */ = {isa = PBXBuildFile; fileRef = 21E6FAB21F95A1D000FA6DAB /* AppDelegate.swift */; };
		21E6FAB51F95A1D000FA6DAB /* ViewController.swift in Sources */ = {isa = PBXBuildFile; fileRef = 21E6FAB41F95A1D000FA6DAB /* ViewController.swift */; };
		21E6FAB81F95A1D000FA6DAB /* Main.storyboard in Resources */ = {isa = PBXBuildFile; fileRef = 21E6FAB61F95A1D000FA6DAB /* Main.storyboard */; };
		21E6FABA1F95A1D000FA6DAB /* Assets.xcassets in Resources */ = {isa = PBXBuildFile; fileRef = 21E6FAB91F95A1D000FA6DAB /* Assets.xcassets */; };
		21E6FABD1F95A1D000FA6DAB /* LaunchScreen.storyboard in Resources */ = {isa = PBXBuildFile; fileRef = 21E6FABB1F95A1D000FA6DAB /* LaunchScreen.storyboard */; };
		21E6FAC51F95A27600FA6DAB /* PolygonView.swift in Sources */ = {isa = PBXBuildFile; fileRef = 21E6FAC41F95A27600FA6DAB /* PolygonView.swift */; };
/* End PBXBuildFile section */

/* Begin PBXFileReference section */
		21E6FAAF1F95A1D000FA6DAB /* DrawAndAnimatedPolygon.app */ = {isa = PBXFileReference; explicitFileType = wrapper.application; includeInIndex = 0; path = DrawAndAnimatedPolygon.app; sourceTree = BUILT_PRODUCTS_DIR; };
		21E6FAB21F95A1D000FA6DAB /* AppDelegate.swift */ = {isa = PBXFileReference; lastKnownFileType = sourcecode.swift; path = AppDelegate.swift; sourceTree = "<group>"; };
		21E6FAB41F95A1D000FA6DAB /* ViewController.swift */ = {isa = PBXFileReference; lastKnownFileType = sourcecode.swift; path = ViewController.swift; sourceTree = "<group>"; };
		21E6FAB71F95A1D000FA6DAB /* Base */ = {isa = PBXFileReference; lastKnownFileType = file.storyboard; name = Base; path = Base.lproj/Main.storyboard; sourceTree = "<group>"; };
		21E6FAB91F95A1D000FA6DAB /* Assets.xcassets */ = {isa = PBXFileReference; lastKnownFileType = folder.assetcatalog; path = Assets.xcassets; sourceTree = "<group>"; };
		21E6FABC1F95A1D000FA6DAB /* Base */ = {isa = PBXFileReference; lastKnownFileType = file.storyboard; name = Base; path = Base.lproj/LaunchScreen.storyboard; sourceTree = "<group>"; };
		21E6FABE1F95A1D000FA6DAB /* Info.plist */ = {isa = PBXFileReference; lastKnownFileType = text.plist.xml; path = Info.plist; sourceTree = "<group>"; };
		21E6FAC41F95A27600FA6DAB /* PolygonView.swift */ = {isa = PBXFileReference; lastKnownFileType = sourcecode.swift; path = PolygonView.swift; sourceTree = "<group>"; };
/* End PBXFileReference section */

/* Begin PBXFrameworksBuildPhase section */
		21E6FAAC1F95A1D000FA6DAB /* Frameworks */ = {
			isa = PBXFrameworksBuildPhase;
			buildActionMask = 2147483647;
			files = (
			);
			runOnlyForDeploymentPostprocessing = 0;
		};
/* End PBXFrameworksBuildPhase section */

/* Begin PBXGroup section */
		21E6FAA61F95A1D000FA6DAB = {
			isa = PBXGroup;
			children = (
				21E6FAB11F95A1D000FA6DAB /* DrawAndAnimatedPolygon */,
				21E6FAB01F95A1D000FA6DAB /* Products */,
			);
			sourceTree = "<group>";
		};
		21E6FAB01F95A1D000FA6DAB /* Products */ = {
			isa = PBXGroup;
			children = (
				21E6FAAF1F95A1D000FA6DAB /* DrawAndAnimatedPolygon.app */,
			);
			name = Products;
			sourceTree = "<group>";
		};
		21E6FAB11F95A1D000FA6DAB /* DrawAndAnimatedPolygon */ = {
			isa = PBXGroup;
			children = (
				21E6FAB21F95A1D000FA6DAB /* AppDelegate.swift */,
				21E6FAB41F95A1D000FA6DAB /* ViewController.swift */,
				21E6FAC41F95A27600FA6DAB /* PolygonView.swift */,
				21E6FAB61F95A1D000FA6DAB /* Main.storyboard */,
				21E6FAB91F95A1D000FA6DAB /* Assets.xcassets */,
				21E6FABB1F95A1D000FA6DAB /* LaunchScreen.storyboard */,
				21E6FABE1F95A1D000FA6DAB /* Info.plist */,
			);
			path = DrawAndAnimatedPolygon;
			sourceTree = "<group>";
		};
/* End PBXGroup section */

/* Begin PBXNativeTarget section */
		21E6FAAE1F95A1D000FA6DAB /* DrawAndAnimatedPolygon */ = {
			isa = PBXNativeTarget;
			buildConfigurationList = 21E6FAC11F95A1D000FA6DAB /* Build configuration list for PBXNativeTarget "DrawAndAnimatedPolygon" */;
			buildPhases = (
				21E6FAAB1F95A1D000FA6DAB /* Sources */,
				21E6FAAC1F95A1D000FA6DAB /* Frameworks */,
				21E6FAAD1F95A1D000FA6DAB /* Resources */,
			);
			buildRules = (
			);
			dependencies = (
			);
			name = DrawAndAnimatedPolygon;
			productName = DrawAndAnimatedPolygon;
			productReference = 21E6FAAF1F95A1D000FA6DAB /* DrawAndAnimatedPolygon.app */;
			productType = "com.apple.product-type.application";
		};
/* End PBXNativeTarget section */

/* Begin PBXProject section */
		21E6FAA71F95A1D000FA6DAB /* Project object */ = {
			isa = PBXProject;
			attributes = {
				LastSwiftUpdateCheck = 0900;
				LastUpgradeCheck = 0900;
				ORGANIZATIONNAME = Mazy;
				TargetAttributes = {
					21E6FAAE1F95A1D000FA6DAB = {
						CreatedOnToolsVersion = 9.0;
						ProvisioningStyle = Automatic;
					};
				};
			};
			buildConfigurationList = 21E6FAAA1F95A1D000FA6DAB /* Build configuration list for PBXProject "DrawAndAnimatedPolygon" */;
			compatibilityVersion = "Xcode 8.0";
			developmentRegion = en;
			hasScannedForEncodings = 0;
			knownRegions = (
				en,
				Base,
			);
			mainGroup = 21E6FAA61F95A1D000FA6DAB;
			productRefGroup = 21E6FAB01F95A1D000FA6DAB /* Products */;
			projectDirPath = "";
			projectRoot = "";
			targets = (
				21E6FAAE1F95A1D000FA6DAB /* DrawAndAnimatedPolygon */,
			);
		};
/* End PBXProject section */

/* Begin PBXResourcesBuildPhase section */
		21E6FAAD1F95A1D000FA6DAB /* Resources */ = {
			isa = PBXResourcesBuildPhase;
			buildActionMask = 2147483647;
			files = (
				21E6FABD1F95A1D000FA6DAB /* LaunchScreen.storyboard in Resources */,
				21E6FABA1F95A1D000FA6DAB /* Assets.xcassets in Resources */,
				21E6FAB81F95A1D000FA6DAB /* Main.storyboard in Resources */,
			);
			runOnlyForDeploymentPostprocessing = 0;
		};
/* End PBXResourcesBuildPhase section */

/* Begin PBXSourcesBuildPhase section */
		21E6FAAB1F95A1D000FA6DAB /* Sources */ = {
			isa = PBXSourcesBuildPhase;
			buildActionMask = 2147483647;
			files = (
				21E6FAB51F95A1D000FA6DAB /* ViewController.swift in Sources */,
				21E6FAC51F95A27600FA6DAB /* PolygonView.swift in Sources */,
				21E6FAB31F95A1D000FA6DAB /* AppDelegate.swift in Sources */,
			);
			runOnlyForDeploymentPostprocessing = 0;
		};
/* End PBXSourcesBuildPhase section */

/* Begin PBXVariantGroup section */
		21E6FAB61F95A1D000FA6DAB /* Main.storyboard */ = {
			isa = PBXVariantGroup;
			children = (
				21E6FAB71F95A1D000FA6DAB /* Base */,
			);
			name = Main.storyboard;
			sourceTree = "<group>";
		};
		21E6FABB1F95A1D000FA6DAB /* LaunchScreen.storyboard */ = {
			isa = PBXVariantGroup;
			children = (
				21E6FABC1F95A1D000FA6DAB /* Base */,
			);
			name = LaunchScreen.storyboard;
			sourceTree = "<group>";
		};
/* End PBXVariantGroup section */

/* Begin XCBuildConfiguration section */
		21E6FABF1F95A1D000FA6DAB /* Debug */ = {
			isa = XCBuildConfiguration;
			buildSettings = {
				ALWAYS_SEARCH_USER_PATHS = NO;
				CLANG_ANALYZER_NONNULL = YES;
				CLANG_ANALYZER_NUMBER_OBJECT_CONVERSION = YES_AGGRESSIVE;
				CLANG_CXX_LANGUAGE_STANDARD = "gnu++14";
				CLANG_CXX_LIBRARY = "libc++";
				CLANG_ENABLE_MODULES = YES;
				CLANG_ENABLE_OBJC_ARC = YES;
				CLANG_WARN_BLOCK_CAPTURE_AUTORELEASING = YES;
				CLANG_WARN_BOOL_CONVERSION = YES;
				CLANG_WARN_COMMA = YES;
				CLANG_WARN_CONSTANT_CONVERSION = YES;
				CLANG_WARN_DIRECT_OBJC_ISA_USAGE = YES_ERROR;
				CLANG_WARN_DOCUMENTATION_COMMENTS = YES;
				CLANG_WARN_EMPTY_BODY = YES;
				CLANG_WARN_ENUM_CONVERSION = YES;
				CLANG_WARN_INFINITE_RECURSION = YES;
				CLANG_WARN_INT_CONVERSION = YES;
				CLANG_WARN_NON_LITERAL_NULL_CONVERSION = YES;
				CLANG_WARN_OBJC_LITERAL_CONVERSION = YES;
				CLANG_WARN_OBJC_ROOT_CLASS = YES_ERROR;
				CLANG_WARN_RANGE_LOOP_ANALYSIS = YES;
				CLANG_WARN_STRICT_PROTOTYPES = YES;
				CLANG_WARN_SUSPICIOUS_MOVE = YES;
				CLANG_WARN_UNGUARDED_AVAILABILITY = YES_AGGRESSIVE;
				CLANG_WARN_UNREACHABLE_CODE = YES;
				CLANG_WARN__DUPLICATE_METHOD_MATCH = YES;
				CODE_SIGN_IDENTITY = "iPhone Developer";
				COPY_PHASE_STRIP = NO;
				DEBUG_INFORMATION_FORMAT = dwarf;
				ENABLE_STRICT_OBJC_MSGSEND = YES;
				ENABLE_TESTABILITY = YES;
				GCC_C_LANGUAGE_STANDARD = gnu11;
				GCC_DYNAMIC_NO_PIC = NO;
				GCC_NO_COMMON_BLOCKS = YES;
				GCC_OPTIMIZATION_LEVEL = 0;
				GCC_PREPROCESSOR_DEFINITIONS = (
					"DEBUG=1",
					"$(inherited)",
				);
				GCC_WARN_64_TO_32_BIT_CONVERSION = YES;
				GCC_WARN_ABOUT_RETURN_TYPE = YES_ERROR;
				GCC_WARN_UNDECLARED_SELECTOR = YES;
				GCC_WARN_UNINITIALIZED_AUTOS = YES_AGGRESSIVE;
				GCC_WARN_UNUSED_FUNCTION = YES;
				GCC_WARN_UNUSED_VARIABLE = YES;
				IPHONEOS_DEPLOYMENT_TARGET = 11.0;
				MTL_ENABLE_DEBUG_INFO = YES;
				ONLY_ACTIVE_ARCH = YES;
				SDKROOT = iphoneos;
				SWIFT_ACTIVE_COMPILATION_CONDITIONS = DEBUG;
				SWIFT_OPTIMIZATION_LEVEL = "-Onone";
			};
			name = Debug;
		};
		21E6FAC01F95A1D000FA6DAB /* Release */ = {
			isa = XCBuildConfiguration;
			buildSettings = {
				ALWAYS_SEARCH_USER_PATHS = NO;
				CLANG_ANALYZER_NONNULL = YES;
				CLANG_ANALYZER_NUMBER_OBJECT_CONVERSION = YES_AGGRESSIVE;
				CLANG_CXX_LANGUAGE_STANDARD = "gnu++14";
				CLANG_CXX_LIBRARY = "libc++";
				CLANG_ENABLE_MODULES = YES;
				CLANG_ENABLE_OBJC_ARC = YES;
				CLANG_WARN_BLOCK_CAPTURE_AUTORELEASING = YES;
				CLANG_WARN_BOOL_CONVERSION = YES;
				CLANG_WARN_COMMA = YES;
				CLANG_WARN_CONSTANT_CONVERSION = YES;
				CLANG_WARN_DIRECT_OBJC_ISA_USAGE = YES_ERROR;
				CLANG_WARN_DOCUMENTATION_COMMENTS = YES;
				CLANG_WARN_EMPTY_BODY = YES;
				CLANG_WARN_ENUM_CONVERSION = YES;
				CLANG_WARN_INFINITE_RECURSION = YES;
				CLANG_WARN_INT_CONVERSION = YES;
				CLANG_WARN_NON_LITERAL_NULL_CONVERSION = YES;
				CLANG_WARN_OBJC_LITERAL_CONVERSION = YES;
				CLANG_WARN_OBJC_ROOT_CLASS = YES_ERROR;
				CLANG_WARN_RANGE_LOOP_ANALYSIS = YES;
				CLANG_WARN_STRICT_PROTOTYPES = YES;
				CLANG_WARN_SUSPICIOUS_MOVE = YES;
				CLANG_WARN_UNGUARDED_AVAILABILITY = YES_AGGRESSIVE;
				CLANG_WARN_UNREACHABLE_CODE = YES;
				CLANG_WARN__DUPLICATE_METHOD_MATCH = YES;
				CODE_SIGN_IDENTITY = "iPhone Developer";
				COPY_PHASE_STRIP = NO;
				DEBUG_INFORMATION_FORMAT = "dwarf-with-dsym";
				ENABLE_NS_ASSERTIONS = NO;
				ENABLE_STRICT_OBJC_MSGSEND = YES;
				GCC_C_LANGUAGE_STANDARD = gnu11;
				GCC_NO_COMMON_BLOCKS = YES;
				GCC_WARN_64_TO_32_BIT_CONVERSION = YES;
				GCC_WARN_ABOUT_RETURN_TYPE = YES_ERROR;
				GCC_WARN_UNDECLARED_SELECTOR = YES;
				GCC_WARN_UNINITIALIZED_AUTOS = YES_AGGRESSIVE;
				GCC_WARN_UNUSED_FUNCTION = YES;
				GCC_WARN_UNUSED_VARIABLE = YES;
				IPHONEOS_DEPLOYMENT_TARGET = 11.0;
				MTL_ENABLE_DEBUG_INFO = NO;
				SDKROOT = iphoneos;
				SWIFT_OPTIMIZATION_LEVEL = "-Owholemodule";
				VALIDATE_PRODUCT = YES;
			};
			name = Release;
		};
		21E6FAC21F95A1D000FA6DAB /* Debug */ = {
			isa = XCBuildConfiguration;
			buildSettings = {
				ASSETCATALOG_COMPILER_APPICON_NAME = AppIcon;
				CODE_SIGN_STYLE = Automatic;
				INFOPLIST_FILE = DrawAndAnimatedPolygon/Info.plist;
				LD_RUNPATH_SEARCH_PATHS = "$(inherited) @executable_path/Frameworks";
				PRODUCT_BUNDLE_IDENTIFIER = Mazy.DrawAndAnimatedPolygon;
				PRODUCT_NAME = "$(TARGET_NAME)";
				SWIFT_VERSION = 4.0;
				TARGETED_DEVICE_FAMILY = "1,2";
			};
			name = Debug;
		};
		21E6FAC31F95A1D000FA6DAB /* Release */ = {
			isa = XCBuildConfiguration;
			buildSettings = {
				ASSETCATALOG_COMPILER_APPICON_NAME = AppIcon;
				CODE_SIGN_STYLE = Automatic;
				INFOPLIST_FILE = DrawAndAnimatedPolygon/Info.plist;
				LD_RUNPATH_SEARCH_PATHS = "$(inherited) @executable_path/Frameworks";
				PRODUCT_BUNDLE_IDENTIFIER = Mazy.DrawAndAnimatedPolygon;
				PRODUCT_NAME = "$(TARGET_NAME)";
				SWIFT_VERSION = 4.0;
				TARGETED_DEVICE_FAMILY = "1,2";
			};
			name = Release;
		};
/* End XCBuildConfiguration section */

/* Begin XCConfigurationList section */
		21E6FAAA1F95A1D000FA6DAB /* Build configuration list for PBXProject "DrawAndAnimatedPolygon" */ = {
			isa = XCConfigurationList;
			buildConfigurations = (
				21E6FABF1F95A1D000FA6DAB /* Debug */,
				21E6FAC01F95A1D000FA6DAB /* Release */,
			);
			defaultConfigurationIsVisible = 0;
			defaultConfigurationName = Release;
		};
		21E6FAC11F95A1D000FA6DAB /* Build configuration list for PBXNativeTarget "DrawAndAnimatedPolygon" */ = {
			isa = XCConfigurationList;
			buildConfigurations = (
				21E6FAC21F95A1D000FA6DAB /* Debug */,
				21E6FAC31F95A1D000FA6DAB /* Release */,
			);
			defaultConfigurationIsVisible = 0;
			defaultConfigurationName = Release;
		};
/* End XCConfigurationList section */
	};
	rootObject = 21E6FAA71F95A1D000FA6DAB /* Project object */;
}
