// !$*UTF8*$!
{
	archiveVersion = 1;
	classes = {
	};
	objectVersion = 48;
	objects = {

/* Begin PBXBuildFile section */
		21328F2B1FFCABEC00DB3A4E /* collectionViewPop.gif in Resources */ = {isa = PBXBuildFile; fileRef = 21328F2A1FFCABEC00DB3A4E /* collectionViewPop.gif */; };
		21328F2D1FFCABF200DB3A4E /* collectionViewPopCell.gif in Resources */ = {isa = PBXBuildFile; fileRef = 21328F2C1FFCABF100DB3A4E /* collectionViewPopCell.gif */; };
		21A6CE3D1FE3686D00DF3F48 /* HomeCenterItemCell.swift in Sources */ = {isa = PBXBuildFile; fileRef = 21A6CE3C1FE3686D00DF3F48 /* HomeCenterItemCell.swift */; };
		21A6CE3F1FE3690200DF3F48 /* UIKitExtension.swift in Sources */ = {isa = PBXBuildFile; fileRef = 21A6CE3E1FE3690200DF3F48 /* UIKitExtension.swift */; };
		21A6CE611FE3BB0800DF3F48 /* HomeDetailViewController.swift in Sources */ = {isa = PBXBuildFile; fileRef = 21A6CE601FE3BB0800DF3F48 /* HomeDetailViewController.swift */; };
		21A6CE641FE3BF0D00DF3F48 /* HomeDetailToolView.swift in Sources */ = {isa = PBXBuildFile; fileRef = 21A6CE631FE3BF0D00DF3F48 /* HomeDetailToolView.swift */; };
		21A6CE661FE3BF5200DF3F48 /* HomeDetailToolView.xib in Resources */ = {isa = PBXBuildFile; fileRef = 21A6CE651FE3BF5200DF3F48 /* HomeDetailToolView.xib */; };
		21AE78E11FE27267009F9383 /* AppDelegate.swift in Sources */ = {isa = PBXBuildFile; fileRef = 21AE78E01FE27267009F9383 /* AppDelegate.swift */; };
		21AE78E31FE27267009F9383 /* ViewController.swift in Sources */ = {isa = PBXBuildFile; fileRef = 21AE78E21FE27267009F9383 /* ViewController.swift */; };
		21AE78E61FE27267009F9383 /* Main.storyboard in Resources */ = {isa = PBXBuildFile; fileRef = 21AE78E41FE27267009F9383 /* Main.storyboard */; };
		21AE78E81FE27267009F9383 /* Assets.xcassets in Resources */ = {isa = PBXBuildFile; fileRef = 21AE78E71FE27267009F9383 /* Assets.xcassets */; };
		21AE78EB1FE27267009F9383 /* LaunchScreen.storyboard in Resources */ = {isa = PBXBuildFile; fileRef = 21AE78E91FE27267009F9383 /* LaunchScreen.storyboard */; };
		21AE78F31FE27533009F9383 /* HomeBottomCollectionView.swift in Sources */ = {isa = PBXBuildFile; fileRef = 21AE78F21FE27533009F9383 /* HomeBottomCollectionView.swift */; };
		21AE78F51FE27584009F9383 /* HomeBottomItemCell.swift in Sources */ = {isa = PBXBuildFile; fileRef = 21AE78F41FE27584009F9383 /* HomeBottomItemCell.swift */; };
		21D96EB41FE766C100091B2C /* HomeDetailBottomView.swift in Sources */ = {isa = PBXBuildFile; fileRef = 21D96EB31FE766C100091B2C /* HomeDetailBottomView.swift */; };
		21D96EB61FE7685C00091B2C /* HomeDetailStateView.swift in Sources */ = {isa = PBXBuildFile; fileRef = 21D96EB51FE7685C00091B2C /* HomeDetailStateView.swift */; };
		21D96EB81FE7686C00091B2C /* HomeDetailStateView.xib in Resources */ = {isa = PBXBuildFile; fileRef = 21D96EB71FE7686C00091B2C /* HomeDetailStateView.xib */; };
/* End PBXBuildFile section */

/* Begin PBXFileReference section */
		21328F2A1FFCABEC00DB3A4E /* collectionViewPop.gif */ = {isa = PBXFileReference; lastKnownFileType = image.gif; path = collectionViewPop.gif; sourceTree = "<group>"; };
		21328F2C1FFCABF100DB3A4E /* collectionViewPopCell.gif */ = {isa = PBXFileReference; lastKnownFileType = image.gif; path = collectionViewPopCell.gif; sourceTree = "<group>"; };
		21A6CE3C1FE3686D00DF3F48 /* HomeCenterItemCell.swift */ = {isa = PBXFileReference; lastKnownFileType = sourcecode.swift; path = HomeCenterItemCell.swift; sourceTree = "<group>"; };
		21A6CE3E1FE3690200DF3F48 /* UIKitExtension.swift */ = {isa = PBXFileReference; lastKnownFileType = sourcecode.swift; path = UIKitExtension.swift; sourceTree = "<group>"; };
		21A6CE601FE3BB0800DF3F48 /* HomeDetailViewController.swift */ = {isa = PBXFileReference; lastKnownFileType = sourcecode.swift; path = HomeDetailViewController.swift; sourceTree = "<group>"; };
		21A6CE631FE3BF0D00DF3F48 /* HomeDetailToolView.swift */ = {isa = PBXFileReference; lastKnownFileType = sourcecode.swift; path = HomeDetailToolView.swift; sourceTree = "<group>"; };
		21A6CE651FE3BF5200DF3F48 /* HomeDetailToolView.xib */ = {isa = PBXFileReference; lastKnownFileType = file.xib; path = HomeDetailToolView.xib; sourceTree = "<group>"; };
		21AE78DD1FE27267009F9383 /* CollectionPopView.app */ = {isa = PBXFileReference; explicitFileType = wrapper.application; includeInIndex = 0; path = CollectionPopView.app; sourceTree = BUILT_PRODUCTS_DIR; };
		21AE78E01FE27267009F9383 /* AppDelegate.swift */ = {isa = PBXFileReference; lastKnownFileType = sourcecode.swift; path = AppDelegate.swift; sourceTree = "<group>"; };
		21AE78E21FE27267009F9383 /* ViewController.swift */ = {isa = PBXFileReference; lastKnownFileType = sourcecode.swift; path = ViewController.swift; sourceTree = "<group>"; };
		21AE78E51FE27267009F9383 /* Base */ = {isa = PBXFileReference; lastKnownFileType = file.storyboard; name = Base; path = Base.lproj/Main.storyboard; sourceTree = "<group>"; };
		21AE78E71FE27267009F9383 /* Assets.xcassets */ = {isa = PBXFileReference; lastKnownFileType = folder.assetcatalog; path = Assets.xcassets; sourceTree = "<group>"; };
		21AE78EA1FE27267009F9383 /* Base */ = {isa = PBXFileReference; lastKnownFileType = file.storyboard; name = Base; path = Base.lproj/LaunchScreen.storyboard; sourceTree = "<group>"; };
		21AE78EC1FE27267009F9383 /* Info.plist */ = {isa = PBXFileReference; lastKnownFileType = text.plist.xml; path = Info.plist; sourceTree = "<group>"; };
		21AE78F21FE27533009F9383 /* HomeBottomCollectionView.swift */ = {isa = PBXFileReference; lastKnownFileType = sourcecode.swift; path = HomeBottomCollectionView.swift; sourceTree = "<group>"; };
		21AE78F41FE27584009F9383 /* HomeBottomItemCell.swift */ = {isa = PBXFileReference; lastKnownFileType = sourcecode.swift; path = HomeBottomItemCell.swift; sourceTree = "<group>"; };
		21D96EB31FE766C100091B2C /* HomeDetailBottomView.swift */ = {isa = PBXFileReference; lastKnownFileType = sourcecode.swift; path = HomeDetailBottomView.swift; sourceTree = "<group>"; };
		21D96EB51FE7685C00091B2C /* HomeDetailStateView.swift */ = {isa = PBXFileReference; lastKnownFileType = sourcecode.swift; path = HomeDetailStateView.swift; sourceTree = "<group>"; };
		21D96EB71FE7686C00091B2C /* HomeDetailStateView.xib */ = {isa = PBXFileReference; lastKnownFileType = file.xib; path = HomeDetailStateView.xib; sourceTree = "<group>"; };
/* End PBXFileReference section */

/* Begin PBXFrameworksBuildPhase section */
		21AE78DA1FE27267009F9383 /* Frameworks */ = {
			isa = PBXFrameworksBuildPhase;
			buildActionMask = 2147483647;
			files = (
			);
			runOnlyForDeploymentPostprocessing = 0;
		};
/* End PBXFrameworksBuildPhase section */

/* Begin PBXGroup section */
		21A6CE621FE3BEF300DF3F48 /* HomeVC */ = {
			isa = PBXGroup;
			children = (
				21AE78F21FE27533009F9383 /* HomeBottomCollectionView.swift */,
				21AE78F41FE27584009F9383 /* HomeBottomItemCell.swift */,
				21A6CE3C1FE3686D00DF3F48 /* HomeCenterItemCell.swift */,
			);
			name = HomeVC;
			sourceTree = "<group>";
		};
		21AE78D41FE27267009F9383 = {
			isa = PBXGroup;
			children = (
				21AE78DF1FE27267009F9383 /* CollectionPopView */,
				21AE78DE1FE27267009F9383 /* Products */,
			);
			sourceTree = "<group>";
		};
		21AE78DE1FE27267009F9383 /* Products */ = {
			isa = PBXGroup;
			children = (
				21AE78DD1FE27267009F9383 /* CollectionPopView.app */,
			);
			name = Products;
			sourceTree = "<group>";
		};
		21AE78DF1FE27267009F9383 /* CollectionPopView */ = {
			isa = PBXGroup;
			children = (
				21AE78E01FE27267009F9383 /* AppDelegate.swift */,
				21AE78E21FE27267009F9383 /* ViewController.swift */,
				21A6CE621FE3BEF300DF3F48 /* HomeVC */,
				21D96EB91FE7711200091B2C /* HomeDetail */,
				21A6CE3E1FE3690200DF3F48 /* UIKitExtension.swift */,
				21328F2A1FFCABEC00DB3A4E /* collectionViewPop.gif */,
				21328F2C1FFCABF100DB3A4E /* collectionViewPopCell.gif */,
				21AE78E41FE27267009F9383 /* Main.storyboard */,
				21AE78E71FE27267009F9383 /* Assets.xcassets */,
				21AE78E91FE27267009F9383 /* LaunchScreen.storyboard */,
				21AE78EC1FE27267009F9383 /* Info.plist */,
			);
			path = CollectionPopView;
			sourceTree = "<group>";
		};
		21D96EB91FE7711200091B2C /* HomeDetail */ = {
			isa = PBXGroup;
			children = (
				21A6CE601FE3BB0800DF3F48 /* HomeDetailViewController.swift */,
				21A6CE631FE3BF0D00DF3F48 /* HomeDetailToolView.swift */,
				21A6CE651FE3BF5200DF3F48 /* HomeDetailToolView.xib */,
				21D96EB31FE766C100091B2C /* HomeDetailBottomView.swift */,
				21D96EB51FE7685C00091B2C /* HomeDetailStateView.swift */,
				21D96EB71FE7686C00091B2C /* HomeDetailStateView.xib */,
			);
			name = HomeDetail;
			sourceTree = "<group>";
		};
/* End PBXGroup section */

/* Begin PBXNativeTarget section */
		21AE78DC1FE27267009F9383 /* CollectionPopView */ = {
			isa = PBXNativeTarget;
			buildConfigurationList = 21AE78EF1FE27267009F9383 /* Build configuration list for PBXNativeTarget "CollectionPopView" */;
			buildPhases = (
				21AE78D91FE27267009F9383 /* Sources */,
				21AE78DA1FE27267009F9383 /* Frameworks */,
				21AE78DB1FE27267009F9383 /* Resources */,
			);
			buildRules = (
			);
			dependencies = (
			);
			name = CollectionPopView;
			productName = CollectionPopView;
			productReference = 21AE78DD1FE27267009F9383 /* CollectionPopView.app */;
			productType = "com.apple.product-type.application";
		};
/* End PBXNativeTarget section */

/* Begin PBXProject section */
		21AE78D51FE27267009F9383 /* Project object */ = {
			isa = PBXProject;
			attributes = {
				LastSwiftUpdateCheck = 0910;
				LastUpgradeCheck = 0910;
				ORGANIZATIONNAME = Mazy;
				TargetAttributes = {
					21AE78DC1FE27267009F9383 = {
						CreatedOnToolsVersion = 9.1;
						ProvisioningStyle = Manual;
					};
				};
			};
			buildConfigurationList = 21AE78D81FE27267009F9383 /* Build configuration list for PBXProject "CollectionPopView" */;
			compatibilityVersion = "Xcode 8.0";
			developmentRegion = en;
			hasScannedForEncodings = 0;
			knownRegions = (
				en,
				Base,
			);
			mainGroup = 21AE78D41FE27267009F9383;
			productRefGroup = 21AE78DE1FE27267009F9383 /* Products */;
			projectDirPath = "";
			projectRoot = "";
			targets = (
				21AE78DC1FE27267009F9383 /* CollectionPopView */,
			);
		};
/* End PBXProject section */

/* Begin PBXResourcesBuildPhase section */
		21AE78DB1FE27267009F9383 /* Resources */ = {
			isa = PBXResourcesBuildPhase;
			buildActionMask = 2147483647;
			files = (
				21A6CE661FE3BF5200DF3F48 /* HomeDetailToolView.xib in Resources */,
				21328F2B1FFCABEC00DB3A4E /* collectionViewPop.gif in Resources */,
				21AE78EB1FE27267009F9383 /* LaunchScreen.storyboard in Resources */,
				21AE78E81FE27267009F9383 /* Assets.xcassets in Resources */,
				21AE78E61FE27267009F9383 /* Main.storyboard in Resources */,
				21D96EB81FE7686C00091B2C /* HomeDetailStateView.xib in Resources */,
				21328F2D1FFCABF200DB3A4E /* collectionViewPopCell.gif in Resources */,
			);
			runOnlyForDeploymentPostprocessing = 0;
		};
/* End PBXResourcesBuildPhase section */

/* Begin PBXSourcesBuildPhase section */
		21AE78D91FE27267009F9383 /* Sources */ = {
			isa = PBXSourcesBuildPhase;
			buildActionMask = 2147483647;
			files = (
				21D96EB61FE7685C00091B2C /* HomeDetailStateView.swift in Sources */,
				21A6CE641FE3BF0D00DF3F48 /* HomeDetailToolView.swift in Sources */,
				21AE78F51FE27584009F9383 /* HomeBottomItemCell.swift in Sources */,
				21A6CE3D1FE3686D00DF3F48 /* HomeCenterItemCell.swift in Sources */,
				21AE78E31FE27267009F9383 /* ViewController.swift in Sources */,
				21D96EB41FE766C100091B2C /* HomeDetailBottomView.swift in Sources */,
				21AE78F31FE27533009F9383 /* HomeBottomCollectionView.swift in Sources */,
				21A6CE3F1FE3690200DF3F48 /* UIKitExtension.swift in Sources */,
				21A6CE611FE3BB0800DF3F48 /* HomeDetailViewController.swift in Sources */,
				21AE78E11FE27267009F9383 /* AppDelegate.swift in Sources */,
			);
			runOnlyForDeploymentPostprocessing = 0;
		};
/* End PBXSourcesBuildPhase section */

/* Begin PBXVariantGroup section */
		21AE78E41FE27267009F9383 /* Main.storyboard */ = {
			isa = PBXVariantGroup;
			children = (
				21AE78E51FE27267009F9383 /* Base */,
			);
			name = Main.storyboard;
			sourceTree = "<group>";
		};
		21AE78E91FE27267009F9383 /* LaunchScreen.storyboard */ = {
			isa = PBXVariantGroup;
			children = (
				21AE78EA1FE27267009F9383 /* Base */,
			);
			name = LaunchScreen.storyboard;
			sourceTree = "<group>";
		};
/* End PBXVariantGroup section */

/* Begin XCBuildConfiguration section */
		21AE78ED1FE27267009F9383 /* Debug */ = {
			isa = XCBuildConfiguration;
			buildSettings = {
				ALWAYS_SEARCH_USER_PATHS = NO;
				CLANG_ANALYZER_NONNULL = YES;
				CLANG_ANALYZER_NUMBER_OBJECT_CONVERSION = YES_AGGRESSIVE;
				CLANG_CXX_LANGUAGE_STANDARD = "gnu++14";
				CLANG_CXX_LIBRARY = "libc++";
				CLANG_ENABLE_MODULES = YES;
				CLANG_ENABLE_OBJC_ARC = YES;
				CLANG_WARN_BLOCK_CAPTURE_AUTORELEASING = YES;
				CLANG_WARN_BOOL_CONVERSION = YES;
				CLANG_WARN_COMMA = YES;
				CLANG_WARN_CONSTANT_CONVERSION = YES;
				CLANG_WARN_DIRECT_OBJC_ISA_USAGE = YES_ERROR;
				CLANG_WARN_DOCUMENTATION_COMMENTS = YES;
				CLANG_WARN_EMPTY_BODY = YES;
				CLANG_WARN_ENUM_CONVERSION = YES;
				CLANG_WARN_INFINITE_RECURSION = YES;
				CLANG_WARN_INT_CONVERSION = YES;
				CLANG_WARN_NON_LITERAL_NULL_CONVERSION = YES;
				CLANG_WARN_OBJC_LITERAL_CONVERSION = YES;
				CLANG_WARN_OBJC_ROOT_CLASS = YES_ERROR;
				CLANG_WARN_RANGE_LOOP_ANALYSIS = YES;
				CLANG_WARN_STRICT_PROTOTYPES = YES;
				CLANG_WARN_SUSPICIOUS_MOVE = YES;
				CLANG_WARN_UNGUARDED_AVAILABILITY = YES_AGGRESSIVE;
				CLANG_WARN_UNREACHABLE_CODE = YES;
				CLANG_WARN__DUPLICATE_METHOD_MATCH = YES;
				CODE_SIGN_IDENTITY = "iPhone Developer";
				COPY_PHASE_STRIP = NO;
				DEBUG_INFORMATION_FORMAT = dwarf;
				ENABLE_STRICT_OBJC_MSGSEND = YES;
				ENABLE_TESTABILITY = YES;
				GCC_C_LANGUAGE_STANDARD = gnu11;
				GCC_DYNAMIC_NO_PIC = NO;
				GCC_NO_COMMON_BLOCKS = YES;
				GCC_OPTIMIZATION_LEVEL = 0;
				GCC_PREPROCESSOR_DEFINITIONS = (
					"DEBUG=1",
					"$(inherited)",
				);
				GCC_WARN_64_TO_32_BIT_CONVERSION = YES;
				GCC_WARN_ABOUT_RETURN_TYPE = YES_ERROR;
				GCC_WARN_UNDECLARED_SELECTOR = YES;
				GCC_WARN_UNINITIALIZED_AUTOS = YES_AGGRESSIVE;
				GCC_WARN_UNUSED_FUNCTION = YES;
				GCC_WARN_UNUSED_VARIABLE = YES;
				IPHONEOS_DEPLOYMENT_TARGET = 11.1;
				MTL_ENABLE_DEBUG_INFO = YES;
				ONLY_ACTIVE_ARCH = YES;
				SDKROOT = iphoneos;
				SWIFT_ACTIVE_COMPILATION_CONDITIONS = DEBUG;
				SWIFT_OPTIMIZATION_LEVEL = "-Onone";
			};
			name = Debug;
		};
		21AE78EE1FE27267009F9383 /* Release */ = {
			isa = XCBuildConfiguration;
			buildSettings = {
				ALWAYS_SEARCH_USER_PATHS = NO;
				CLANG_ANALYZER_NONNULL = YES;
				CLANG_ANALYZER_NUMBER_OBJECT_CONVERSION = YES_AGGRESSIVE;
				CLANG_CXX_LANGUAGE_STANDARD = "gnu++14";
				CLANG_CXX_LIBRARY = "libc++";
				CLANG_ENABLE_MODULES = YES;
				CLANG_ENABLE_OBJC_ARC = YES;
				CLANG_WARN_BLOCK_CAPTURE_AUTORELEASING = YES;
				CLANG_WARN_BOOL_CONVERSION = YES;
				CLANG_WARN_COMMA = YES;
				CLANG_WARN_CONSTANT_CONVERSION = YES;
				CLANG_WARN_DIRECT_OBJC_ISA_USAGE = YES_ERROR;
				CLANG_WARN_DOCUMENTATION_COMMENTS = YES;
				CLANG_WARN_EMPTY_BODY = YES;
				CLANG_WARN_ENUM_CONVERSION = YES;
				CLANG_WARN_INFINITE_RECURSION = YES;
				CLANG_WARN_INT_CONVERSION = YES;
				CLANG_WARN_NON_LITERAL_NULL_CONVERSION = YES;
				CLANG_WARN_OBJC_LITERAL_CONVERSION = YES;
				CLANG_WARN_OBJC_ROOT_CLASS = YES_ERROR;
				CLANG_WARN_RANGE_LOOP_ANALYSIS = YES;
				CLANG_WARN_STRICT_PROTOTYPES = YES;
				CLANG_WARN_SUSPICIOUS_MOVE = YES;
				CLANG_WARN_UNGUARDED_AVAILABILITY = YES_AGGRESSIVE;
				CLANG_WARN_UNREACHABLE_CODE = YES;
				CLANG_WARN__DUPLICATE_METHOD_MATCH = YES;
				CODE_SIGN_IDENTITY = "iPhone Developer";
				COPY_PHASE_STRIP = NO;
				DEBUG_INFORMATION_FORMAT = "dwarf-with-dsym";
				ENABLE_NS_ASSERTIONS = NO;
				ENABLE_STRICT_OBJC_MSGSEND = YES;
				GCC_C_LANGUAGE_STANDARD = gnu11;
				GCC_NO_COMMON_BLOCKS = YES;
				GCC_WARN_64_TO_32_BIT_CONVERSION = YES;
				GCC_WARN_ABOUT_RETURN_TYPE = YES_ERROR;
				GCC_WARN_UNDECLARED_SELECTOR = YES;
				GCC_WARN_UNINITIALIZED_AUTOS = YES_AGGRESSIVE;
				GCC_WARN_UNUSED_FUNCTION = YES;
				GCC_WARN_UNUSED_VARIABLE = YES;
				IPHONEOS_DEPLOYMENT_TARGET = 11.1;
				MTL_ENABLE_DEBUG_INFO = NO;
				SDKROOT = iphoneos;
				SWIFT_OPTIMIZATION_LEVEL = "-Owholemodule";
				VALIDATE_PRODUCT = YES;
			};
			name = Release;
		};
		21AE78F01FE27267009F9383 /* Debug */ = {
			isa = XCBuildConfiguration;
			buildSettings = {
				ASSETCATALOG_COMPILER_APPICON_NAME = AppIcon;
				CODE_SIGN_STYLE = Manual;
				DEVELOPMENT_TEAM = "";
				INFOPLIST_FILE = CollectionPopView/Info.plist;
				LD_RUNPATH_SEARCH_PATHS = "$(inherited) @executable_path/Frameworks";
				PRODUCT_BUNDLE_IDENTIFIER = com.imazy.CollectionPopView;
				PRODUCT_NAME = "$(TARGET_NAME)";
				PROVISIONING_PROFILE_SPECIFIER = "";
				SWIFT_VERSION = 4.0;
				TARGETED_DEVICE_FAMILY = "1,2";
			};
			name = Debug;
		};
		21AE78F11FE27267009F9383 /* Release */ = {
			isa = XCBuildConfiguration;
			buildSettings = {
				ASSETCATALOG_COMPILER_APPICON_NAME = AppIcon;
				CODE_SIGN_STYLE = Manual;
				DEVELOPMENT_TEAM = "";
				INFOPLIST_FILE = CollectionPopView/Info.plist;
				LD_RUNPATH_SEARCH_PATHS = "$(inherited) @executable_path/Frameworks";
				PRODUCT_BUNDLE_IDENTIFIER = com.imazy.CollectionPopView;
				PRODUCT_NAME = "$(TARGET_NAME)";
				PROVISIONING_PROFILE_SPECIFIER = "";
				SWIFT_VERSION = 4.0;
				TARGETED_DEVICE_FAMILY = "1,2";
			};
			name = Release;
		};
/* End XCBuildConfiguration section */

/* Begin XCConfigurationList section */
		21AE78D81FE27267009F9383 /* Build configuration list for PBXProject "CollectionPopView" */ = {
			isa = XCConfigurationList;
			buildConfigurations = (
				21AE78ED1FE27267009F9383 /* Debug */,
				21AE78EE1FE27267009F9383 /* Release */,
			);
			defaultConfigurationIsVisible = 0;
			defaultConfigurationName = Release;
		};
		21AE78EF1FE27267009F9383 /* Build configuration list for PBXNativeTarget "CollectionPopView" */ = {
			isa = XCConfigurationList;
			buildConfigurations = (
				21AE78F01FE27267009F9383 /* Debug */,
				21AE78F11FE27267009F9383 /* Release */,
			);
			defaultConfigurationIsVisible = 0;
			defaultConfigurationName = Release;
		};
/* End XCConfigurationList section */
	};
	rootObject = 21AE78D51FE27267009F9383 /* Project object */;
}
