// !$*UTF8*$!
{
	archiveVersion = 1;
	classes = {
	};
	objectVersion = 46;
	objects = {

/* Begin PBXBuildFile section */
		21CE7FD51ECE8C6C00FB7F7C /* AppDelegate.swift in Sources */ = {isa = PBXBuildFile; fileRef = 21CE7FD41ECE8C6C00FB7F7C /* AppDelegate.swift */; };
		21CE7FD71ECE8C6C00FB7F7C /* ViewController.swift in Sources */ = {isa = PBXBuildFile; fileRef = 21CE7FD61ECE8C6C00FB7F7C /* ViewController.swift */; };
		21CE7FDA1ECE8C6C00FB7F7C /* Main.storyboard in Resources */ = {isa = PBXBuildFile; fileRef = 21CE7FD81ECE8C6C00FB7F7C /* Main.storyboard */; };
		21CE7FDC1ECE8C6C00FB7F7C /* Assets.xcassets in Resources */ = {isa = PBXBuildFile; fileRef = 21CE7FDB1ECE8C6C00FB7F7C /* Assets.xcassets */; };
		21CE7FDF1ECE8C6C00FB7F7C /* LaunchScreen.storyboard in Resources */ = {isa = PBXBuildFile; fileRef = 21CE7FDD1ECE8C6C00FB7F7C /* LaunchScreen.storyboard */; };
/* End PBXBuildFile section */

/* Begin PBXFileReference section */
		21CE7FD11ECE8C6C00FB7F7C /* StudyLeanCloudIM.app */ = {isa = PBXFileReference; explicitFileType = wrapper.application; includeInIndex = 0; path = StudyLeanCloudIM.app; sourceTree = BUILT_PRODUCTS_DIR; };
		21CE7FD41ECE8C6C00FB7F7C /* AppDelegate.swift */ = {isa = PBXFileReference; lastKnownFileType = sourcecode.swift; path = AppDelegate.swift; sourceTree = "<group>"; };
		21CE7FD61ECE8C6C00FB7F7C /* ViewController.swift */ = {isa = PBXFileReference; lastKnownFileType = sourcecode.swift; path = ViewController.swift; sourceTree = "<group>"; };
		21CE7FD91ECE8C6C00FB7F7C /* Base */ = {isa = PBXFileReference; lastKnownFileType = file.storyboard; name = Base; path = Base.lproj/Main.storyboard; sourceTree = "<group>"; };
		21CE7FDB1ECE8C6C00FB7F7C /* Assets.xcassets */ = {isa = PBXFileReference; lastKnownFileType = folder.assetcatalog; path = Assets.xcassets; sourceTree = "<group>"; };
		21CE7FDE1ECE8C6C00FB7F7C /* Base */ = {isa = PBXFileReference; lastKnownFileType = file.storyboard; name = Base; path = Base.lproj/LaunchScreen.storyboard; sourceTree = "<group>"; };
		21CE7FE01ECE8C6C00FB7F7C /* Info.plist */ = {isa = PBXFileReference; lastKnownFileType = text.plist.xml; path = Info.plist; sourceTree = "<group>"; };
/* End PBXFileReference section */

/* Begin PBXFrameworksBuildPhase section */
		21CE7FCE1ECE8C6C00FB7F7C /* Frameworks */ = {
			isa = PBXFrameworksBuildPhase;
			buildActionMask = 2147483647;
			files = (
			);
			runOnlyForDeploymentPostprocessing = 0;
		};
/* End PBXFrameworksBuildPhase section */

/* Begin PBXGroup section */
		21CE7FC81ECE8C6C00FB7F7C = {
			isa = PBXGroup;
			children = (
				21CE7FD31ECE8C6C00FB7F7C /* StudyLeanCloudIM */,
				21CE7FD21ECE8C6C00FB7F7C /* Products */,
			);
			sourceTree = "<group>";
		};
		21CE7FD21ECE8C6C00FB7F7C /* Products */ = {
			isa = PBXGroup;
			children = (
				21CE7FD11ECE8C6C00FB7F7C /* StudyLeanCloudIM.app */,
			);
			name = Products;
			sourceTree = "<group>";
		};
		21CE7FD31ECE8C6C00FB7F7C /* StudyLeanCloudIM */ = {
			isa = PBXGroup;
			children = (
				21CE7FD41ECE8C6C00FB7F7C /* AppDelegate.swift */,
				21CE7FD61ECE8C6C00FB7F7C /* ViewController.swift */,
				21CE7FD81ECE8C6C00FB7F7C /* Main.storyboard */,
				21CE7FDB1ECE8C6C00FB7F7C /* Assets.xcassets */,
				21CE7FDD1ECE8C6C00FB7F7C /* LaunchScreen.storyboard */,
				21CE7FE01ECE8C6C00FB7F7C /* Info.plist */,
			);
			path = StudyLeanCloudIM;
			sourceTree = "<group>";
		};
/* End PBXGroup section */

/* Begin PBXNativeTarget section */
		21CE7FD01ECE8C6C00FB7F7C /* StudyLeanCloudIM */ = {
			isa = PBXNativeTarget;
			buildConfigurationList = 21CE7FE31ECE8C6C00FB7F7C /* Build configuration list for PBXNativeTarget "StudyLeanCloudIM" */;
			buildPhases = (
				21CE7FCD1ECE8C6C00FB7F7C /* Sources */,
				21CE7FCE1ECE8C6C00FB7F7C /* Frameworks */,
				21CE7FCF1ECE8C6C00FB7F7C /* Resources */,
			);
			buildRules = (
			);
			dependencies = (
			);
			name = StudyLeanCloudIM;
			productName = StudyLeanCloudIM;
			productReference = 21CE7FD11ECE8C6C00FB7F7C /* StudyLeanCloudIM.app */;
			productType = "com.apple.product-type.application";
		};
/* End PBXNativeTarget section */

/* Begin PBXProject section */
		21CE7FC91ECE8C6C00FB7F7C /* Project object */ = {
			isa = PBXProject;
			attributes = {
				LastSwiftUpdateCheck = 0820;
				LastUpgradeCheck = 0820;
				ORGANIZATIONNAME = Mazy;
				TargetAttributes = {
					21CE7FD01ECE8C6C00FB7F7C = {
						CreatedOnToolsVersion = 8.2.1;
						ProvisioningStyle = Automatic;
					};
				};
			};
			buildConfigurationList = 21CE7FCC1ECE8C6C00FB7F7C /* Build configuration list for PBXProject "StudyLeanCloudIM" */;
			compatibilityVersion = "Xcode 3.2";
			developmentRegion = English;
			hasScannedForEncodings = 0;
			knownRegions = (
				en,
				Base,
			);
			mainGroup = 21CE7FC81ECE8C6C00FB7F7C;
			productRefGroup = 21CE7FD21ECE8C6C00FB7F7C /* Products */;
			projectDirPath = "";
			projectRoot = "";
			targets = (
				21CE7FD01ECE8C6C00FB7F7C /* StudyLeanCloudIM */,
			);
		};
/* End PBXProject section */

/* Begin PBXResourcesBuildPhase section */
		21CE7FCF1ECE8C6C00FB7F7C /* Resources */ = {
			isa = PBXResourcesBuildPhase;
			buildActionMask = 2147483647;
			files = (
				21CE7FDF1ECE8C6C00FB7F7C /* LaunchScreen.storyboard in Resources */,
				21CE7FDC1ECE8C6C00FB7F7C /* Assets.xcassets in Resources */,
				21CE7FDA1ECE8C6C00FB7F7C /* Main.storyboard in Resources */,
			);
			runOnlyForDeploymentPostprocessing = 0;
		};
/* End PBXResourcesBuildPhase section */

/* Begin PBXSourcesBuildPhase section */
		21CE7FCD1ECE8C6C00FB7F7C /* Sources */ = {
			isa = PBXSourcesBuildPhase;
			buildActionMask = 2147483647;
			files = (
				21CE7FD71ECE8C6C00FB7F7C /* ViewController.swift in Sources */,
				21CE7FD51ECE8C6C00FB7F7C /* AppDelegate.swift in Sources */,
			);
			runOnlyForDeploymentPostprocessing = 0;
		};
/* End PBXSourcesBuildPhase section */

/* Begin PBXVariantGroup section */
		21CE7FD81ECE8C6C00FB7F7C /* Main.storyboard */ = {
			isa = PBXVariantGroup;
			children = (
				21CE7FD91ECE8C6C00FB7F7C /* Base */,
			);
			name = Main.storyboard;
			sourceTree = "<group>";
		};
		21CE7FDD1ECE8C6C00FB7F7C /* LaunchScreen.storyboard */ = {
			isa = PBXVariantGroup;
			children = (
				21CE7FDE1ECE8C6C00FB7F7C /* Base */,
			);
			name = LaunchScreen.storyboard;
			sourceTree = "<group>";
		};
/* End PBXVariantGroup section */

/* Begin XCBuildConfiguration section */
		21CE7FE11ECE8C6C00FB7F7C /* Debug */ = {
			isa = XCBuildConfiguration;
			buildSettings = {
				ALWAYS_SEARCH_USER_PATHS = NO;
				CLANG_ANALYZER_NONNULL = YES;
				CLANG_CXX_LANGUAGE_STANDARD = "gnu++0x";
				CLANG_CXX_LIBRARY = "libc++";
				CLANG_ENABLE_MODULES = YES;
				CLANG_ENABLE_OBJC_ARC = YES;
				CLANG_WARN_BOOL_CONVERSION = YES;
				CLANG_WARN_CONSTANT_CONVERSION = YES;
				CLANG_WARN_DIRECT_OBJC_ISA_USAGE = YES_ERROR;
				CLANG_WARN_DOCUMENTATION_COMMENTS = YES;
				CLANG_WARN_EMPTY_BODY = YES;
				CLANG_WARN_ENUM_CONVERSION = YES;
				CLANG_WARN_INFINITE_RECURSION = YES;
				CLANG_WARN_INT_CONVERSION = YES;
				CLANG_WARN_OBJC_ROOT_CLASS = YES_ERROR;
				CLANG_WARN_SUSPICIOUS_MOVE = YES;
				CLANG_WARN_UNREACHABLE_CODE = YES;
				CLANG_WARN__DUPLICATE_METHOD_MATCH = YES;
				"CODE_SIGN_IDENTITY[sdk=iphoneos*]" = "iPhone Developer";
				COPY_PHASE_STRIP = NO;
				DEBUG_INFORMATION_FORMAT = dwarf;
				ENABLE_STRICT_OBJC_MSGSEND = YES;
				ENABLE_TESTABILITY = YES;
				GCC_C_LANGUAGE_STANDARD = gnu99;
				GCC_DYNAMIC_NO_PIC = NO;
				GCC_NO_COMMON_BLOCKS = YES;
				GCC_OPTIMIZATION_LEVEL = 0;
				GCC_PREPROCESSOR_DEFINITIONS = (
					"DEBUG=1",
					"$(inherited)",
				);
				GCC_WARN_64_TO_32_BIT_CONVERSION = YES;
				GCC_WARN_ABOUT_RETURN_TYPE = YES_ERROR;
				GCC_WARN_UNDECLARED_SELECTOR = YES;
				GCC_WARN_UNINITIALIZED_AUTOS = YES_AGGRESSIVE;
				GCC_WARN_UNUSED_FUNCTION = YES;
				GCC_WARN_UNUSED_VARIABLE = YES;
				IPHONEOS_DEPLOYMENT_TARGET = 10.2;
				MTL_ENABLE_DEBUG_INFO = YES;
				ONLY_ACTIVE_ARCH = YES;
				SDKROOT = iphoneos;
				SWIFT_ACTIVE_COMPILATION_CONDITIONS = DEBUG;
				SWIFT_OPTIMIZATION_LEVEL = "-Onone";
				TARGETED_DEVICE_FAMILY = "1,2";
			};
			name = Debug;
		};
		21CE7FE21ECE8C6C00FB7F7C /* Release */ = {
			isa = XCBuildConfiguration;
			buildSettings = {
				ALWAYS_SEARCH_USER_PATHS = NO;
				CLANG_ANALYZER_NONNULL = YES;
				CLANG_CXX_LANGUAGE_STANDARD = "gnu++0x";
				CLANG_CXX_LIBRARY = "libc++";
				CLANG_ENABLE_MODULES = YES;
				CLANG_ENABLE_OBJC_ARC = YES;
				CLANG_WARN_BOOL_CONVERSION = YES;
				CLANG_WARN_CONSTANT_CONVERSION = YES;
				CLANG_WARN_DIRECT_OBJC_ISA_USAGE = YES_ERROR;
				CLANG_WARN_DOCUMENTATION_COMMENTS = YES;
				CLANG_WARN_EMPTY_BODY = YES;
				CLANG_WARN_ENUM_CONVERSION = YES;
				CLANG_WARN_INFINITE_RECURSION = YES;
				CLANG_WARN_INT_CONVERSION = YES;
				CLANG_WARN_OBJC_ROOT_CLASS = YES_ERROR;
				CLANG_WARN_SUSPICIOUS_MOVE = YES;
				CLANG_WARN_UNREACHABLE_CODE = YES;
				CLANG_WARN__DUPLICATE_METHOD_MATCH = YES;
				"CODE_SIGN_IDENTITY[sdk=iphoneos*]" = "iPhone Developer";
				COPY_PHASE_STRIP = NO;
				DEBUG_INFORMATION_FORMAT = "dwarf-with-dsym";
				ENABLE_NS_ASSERTIONS = NO;
				ENABLE_STRICT_OBJC_MSGSEND = YES;
				GCC_C_LANGUAGE_STANDARD = gnu99;
				GCC_NO_COMMON_BLOCKS = YES;
				GCC_WARN_64_TO_32_BIT_CONVERSION = YES;
				GCC_WARN_ABOUT_RETURN_TYPE = YES_ERROR;
				GCC_WARN_UNDECLARED_SELECTOR = YES;
				GCC_WARN_UNINITIALIZED_AUTOS = YES_AGGRESSIVE;
				GCC_WARN_UNUSED_FUNCTION = YES;
				GCC_WARN_UNUSED_VARIABLE = YES;
				IPHONEOS_DEPLOYMENT_TARGET = 10.2;
				MTL_ENABLE_DEBUG_INFO = NO;
				SDKROOT = iphoneos;
				SWIFT_OPTIMIZATION_LEVEL = "-Owholemodule";
				TARGETED_DEVICE_FAMILY = "1,2";
				VALIDATE_PRODUCT = YES;
			};
			name = Release;
		};
		21CE7FE41ECE8C6C00FB7F7C /* Debug */ = {
			isa = XCBuildConfiguration;
			buildSettings = {
				ASSETCATALOG_COMPILER_APPICON_NAME = AppIcon;
				INFOPLIST_FILE = StudyLeanCloudIM/Info.plist;
				LD_RUNPATH_SEARCH_PATHS = "$(inherited) @executable_path/Frameworks";
				PRODUCT_BUNDLE_IDENTIFIER = Mazy.StudyLeanCloudIM;
				PRODUCT_NAME = "$(TARGET_NAME)";
				SWIFT_VERSION = 3.0;
			};
			name = Debug;
		};
		21CE7FE51ECE8C6C00FB7F7C /* Release */ = {
			isa = XCBuildConfiguration;
			buildSettings = {
				ASSETCATALOG_COMPILER_APPICON_NAME = AppIcon;
				INFOPLIST_FILE = StudyLeanCloudIM/Info.plist;
				LD_RUNPATH_SEARCH_PATHS = "$(inherited) @executable_path/Frameworks";
				PRODUCT_BUNDLE_IDENTIFIER = Mazy.StudyLeanCloudIM;
				PRODUCT_NAME = "$(TARGET_NAME)";
				SWIFT_VERSION = 3.0;
			};
			name = Release;
		};
/* End XCBuildConfiguration section */

/* Begin XCConfigurationList section */
		21CE7FCC1ECE8C6C00FB7F7C /* Build configuration list for PBXProject "StudyLeanCloudIM" */ = {
			isa = XCConfigurationList;
			buildConfigurations = (
				21CE7FE11ECE8C6C00FB7F7C /* Debug */,
				21CE7FE21ECE8C6C00FB7F7C /* Release */,
			);
			defaultConfigurationIsVisible = 0;
			defaultConfigurationName = Release;
		};
		21CE7FE31ECE8C6C00FB7F7C /* Build configuration list for PBXNativeTarget "StudyLeanCloudIM" */ = {
			isa = XCConfigurationList;
			buildConfigurations = (
				21CE7FE41ECE8C6C00FB7F7C /* Debug */,
				21CE7FE51ECE8C6C00FB7F7C /* Release */,
			);
			defaultConfigurationIsVisible = 0;
		};
/* End XCConfigurationList section */
	};
	rootObject = 21CE7FC91ECE8C6C00FB7F7C /* Project object */;
}
