// !$*UTF8*$!
{
	archiveVersion = 1;
	classes = {
	};
	objectVersion = 46;
	objects = {

/* Begin PBXBuildFile section */
		210EE6FC1F58F47500F16969 /* TopTitlesView.swift in Sources */ = {isa = PBXBuildFile; fileRef = 210EE6FB1F58F47500F16969 /* TopTitlesView.swift */; };
		210EE6FE1F58F48C00F16969 /* TitleViewProperty.swift in Sources */ = {isa = PBXBuildFile; fileRef = 210EE6FD1F58F48C00F16969 /* TitleViewProperty.swift */; };
		210EE7001F59448200F16969 /* InputToolView.swift in Sources */ = {isa = PBXBuildFile; fileRef = 210EE6FF1F59448200F16969 /* InputToolView.swift */; };
		210EE7021F5944B400F16969 /* InputToolView.xib in Resources */ = {isa = PBXBuildFile; fileRef = 210EE7011F5944B400F16969 /* InputToolView.xib */; };
		210EE7041F5947B700F16969 /* NibLoadable.swift in Sources */ = {isa = PBXBuildFile; fileRef = 210EE7031F5947B700F16969 /* NibLoadable.swift */; };
		215DAB071F57F22800053E68 /* CollectionViewHorizontalFlowLayout.swift in Sources */ = {isa = PBXBuildFile; fileRef = 215DAB061F57F22800053E68 /* CollectionViewHorizontalFlowLayout.swift */; };
		215DAB0A1F57FA9700053E68 /* QHNormalEmotionSort.plist in Resources */ = {isa = PBXBuildFile; fileRef = 215DAB081F57FA9700053E68 /* QHNormalEmotionSort.plist */; };
		215DAB0B1F57FA9700053E68 /* QHSohuGifSort.plist in Resources */ = {isa = PBXBuildFile; fileRef = 215DAB091F57FA9700053E68 /* QHSohuGifSort.plist */; };
		215DAB0E1F58055B00053E68 /* NormalEmotionCell.swift in Sources */ = {isa = PBXBuildFile; fileRef = 215DAB0C1F58055B00053E68 /* NormalEmotionCell.swift */; };
		215DAB0F1F58055B00053E68 /* NormalEmotionCell.xib in Resources */ = {isa = PBXBuildFile; fileRef = 215DAB0D1F58055B00053E68 /* NormalEmotionCell.xib */; };
		21B1AA5B1F4FF80600E33F60 /* AppDelegate.swift in Sources */ = {isa = PBXBuildFile; fileRef = 21B1AA5A1F4FF80600E33F60 /* AppDelegate.swift */; };
		21B1AA5D1F4FF80600E33F60 /* ViewController.swift in Sources */ = {isa = PBXBuildFile; fileRef = 21B1AA5C1F4FF80600E33F60 /* ViewController.swift */; };
		21B1AA601F4FF80600E33F60 /* Main.storyboard in Resources */ = {isa = PBXBuildFile; fileRef = 21B1AA5E1F4FF80600E33F60 /* Main.storyboard */; };
		21B1AA621F4FF80600E33F60 /* Assets.xcassets in Resources */ = {isa = PBXBuildFile; fileRef = 21B1AA611F4FF80600E33F60 /* Assets.xcassets */; };
		21B1AA651F4FF80600E33F60 /* LaunchScreen.storyboard in Resources */ = {isa = PBXBuildFile; fileRef = 21B1AA631F4FF80600E33F60 /* LaunchScreen.storyboard */; };
		21B1AA6E1F4FF89500E33F60 /* EmotionView.swift in Sources */ = {isa = PBXBuildFile; fileRef = 21B1AA6D1F4FF89500E33F60 /* EmotionView.swift */; };
/* End PBXBuildFile section */

/* Begin PBXFileReference section */
		210EE6FB1F58F47500F16969 /* TopTitlesView.swift */ = {isa = PBXFileReference; fileEncoding = 4; lastKnownFileType = sourcecode.swift; path = TopTitlesView.swift; sourceTree = "<group>"; };
		210EE6FD1F58F48C00F16969 /* TitleViewProperty.swift */ = {isa = PBXFileReference; fileEncoding = 4; lastKnownFileType = sourcecode.swift; path = TitleViewProperty.swift; sourceTree = "<group>"; };
		210EE6FF1F59448200F16969 /* InputToolView.swift */ = {isa = PBXFileReference; fileEncoding = 4; lastKnownFileType = sourcecode.swift; path = InputToolView.swift; sourceTree = "<group>"; };
		210EE7011F5944B400F16969 /* InputToolView.xib */ = {isa = PBXFileReference; fileEncoding = 4; lastKnownFileType = file.xib; path = InputToolView.xib; sourceTree = "<group>"; };
		210EE7031F5947B700F16969 /* NibLoadable.swift */ = {isa = PBXFileReference; fileEncoding = 4; lastKnownFileType = sourcecode.swift; path = NibLoadable.swift; sourceTree = "<group>"; };
		215DAB061F57F22800053E68 /* CollectionViewHorizontalFlowLayout.swift */ = {isa = PBXFileReference; fileEncoding = 4; lastKnownFileType = sourcecode.swift; path = CollectionViewHorizontalFlowLayout.swift; sourceTree = "<group>"; };
		215DAB081F57FA9700053E68 /* QHNormalEmotionSort.plist */ = {isa = PBXFileReference; lastKnownFileType = file.bplist; path = QHNormalEmotionSort.plist; sourceTree = "<group>"; };
		215DAB091F57FA9700053E68 /* QHSohuGifSort.plist */ = {isa = PBXFileReference; lastKnownFileType = file.bplist; path = QHSohuGifSort.plist; sourceTree = "<group>"; };
		215DAB0C1F58055B00053E68 /* NormalEmotionCell.swift */ = {isa = PBXFileReference; fileEncoding = 4; lastKnownFileType = sourcecode.swift; name = NormalEmotionCell.swift; path = EmotionKeyboardView/NormalEmotionCell.swift; sourceTree = "<group>"; };
		215DAB0D1F58055B00053E68 /* NormalEmotionCell.xib */ = {isa = PBXFileReference; fileEncoding = 4; lastKnownFileType = file.xib; name = NormalEmotionCell.xib; path = EmotionKeyboardView/NormalEmotionCell.xib; sourceTree = "<group>"; };
		21B1AA571F4FF80600E33F60 /* EmotionKeyboard.app */ = {isa = PBXFileReference; explicitFileType = wrapper.application; includeInIndex = 0; path = EmotionKeyboard.app; sourceTree = BUILT_PRODUCTS_DIR; };
		21B1AA5A1F4FF80600E33F60 /* AppDelegate.swift */ = {isa = PBXFileReference; lastKnownFileType = sourcecode.swift; path = AppDelegate.swift; sourceTree = "<group>"; };
		21B1AA5C1F4FF80600E33F60 /* ViewController.swift */ = {isa = PBXFileReference; lastKnownFileType = sourcecode.swift; path = ViewController.swift; sourceTree = "<group>"; };
		21B1AA5F1F4FF80600E33F60 /* Base */ = {isa = PBXFileReference; lastKnownFileType = file.storyboard; name = Base; path = Base.lproj/Main.storyboard; sourceTree = "<group>"; };
		21B1AA611F4FF80600E33F60 /* Assets.xcassets */ = {isa = PBXFileReference; lastKnownFileType = folder.assetcatalog; path = Assets.xcassets; sourceTree = "<group>"; };
		21B1AA641F4FF80600E33F60 /* Base */ = {isa = PBXFileReference; lastKnownFileType = file.storyboard; name = Base; path = Base.lproj/LaunchScreen.storyboard; sourceTree = "<group>"; };
		21B1AA661F4FF80600E33F60 /* Info.plist */ = {isa = PBXFileReference; lastKnownFileType = text.plist.xml; path = Info.plist; sourceTree = "<group>"; };
		21B1AA6D1F4FF89500E33F60 /* EmotionView.swift */ = {isa = PBXFileReference; fileEncoding = 4; lastKnownFileType = sourcecode.swift; path = EmotionView.swift; sourceTree = "<group>"; };
/* End PBXFileReference section */

/* Begin PBXFrameworksBuildPhase section */
		21B1AA541F4FF80600E33F60 /* Frameworks */ = {
			isa = PBXFrameworksBuildPhase;
			buildActionMask = 2147483647;
			files = (
			);
			runOnlyForDeploymentPostprocessing = 0;
		};
/* End PBXFrameworksBuildPhase section */

/* Begin PBXGroup section */
		21B1AA4E1F4FF80600E33F60 = {
			isa = PBXGroup;
			children = (
				21B1AA591F4FF80600E33F60 /* EmotionKeyboard */,
				21B1AA581F4FF80600E33F60 /* Products */,
			);
			sourceTree = "<group>";
		};
		21B1AA581F4FF80600E33F60 /* Products */ = {
			isa = PBXGroup;
			children = (
				21B1AA571F4FF80600E33F60 /* EmotionKeyboard.app */,
			);
			name = Products;
			sourceTree = "<group>";
		};
		21B1AA591F4FF80600E33F60 /* EmotionKeyboard */ = {
			isa = PBXGroup;
			children = (
				21B1AA6C1F4FF87C00E33F60 /* EmotionKeyboardView */,
				21B1AA5A1F4FF80600E33F60 /* AppDelegate.swift */,
				21B1AA5C1F4FF80600E33F60 /* ViewController.swift */,
				210EE6FF1F59448200F16969 /* InputToolView.swift */,
				210EE7011F5944B400F16969 /* InputToolView.xib */,
				210EE7031F5947B700F16969 /* NibLoadable.swift */,
				215DAB0C1F58055B00053E68 /* NormalEmotionCell.swift */,
				215DAB0D1F58055B00053E68 /* NormalEmotionCell.xib */,
				21B1AA5E1F4FF80600E33F60 /* Main.storyboard */,
				215DAB081F57FA9700053E68 /* QHNormalEmotionSort.plist */,
				215DAB091F57FA9700053E68 /* QHSohuGifSort.plist */,
				21B1AA611F4FF80600E33F60 /* Assets.xcassets */,
				21B1AA631F4FF80600E33F60 /* LaunchScreen.storyboard */,
				21B1AA661F4FF80600E33F60 /* Info.plist */,
			);
			path = EmotionKeyboard;
			sourceTree = "<group>";
		};
		21B1AA6C1F4FF87C00E33F60 /* EmotionKeyboardView */ = {
			isa = PBXGroup;
			children = (
				21B1AA6D1F4FF89500E33F60 /* EmotionView.swift */,
				210EE6FB1F58F47500F16969 /* TopTitlesView.swift */,
				210EE6FD1F58F48C00F16969 /* TitleViewProperty.swift */,
				215DAB061F57F22800053E68 /* CollectionViewHorizontalFlowLayout.swift */,
			);
			path = EmotionKeyboardView;
			sourceTree = "<group>";
		};
/* End PBXGroup section */

/* Begin PBXNativeTarget section */
		21B1AA561F4FF80600E33F60 /* EmotionKeyboard */ = {
			isa = PBXNativeTarget;
			buildConfigurationList = 21B1AA691F4FF80600E33F60 /* Build configuration list for PBXNativeTarget "EmotionKeyboard" */;
			buildPhases = (
				21B1AA531F4FF80600E33F60 /* Sources */,
				21B1AA541F4FF80600E33F60 /* Frameworks */,
				21B1AA551F4FF80600E33F60 /* Resources */,
			);
			buildRules = (
			);
			dependencies = (
			);
			name = EmotionKeyboard;
			productName = EmotionKeyboard;
			productReference = 21B1AA571F4FF80600E33F60 /* EmotionKeyboard.app */;
			productType = "com.apple.product-type.application";
		};
/* End PBXNativeTarget section */

/* Begin PBXProject section */
		21B1AA4F1F4FF80600E33F60 /* Project object */ = {
			isa = PBXProject;
			attributes = {
				LastSwiftUpdateCheck = 0830;
				LastUpgradeCheck = 0830;
				ORGANIZATIONNAME = Mazy;
				TargetAttributes = {
					21B1AA561F4FF80600E33F60 = {
						CreatedOnToolsVersion = 8.3.3;
						ProvisioningStyle = Automatic;
					};
				};
			};
			buildConfigurationList = 21B1AA521F4FF80600E33F60 /* Build configuration list for PBXProject "EmotionKeyboard" */;
			compatibilityVersion = "Xcode 3.2";
			developmentRegion = English;
			hasScannedForEncodings = 0;
			knownRegions = (
				en,
				Base,
			);
			mainGroup = 21B1AA4E1F4FF80600E33F60;
			productRefGroup = 21B1AA581F4FF80600E33F60 /* Products */;
			projectDirPath = "";
			projectRoot = "";
			targets = (
				21B1AA561F4FF80600E33F60 /* EmotionKeyboard */,
			);
		};
/* End PBXProject section */

/* Begin PBXResourcesBuildPhase section */
		21B1AA551F4FF80600E33F60 /* Resources */ = {
			isa = PBXResourcesBuildPhase;
			buildActionMask = 2147483647;
			files = (
				215DAB0A1F57FA9700053E68 /* QHNormalEmotionSort.plist in Resources */,
				210EE7021F5944B400F16969 /* InputToolView.xib in Resources */,
				21B1AA651F4FF80600E33F60 /* LaunchScreen.storyboard in Resources */,
				215DAB0F1F58055B00053E68 /* NormalEmotionCell.xib in Resources */,
				21B1AA621F4FF80600E33F60 /* Assets.xcassets in Resources */,
				21B1AA601F4FF80600E33F60 /* Main.storyboard in Resources */,
				215DAB0B1F57FA9700053E68 /* QHSohuGifSort.plist in Resources */,
			);
			runOnlyForDeploymentPostprocessing = 0;
		};
/* End PBXResourcesBuildPhase section */

/* Begin PBXSourcesBuildPhase section */
		21B1AA531F4FF80600E33F60 /* Sources */ = {
			isa = PBXSourcesBuildPhase;
			buildActionMask = 2147483647;
			files = (
				21B1AA6E1F4FF89500E33F60 /* EmotionView.swift in Sources */,
				21B1AA5D1F4FF80600E33F60 /* ViewController.swift in Sources */,
				215DAB0E1F58055B00053E68 /* NormalEmotionCell.swift in Sources */,
				210EE7041F5947B700F16969 /* NibLoadable.swift in Sources */,
				215DAB071F57F22800053E68 /* CollectionViewHorizontalFlowLayout.swift in Sources */,
				210EE6FE1F58F48C00F16969 /* TitleViewProperty.swift in Sources */,
				21B1AA5B1F4FF80600E33F60 /* AppDelegate.swift in Sources */,
				210EE6FC1F58F47500F16969 /* TopTitlesView.swift in Sources */,
				210EE7001F59448200F16969 /* InputToolView.swift in Sources */,
			);
			runOnlyForDeploymentPostprocessing = 0;
		};
/* End PBXSourcesBuildPhase section */

/* Begin PBXVariantGroup section */
		21B1AA5E1F4FF80600E33F60 /* Main.storyboard */ = {
			isa = PBXVariantGroup;
			children = (
				21B1AA5F1F4FF80600E33F60 /* Base */,
			);
			name = Main.storyboard;
			sourceTree = "<group>";
		};
		21B1AA631F4FF80600E33F60 /* LaunchScreen.storyboard */ = {
			isa = PBXVariantGroup;
			children = (
				21B1AA641F4FF80600E33F60 /* Base */,
			);
			name = LaunchScreen.storyboard;
			sourceTree = "<group>";
		};
/* End PBXVariantGroup section */

/* Begin XCBuildConfiguration section */
		21B1AA671F4FF80600E33F60 /* Debug */ = {
			isa = XCBuildConfiguration;
			buildSettings = {
				ALWAYS_SEARCH_USER_PATHS = NO;
				CLANG_ANALYZER_NONNULL = YES;
				CLANG_ANALYZER_NUMBER_OBJECT_CONVERSION = YES_AGGRESSIVE;
				CLANG_CXX_LANGUAGE_STANDARD = "gnu++0x";
				CLANG_CXX_LIBRARY = "libc++";
				CLANG_ENABLE_MODULES = YES;
				CLANG_ENABLE_OBJC_ARC = YES;
				CLANG_WARN_BOOL_CONVERSION = YES;
				CLANG_WARN_CONSTANT_CONVERSION = YES;
				CLANG_WARN_DIRECT_OBJC_ISA_USAGE = YES_ERROR;
				CLANG_WARN_DOCUMENTATION_COMMENTS = YES;
				CLANG_WARN_EMPTY_BODY = YES;
				CLANG_WARN_ENUM_CONVERSION = YES;
				CLANG_WARN_INFINITE_RECURSION = YES;
				CLANG_WARN_INT_CONVERSION = YES;
				CLANG_WARN_OBJC_ROOT_CLASS = YES_ERROR;
				CLANG_WARN_SUSPICIOUS_MOVE = YES;
				CLANG_WARN_UNREACHABLE_CODE = YES;
				CLANG_WARN__DUPLICATE_METHOD_MATCH = YES;
				"CODE_SIGN_IDENTITY[sdk=iphoneos*]" = "iPhone Developer";
				COPY_PHASE_STRIP = NO;
				DEBUG_INFORMATION_FORMAT = dwarf;
				ENABLE_STRICT_OBJC_MSGSEND = YES;
				ENABLE_TESTABILITY = YES;
				GCC_C_LANGUAGE_STANDARD = gnu99;
				GCC_DYNAMIC_NO_PIC = NO;
				GCC_NO_COMMON_BLOCKS = YES;
				GCC_OPTIMIZATION_LEVEL = 0;
				GCC_PREPROCESSOR_DEFINITIONS = (
					"DEBUG=1",
					"$(inherited)",
				);
				GCC_WARN_64_TO_32_BIT_CONVERSION = YES;
				GCC_WARN_ABOUT_RETURN_TYPE = YES_ERROR;
				GCC_WARN_UNDECLARED_SELECTOR = YES;
				GCC_WARN_UNINITIALIZED_AUTOS = YES_AGGRESSIVE;
				GCC_WARN_UNUSED_FUNCTION = YES;
				GCC_WARN_UNUSED_VARIABLE = YES;
				IPHONEOS_DEPLOYMENT_TARGET = 10.3;
				MTL_ENABLE_DEBUG_INFO = YES;
				ONLY_ACTIVE_ARCH = YES;
				SDKROOT = iphoneos;
				SWIFT_ACTIVE_COMPILATION_CONDITIONS = DEBUG;
				SWIFT_OPTIMIZATION_LEVEL = "-Onone";
				TARGETED_DEVICE_FAMILY = "1,2";
			};
			name = Debug;
		};
		21B1AA681F4FF80600E33F60 /* Release */ = {
			isa = XCBuildConfiguration;
			buildSettings = {
				ALWAYS_SEARCH_USER_PATHS = NO;
				CLANG_ANALYZER_NONNULL = YES;
				CLANG_ANALYZER_NUMBER_OBJECT_CONVERSION = YES_AGGRESSIVE;
				CLANG_CXX_LANGUAGE_STANDARD = "gnu++0x";
				CLANG_CXX_LIBRARY = "libc++";
				CLANG_ENABLE_MODULES = YES;
				CLANG_ENABLE_OBJC_ARC = YES;
				CLANG_WARN_BOOL_CONVERSION = YES;
				CLANG_WARN_CONSTANT_CONVERSION = YES;
				CLANG_WARN_DIRECT_OBJC_ISA_USAGE = YES_ERROR;
				CLANG_WARN_DOCUMENTATION_COMMENTS = YES;
				CLANG_WARN_EMPTY_BODY = YES;
				CLANG_WARN_ENUM_CONVERSION = YES;
				CLANG_WARN_INFINITE_RECURSION = YES;
				CLANG_WARN_INT_CONVERSION = YES;
				CLANG_WARN_OBJC_ROOT_CLASS = YES_ERROR;
				CLANG_WARN_SUSPICIOUS_MOVE = YES;
				CLANG_WARN_UNREACHABLE_CODE = YES;
				CLANG_WARN__DUPLICATE_METHOD_MATCH = YES;
				"CODE_SIGN_IDENTITY[sdk=iphoneos*]" = "iPhone Developer";
				COPY_PHASE_STRIP = NO;
				DEBUG_INFORMATION_FORMAT = "dwarf-with-dsym";
				ENABLE_NS_ASSERTIONS = NO;
				ENABLE_STRICT_OBJC_MSGSEND = YES;
				GCC_C_LANGUAGE_STANDARD = gnu99;
				GCC_NO_COMMON_BLOCKS = YES;
				GCC_WARN_64_TO_32_BIT_CONVERSION = YES;
				GCC_WARN_ABOUT_RETURN_TYPE = YES_ERROR;
				GCC_WARN_UNDECLARED_SELECTOR = YES;
				GCC_WARN_UNINITIALIZED_AUTOS = YES_AGGRESSIVE;
				GCC_WARN_UNUSED_FUNCTION = YES;
				GCC_WARN_UNUSED_VARIABLE = YES;
				IPHONEOS_DEPLOYMENT_TARGET = 10.3;
				MTL_ENABLE_DEBUG_INFO = NO;
				SDKROOT = iphoneos;
				SWIFT_OPTIMIZATION_LEVEL = "-Owholemodule";
				TARGETED_DEVICE_FAMILY = "1,2";
				VALIDATE_PRODUCT = YES;
			};
			name = Release;
		};
		21B1AA6A1F4FF80600E33F60 /* Debug */ = {
			isa = XCBuildConfiguration;
			buildSettings = {
				ASSETCATALOG_COMPILER_APPICON_NAME = AppIcon;
				INFOPLIST_FILE = EmotionKeyboard/Info.plist;
				LD_RUNPATH_SEARCH_PATHS = "$(inherited) @executable_path/Frameworks";
				PRODUCT_BUNDLE_IDENTIFIER = Mazy.EmotionKeyboard;
				PRODUCT_NAME = "$(TARGET_NAME)";
				SWIFT_VERSION = 3.0;
			};
			name = Debug;
		};
		21B1AA6B1F4FF80600E33F60 /* Release */ = {
			isa = XCBuildConfiguration;
			buildSettings = {
				ASSETCATALOG_COMPILER_APPICON_NAME = AppIcon;
				INFOPLIST_FILE = EmotionKeyboard/Info.plist;
				LD_RUNPATH_SEARCH_PATHS = "$(inherited) @executable_path/Frameworks";
				PRODUCT_BUNDLE_IDENTIFIER = Mazy.EmotionKeyboard;
				PRODUCT_NAME = "$(TARGET_NAME)";
				SWIFT_VERSION = 3.0;
			};
			name = Release;
		};
/* End XCBuildConfiguration section */

/* Begin XCConfigurationList section */
		21B1AA521F4FF80600E33F60 /* Build configuration list for PBXProject "EmotionKeyboard" */ = {
			isa = XCConfigurationList;
			buildConfigurations = (
				21B1AA671F4FF80600E33F60 /* Debug */,
				21B1AA681F4FF80600E33F60 /* Release */,
			);
			defaultConfigurationIsVisible = 0;
			defaultConfigurationName = Release;
		};
		21B1AA691F4FF80600E33F60 /* Build configuration list for PBXNativeTarget "EmotionKeyboard" */ = {
			isa = XCConfigurationList;
			buildConfigurations = (
				21B1AA6A1F4FF80600E33F60 /* Debug */,
				21B1AA6B1F4FF80600E33F60 /* Release */,
			);
			defaultConfigurationIsVisible = 0;
			defaultConfigurationName = Release;
		};
/* End XCConfigurationList section */
	};
	rootObject = 21B1AA4F1F4FF80600E33F60 /* Project object */;
}
