PODS:
  - AVOSCloud (4.7.0)
  - AVOSCloudIM (4.7.0):
    - AVOSCloud (= 4.7.0)
    - AVOSCloudIM/_ARC (= 4.7.0)
    - AVOSCloudIM/_NOARC (= 4.7.0)
  - AVOSCloudIM/_ARC (4.7.0):
    - AVOSCloud (= 4.7.0)
    - AVOSCloudIM/_NOARC (= 4.7.0)
  - AVOSCloudIM/_NOARC (4.7.0):
    - AVOSCloud (= 4.7.0)

DEPENDENCIES:
  - AVOSCloud
  - AVOSCloudIM

SPEC CHECKSUMS:
  AVOSCloud: 17338cfe698a4bda68c60b857519153863c4b3b7
  AVOSCloudIM: e57ef1196b60aedb5e976a92349fa144f3362624

PODFILE CHECKSUM: 1d6dfbe3dcc2e330016b58f3d334f37a44c1215a

COCOAPODS: 1.2.1
